// !$*UTF8*$!
{
	archiveVersion = 1;
	classes = {
	};
	objectVersion = 46;
	objects = {

/* Begin PBXAggregateTarget section */
		D74E625F1875A90800D8FA13 /* all */ = {
			isa = PBXAggregateTarget;
			buildConfigurationList = D74E62601875A90800D8FA13 /* Build configuration list for PBXAggregateTarget "all" */;
			buildPhases = (
			);
			dependencies = (
				D7330E0618867C2E004A6199 /* PBXTargetDependency */,
				D769DE261879A08300AED3D6 /* PBXTargetDependency */,
				D709B977187890F900D5A0B4 /* PBXTargetDependency */,
				D74E62E41875ABD400D8FA13 /* PBXTargetDependency */,
				D74E62641875A91100D8FA13 /* PBXTargetDependency */,
			);
			name = all;
			productName = all;
		};
/* End PBXAggregateTarget section */

/* Begin PBXBuildFile section */
		D709B95418787D6700D5A0B4 /* CoreFoundation.framework in Frameworks */ = {isa = PBXBuildFile; fileRef = D74E62491875A7A400D8FA13 /* CoreFoundation.framework */; };
		D709B96718787DBE00D5A0B4 /* exrReader.cpp in Sources */ = {isa = PBXBuildFile; fileRef = D709B96518787DBE00D5A0B4 /* exrReader.cpp */; };
		D709B96818787DBE00D5A0B4 /* exrReader.h in Headers */ = {isa = PBXBuildFile; fileRef = D709B96618787DBE00D5A0B4 /* exrReader.h */; };
		D709B96A18787E4C00D5A0B4 /* GenericReader.cpp in Sources */ = {isa = PBXBuildFile; fileRef = D74E62BC1875AB2000D8FA13 /* GenericReader.cpp */; };
		D709B96B18787E4C00D5A0B4 /* Lut.cpp in Sources */ = {isa = PBXBuildFile; fileRef = D74E62C01875AB2000D8FA13 /* Lut.cpp */; };
		D709B96C18787E4C00D5A0B4 /* ofxsCore.cpp in Sources */ = {isa = PBXBuildFile; fileRef = D74E62A81875AB0800D8FA13 /* ofxsCore.cpp */; };
		D709B96E18787E4C00D5A0B4 /* ofxsImageEffect.cpp in Sources */ = {isa = PBXBuildFile; fileRef = D74E62AA1875AB0800D8FA13 /* ofxsImageEffect.cpp */; };
		D709B96F18787E4C00D5A0B4 /* ofxsInteract.cpp in Sources */ = {isa = PBXBuildFile; fileRef = D74E62AB1875AB0800D8FA13 /* ofxsInteract.cpp */; };
		D709B97018787E4C00D5A0B4 /* ofxsLog.cpp in Sources */ = {isa = PBXBuildFile; fileRef = D74E62AC1875AB0800D8FA13 /* ofxsLog.cpp */; };
		D709B97118787E4C00D5A0B4 /* ofxsMultiThread.cpp in Sources */ = {isa = PBXBuildFile; fileRef = D74E62AD1875AB0800D8FA13 /* ofxsMultiThread.cpp */; };
		D709B97218787E4C00D5A0B4 /* ofxsParams.cpp in Sources */ = {isa = PBXBuildFile; fileRef = D74E62AE1875AB0800D8FA13 /* ofxsParams.cpp */; };
		D709B97318787E4C00D5A0B4 /* ofxsProperty.cpp in Sources */ = {isa = PBXBuildFile; fileRef = D74E62AF1875AB0800D8FA13 /* ofxsProperty.cpp */; };
		D709B97418787E4C00D5A0B4 /* ofxsPropertyValidation.cpp in Sources */ = {isa = PBXBuildFile; fileRef = D74E62B01875AB0800D8FA13 /* ofxsPropertyValidation.cpp */; };
		D709B9781878917300D5A0B4 /* Lut.h in Headers */ = {isa = PBXBuildFile; fileRef = D74E62C11875AB2000D8FA13 /* Lut.h */; };
		D709B9791878917700D5A0B4 /* GenericReader.h in Headers */ = {isa = PBXBuildFile; fileRef = D74E62BD1875AB2000D8FA13 /* GenericReader.h */; };
		D709B97A1878918400D5A0B4 /* ofxCore.h in Headers */ = {isa = PBXBuildFile; fileRef = D74E62721875AAB500D8FA13 /* ofxCore.h */; };
		D709B97B1878918400D5A0B4 /* ofxDialog.h in Headers */ = {isa = PBXBuildFile; fileRef = D74E62731875AAB500D8FA13 /* ofxDialog.h */; };
		D709B97C1878918400D5A0B4 /* ofxImageEffect.h in Headers */ = {isa = PBXBuildFile; fileRef = D74E62741875AAB500D8FA13 /* ofxImageEffect.h */; };
		D709B97D1878918400D5A0B4 /* ofxInteract.h in Headers */ = {isa = PBXBuildFile; fileRef = D74E62751875AAB500D8FA13 /* ofxInteract.h */; };
		D709B97E1878918400D5A0B4 /* ofxKeySyms.h in Headers */ = {isa = PBXBuildFile; fileRef = D74E62761875AAB500D8FA13 /* ofxKeySyms.h */; };
		D709B97F1878918400D5A0B4 /* ofxMemory.h in Headers */ = {isa = PBXBuildFile; fileRef = D74E62771875AAB500D8FA13 /* ofxMemory.h */; };
		D709B9801878918400D5A0B4 /* ofxMessage.h in Headers */ = {isa = PBXBuildFile; fileRef = D74E62781875AAB500D8FA13 /* ofxMessage.h */; };
		D709B9811878918400D5A0B4 /* ofxMultiThread.h in Headers */ = {isa = PBXBuildFile; fileRef = D74E62791875AAB500D8FA13 /* ofxMultiThread.h */; };
		D709B9821878918400D5A0B4 /* ofxOpenGLRender.h in Headers */ = {isa = PBXBuildFile; fileRef = D74E627A1875AAB500D8FA13 /* ofxOpenGLRender.h */; };
		D709B9831878918400D5A0B4 /* ofxParam.h in Headers */ = {isa = PBXBuildFile; fileRef = D74E627B1875AAB500D8FA13 /* ofxParam.h */; };
		D709B9841878918400D5A0B4 /* ofxParametricParam.h in Headers */ = {isa = PBXBuildFile; fileRef = D74E627C1875AAB500D8FA13 /* ofxParametricParam.h */; };
		D709B9851878918400D5A0B4 /* ofxPixels.h in Headers */ = {isa = PBXBuildFile; fileRef = D74E627D1875AAB500D8FA13 /* ofxPixels.h */; };
		D709B9861878918400D5A0B4 /* ofxProgress.h in Headers */ = {isa = PBXBuildFile; fileRef = D74E627E1875AAB500D8FA13 /* ofxProgress.h */; };
		D709B9871878918400D5A0B4 /* ofxProperty.h in Headers */ = {isa = PBXBuildFile; fileRef = D74E627F1875AAB500D8FA13 /* ofxProperty.h */; };
		D709B9881878918400D5A0B4 /* ofxSonyVegas.h in Headers */ = {isa = PBXBuildFile; fileRef = D74E62801875AAB500D8FA13 /* ofxSonyVegas.h */; };
		D709B9891878918400D5A0B4 /* ofxTimeLine.h in Headers */ = {isa = PBXBuildFile; fileRef = D74E62811875AAB500D8FA13 /* ofxTimeLine.h */; };
		D7330DD218867B35004A6199 /* CoreFoundation.framework in Frameworks */ = {isa = PBXBuildFile; fileRef = D74E62491875A7A400D8FA13 /* CoreFoundation.framework */; };
		D7330DE518867BCD004A6199 /* oiioReader.cpp in Sources */ = {isa = PBXBuildFile; fileRef = D7330DE318867BCD004A6199 /* oiioReader.cpp */; };
		D7330DE618867BCD004A6199 /* oiioReader.h in Headers */ = {isa = PBXBuildFile; fileRef = D7330DE418867BCD004A6199 /* oiioReader.h */; };
		D7330DE718867C06004A6199 /* GenericReader.cpp in Sources */ = {isa = PBXBuildFile; fileRef = D74E62BC1875AB2000D8FA13 /* GenericReader.cpp */; };
		D7330DE818867C06004A6199 /* Lut.cpp in Sources */ = {isa = PBXBuildFile; fileRef = D74E62C01875AB2000D8FA13 /* Lut.cpp */; };
		D7330DE918867C06004A6199 /* ofxsCore.cpp in Sources */ = {isa = PBXBuildFile; fileRef = D74E62A81875AB0800D8FA13 /* ofxsCore.cpp */; };
		D7330DEA18867C06004A6199 /* ofxsHWNDInteract.cpp in Sources */ = {isa = PBXBuildFile; fileRef = D74E62A91875AB0800D8FA13 /* ofxsHWNDInteract.cpp */; };
		D7330DEB18867C06004A6199 /* ofxsImageEffect.cpp in Sources */ = {isa = PBXBuildFile; fileRef = D74E62AA1875AB0800D8FA13 /* ofxsImageEffect.cpp */; };
		D7330DEC18867C06004A6199 /* ofxsInteract.cpp in Sources */ = {isa = PBXBuildFile; fileRef = D74E62AB1875AB0800D8FA13 /* ofxsInteract.cpp */; };
		D7330DED18867C06004A6199 /* ofxsLog.cpp in Sources */ = {isa = PBXBuildFile; fileRef = D74E62AC1875AB0800D8FA13 /* ofxsLog.cpp */; };
		D7330DEE18867C06004A6199 /* ofxsMultiThread.cpp in Sources */ = {isa = PBXBuildFile; fileRef = D74E62AD1875AB0800D8FA13 /* ofxsMultiThread.cpp */; };
		D7330DEF18867C06004A6199 /* ofxsParams.cpp in Sources */ = {isa = PBXBuildFile; fileRef = D74E62AE1875AB0800D8FA13 /* ofxsParams.cpp */; };
		D7330DF018867C06004A6199 /* ofxsProperty.cpp in Sources */ = {isa = PBXBuildFile; fileRef = D74E62AF1875AB0800D8FA13 /* ofxsProperty.cpp */; };
		D7330DF118867C06004A6199 /* ofxsPropertyValidation.cpp in Sources */ = {isa = PBXBuildFile; fileRef = D74E62B01875AB0800D8FA13 /* ofxsPropertyValidation.cpp */; };
		D7330DF218867C06004A6199 /* ofxsSupportPrivate.h in Sources */ = {isa = PBXBuildFile; fileRef = D74E62B11875AB0800D8FA13 /* ofxsSupportPrivate.h */; };
		D7330DF318867C1E004A6199 /* GenericReader.h in Headers */ = {isa = PBXBuildFile; fileRef = D74E62BD1875AB2000D8FA13 /* GenericReader.h */; };
		D7330DF418867C1E004A6199 /* Lut.h in Headers */ = {isa = PBXBuildFile; fileRef = D74E62C11875AB2000D8FA13 /* Lut.h */; };
		D7330DF518867C1E004A6199 /* ofxCore.h in Headers */ = {isa = PBXBuildFile; fileRef = D74E62721875AAB500D8FA13 /* ofxCore.h */; };
		D7330DF618867C1E004A6199 /* ofxDialog.h in Headers */ = {isa = PBXBuildFile; fileRef = D74E62731875AAB500D8FA13 /* ofxDialog.h */; };
		D7330DF718867C1E004A6199 /* ofxImageEffect.h in Headers */ = {isa = PBXBuildFile; fileRef = D74E62741875AAB500D8FA13 /* ofxImageEffect.h */; };
		D7330DF818867C1E004A6199 /* ofxInteract.h in Headers */ = {isa = PBXBuildFile; fileRef = D74E62751875AAB500D8FA13 /* ofxInteract.h */; };
		D7330DF918867C1E004A6199 /* ofxKeySyms.h in Headers */ = {isa = PBXBuildFile; fileRef = D74E62761875AAB500D8FA13 /* ofxKeySyms.h */; };
		D7330DFA18867C1E004A6199 /* ofxMemory.h in Headers */ = {isa = PBXBuildFile; fileRef = D74E62771875AAB500D8FA13 /* ofxMemory.h */; };
		D7330DFB18867C1E004A6199 /* ofxMessage.h in Headers */ = {isa = PBXBuildFile; fileRef = D74E62781875AAB500D8FA13 /* ofxMessage.h */; };
		D7330DFC18867C1E004A6199 /* ofxMultiThread.h in Headers */ = {isa = PBXBuildFile; fileRef = D74E62791875AAB500D8FA13 /* ofxMultiThread.h */; };
		D7330DFD18867C1E004A6199 /* ofxOpenGLRender.h in Headers */ = {isa = PBXBuildFile; fileRef = D74E627A1875AAB500D8FA13 /* ofxOpenGLRender.h */; };
		D7330DFE18867C1E004A6199 /* ofxParam.h in Headers */ = {isa = PBXBuildFile; fileRef = D74E627B1875AAB500D8FA13 /* ofxParam.h */; };
		D7330DFF18867C1E004A6199 /* ofxParametricParam.h in Headers */ = {isa = PBXBuildFile; fileRef = D74E627C1875AAB500D8FA13 /* ofxParametricParam.h */; };
		D7330E0018867C1E004A6199 /* ofxPixels.h in Headers */ = {isa = PBXBuildFile; fileRef = D74E627D1875AAB500D8FA13 /* ofxPixels.h */; };
		D7330E0118867C1E004A6199 /* ofxProgress.h in Headers */ = {isa = PBXBuildFile; fileRef = D74E627E1875AAB500D8FA13 /* ofxProgress.h */; };
		D7330E0218867C1E004A6199 /* ofxProperty.h in Headers */ = {isa = PBXBuildFile; fileRef = D74E627F1875AAB500D8FA13 /* ofxProperty.h */; };
		D7330E0318867C1E004A6199 /* ofxSonyVegas.h in Headers */ = {isa = PBXBuildFile; fileRef = D74E62801875AAB500D8FA13 /* ofxSonyVegas.h */; };
		D7330E0418867C1E004A6199 /* ofxTimeLine.h in Headers */ = {isa = PBXBuildFile; fileRef = D74E62811875AAB500D8FA13 /* ofxTimeLine.h */; };
		D74E624A1875A7A400D8FA13 /* CoreFoundation.framework in Frameworks */ = {isa = PBXBuildFile; fileRef = D74E62491875A7A400D8FA13 /* CoreFoundation.framework */; };
		D74E626B1875A9C800D8FA13 /* FfmpegHandler.cpp in Sources */ = {isa = PBXBuildFile; fileRef = D74E62651875A9C800D8FA13 /* FfmpegHandler.cpp */; };
		D74E626C1875A9C800D8FA13 /* FfmpegHandler.h in Headers */ = {isa = PBXBuildFile; fileRef = D74E62661875A9C800D8FA13 /* FfmpegHandler.h */; };
		D74E626D1875A9C800D8FA13 /* ffmpegReader.cpp in Sources */ = {isa = PBXBuildFile; fileRef = D74E62671875A9C800D8FA13 /* ffmpegReader.cpp */; };
		D74E626E1875A9C800D8FA13 /* ffmpegReader.h in Headers */ = {isa = PBXBuildFile; fileRef = D74E62681875A9C800D8FA13 /* ffmpegReader.h */; };
		D74E62821875AAB500D8FA13 /* IOExtensions.h in Headers */ = {isa = PBXBuildFile; fileRef = D74E62711875AAB500D8FA13 /* IOExtensions.h */; };
		D74E62831875AAB500D8FA13 /* ofxCore.h in Headers */ = {isa = PBXBuildFile; fileRef = D74E62721875AAB500D8FA13 /* ofxCore.h */; };
		D74E62841875AAB500D8FA13 /* ofxDialog.h in Headers */ = {isa = PBXBuildFile; fileRef = D74E62731875AAB500D8FA13 /* ofxDialog.h */; };
		D74E62851875AAB500D8FA13 /* ofxImageEffect.h in Headers */ = {isa = PBXBuildFile; fileRef = D74E62741875AAB500D8FA13 /* ofxImageEffect.h */; };
		D74E62861875AAB500D8FA13 /* ofxInteract.h in Headers */ = {isa = PBXBuildFile; fileRef = D74E62751875AAB500D8FA13 /* ofxInteract.h */; };
		D74E62871875AAB500D8FA13 /* ofxKeySyms.h in Headers */ = {isa = PBXBuildFile; fileRef = D74E62761875AAB500D8FA13 /* ofxKeySyms.h */; };
		D74E62881875AAB500D8FA13 /* ofxMemory.h in Headers */ = {isa = PBXBuildFile; fileRef = D74E62771875AAB500D8FA13 /* ofxMemory.h */; };
		D74E62891875AAB500D8FA13 /* ofxMessage.h in Headers */ = {isa = PBXBuildFile; fileRef = D74E62781875AAB500D8FA13 /* ofxMessage.h */; };
		D74E628A1875AAB500D8FA13 /* ofxMultiThread.h in Headers */ = {isa = PBXBuildFile; fileRef = D74E62791875AAB500D8FA13 /* ofxMultiThread.h */; };
		D74E628B1875AAB500D8FA13 /* ofxOpenGLRender.h in Headers */ = {isa = PBXBuildFile; fileRef = D74E627A1875AAB500D8FA13 /* ofxOpenGLRender.h */; };
		D74E628C1875AAB500D8FA13 /* ofxParam.h in Headers */ = {isa = PBXBuildFile; fileRef = D74E627B1875AAB500D8FA13 /* ofxParam.h */; };
		D74E628D1875AAB500D8FA13 /* ofxParametricParam.h in Headers */ = {isa = PBXBuildFile; fileRef = D74E627C1875AAB500D8FA13 /* ofxParametricParam.h */; };
		D74E628E1875AAB500D8FA13 /* ofxPixels.h in Headers */ = {isa = PBXBuildFile; fileRef = D74E627D1875AAB500D8FA13 /* ofxPixels.h */; };
		D74E628F1875AAB500D8FA13 /* ofxProgress.h in Headers */ = {isa = PBXBuildFile; fileRef = D74E627E1875AAB500D8FA13 /* ofxProgress.h */; };
		D74E62901875AAB500D8FA13 /* ofxProperty.h in Headers */ = {isa = PBXBuildFile; fileRef = D74E627F1875AAB500D8FA13 /* ofxProperty.h */; };
		D74E62911875AAB500D8FA13 /* ofxSonyVegas.h in Headers */ = {isa = PBXBuildFile; fileRef = D74E62801875AAB500D8FA13 /* ofxSonyVegas.h */; };
		D74E62921875AAB500D8FA13 /* ofxTimeLine.h in Headers */ = {isa = PBXBuildFile; fileRef = D74E62811875AAB500D8FA13 /* ofxTimeLine.h */; };
		D74E629D1875AAE100D8FA13 /* ofxsCore.h in Headers */ = {isa = PBXBuildFile; fileRef = D74E62941875AAE100D8FA13 /* ofxsCore.h */; };
		D74E629E1875AAE100D8FA13 /* ofxsHWNDInteract.h in Headers */ = {isa = PBXBuildFile; fileRef = D74E62951875AAE100D8FA13 /* ofxsHWNDInteract.h */; };
		D74E629F1875AAE100D8FA13 /* ofxsImageEffect.h in Headers */ = {isa = PBXBuildFile; fileRef = D74E62961875AAE100D8FA13 /* ofxsImageEffect.h */; };
		D74E62A01875AAE100D8FA13 /* ofxsInteract.h in Headers */ = {isa = PBXBuildFile; fileRef = D74E62971875AAE100D8FA13 /* ofxsInteract.h */; };
		D74E62A11875AAE100D8FA13 /* ofxsLog.h in Headers */ = {isa = PBXBuildFile; fileRef = D74E62981875AAE100D8FA13 /* ofxsLog.h */; };
		D74E62A21875AAE100D8FA13 /* ofxsMemory.h in Headers */ = {isa = PBXBuildFile; fileRef = D74E62991875AAE100D8FA13 /* ofxsMemory.h */; };
		D74E62A31875AAE100D8FA13 /* ofxsMessage.h in Headers */ = {isa = PBXBuildFile; fileRef = D74E629A1875AAE100D8FA13 /* ofxsMessage.h */; };
		D74E62A41875AAE100D8FA13 /* ofxsMultiThread.h in Headers */ = {isa = PBXBuildFile; fileRef = D74E629B1875AAE100D8FA13 /* ofxsMultiThread.h */; };
		D74E62A51875AAE100D8FA13 /* ofxsParam.h in Headers */ = {isa = PBXBuildFile; fileRef = D74E629C1875AAE100D8FA13 /* ofxsParam.h */; };
		D74E62B21875AB0800D8FA13 /* ofxsCore.cpp in Sources */ = {isa = PBXBuildFile; fileRef = D74E62A81875AB0800D8FA13 /* ofxsCore.cpp */; };
		D74E62B41875AB0800D8FA13 /* ofxsImageEffect.cpp in Sources */ = {isa = PBXBuildFile; fileRef = D74E62AA1875AB0800D8FA13 /* ofxsImageEffect.cpp */; };
		D74E62B51875AB0800D8FA13 /* ofxsInteract.cpp in Sources */ = {isa = PBXBuildFile; fileRef = D74E62AB1875AB0800D8FA13 /* ofxsInteract.cpp */; };
		D74E62B61875AB0800D8FA13 /* ofxsLog.cpp in Sources */ = {isa = PBXBuildFile; fileRef = D74E62AC1875AB0800D8FA13 /* ofxsLog.cpp */; };
		D74E62B71875AB0800D8FA13 /* ofxsMultiThread.cpp in Sources */ = {isa = PBXBuildFile; fileRef = D74E62AD1875AB0800D8FA13 /* ofxsMultiThread.cpp */; };
		D74E62B81875AB0800D8FA13 /* ofxsParams.cpp in Sources */ = {isa = PBXBuildFile; fileRef = D74E62AE1875AB0800D8FA13 /* ofxsParams.cpp */; };
		D74E62B91875AB0800D8FA13 /* ofxsProperty.cpp in Sources */ = {isa = PBXBuildFile; fileRef = D74E62AF1875AB0800D8FA13 /* ofxsProperty.cpp */; };
		D74E62BA1875AB0800D8FA13 /* ofxsPropertyValidation.cpp in Sources */ = {isa = PBXBuildFile; fileRef = D74E62B01875AB0800D8FA13 /* ofxsPropertyValidation.cpp */; };
		D74E62BB1875AB0800D8FA13 /* ofxsSupportPrivate.h in Headers */ = {isa = PBXBuildFile; fileRef = D74E62B11875AB0800D8FA13 /* ofxsSupportPrivate.h */; };
		D74E62C21875AB2000D8FA13 /* GenericReader.cpp in Sources */ = {isa = PBXBuildFile; fileRef = D74E62BC1875AB2000D8FA13 /* GenericReader.cpp */; };
		D74E62C31875AB2000D8FA13 /* GenericReader.h in Headers */ = {isa = PBXBuildFile; fileRef = D74E62BD1875AB2000D8FA13 /* GenericReader.h */; };
		D74E62C51875AB2000D8FA13 /* GenericWriter.h in Headers */ = {isa = PBXBuildFile; fileRef = D74E62BF1875AB2000D8FA13 /* GenericWriter.h */; };
		D74E62C61875AB2000D8FA13 /* Lut.cpp in Sources */ = {isa = PBXBuildFile; fileRef = D74E62C01875AB2000D8FA13 /* Lut.cpp */; };
		D74E62C71875AB2000D8FA13 /* Lut.h in Headers */ = {isa = PBXBuildFile; fileRef = D74E62C11875AB2000D8FA13 /* Lut.h */; };
		D74E62CD1875AB4600D8FA13 /* CoreFoundation.framework in Frameworks */ = {isa = PBXBuildFile; fileRef = D74E62491875A7A400D8FA13 /* CoreFoundation.framework */; };
		D74E62E11875ABCB00D8FA13 /* ffmpegWriter.cpp in Sources */ = {isa = PBXBuildFile; fileRef = D74E62DE1875ABCB00D8FA13 /* ffmpegWriter.cpp */; };
		D74E62E21875ABCB00D8FA13 /* ffmpegWriter.h in Headers */ = {isa = PBXBuildFile; fileRef = D74E62DF1875ABCB00D8FA13 /* ffmpegWriter.h */; };
		D74E62E51875ABE400D8FA13 /* GenericWriter.cpp in Sources */ = {isa = PBXBuildFile; fileRef = D74E62BE1875AB2000D8FA13 /* GenericWriter.cpp */; };
		D74E62E61875ABE400D8FA13 /* Lut.cpp in Sources */ = {isa = PBXBuildFile; fileRef = D74E62C01875AB2000D8FA13 /* Lut.cpp */; };
		D74E62E71875ABE400D8FA13 /* ofxsCore.cpp in Sources */ = {isa = PBXBuildFile; fileRef = D74E62A81875AB0800D8FA13 /* ofxsCore.cpp */; };
		D74E62E91875ABE400D8FA13 /* ofxsImageEffect.cpp in Sources */ = {isa = PBXBuildFile; fileRef = D74E62AA1875AB0800D8FA13 /* ofxsImageEffect.cpp */; };
		D74E62EA1875ABE400D8FA13 /* ofxsInteract.cpp in Sources */ = {isa = PBXBuildFile; fileRef = D74E62AB1875AB0800D8FA13 /* ofxsInteract.cpp */; };
		D74E62EB1875ABE400D8FA13 /* ofxsLog.cpp in Sources */ = {isa = PBXBuildFile; fileRef = D74E62AC1875AB0800D8FA13 /* ofxsLog.cpp */; };
		D74E62EC1875ABE400D8FA13 /* ofxsMultiThread.cpp in Sources */ = {isa = PBXBuildFile; fileRef = D74E62AD1875AB0800D8FA13 /* ofxsMultiThread.cpp */; };
		D74E62ED1875ABE400D8FA13 /* ofxsParams.cpp in Sources */ = {isa = PBXBuildFile; fileRef = D74E62AE1875AB0800D8FA13 /* ofxsParams.cpp */; };
		D74E62EE1875ABE400D8FA13 /* ofxsProperty.cpp in Sources */ = {isa = PBXBuildFile; fileRef = D74E62AF1875AB0800D8FA13 /* ofxsProperty.cpp */; };
		D74E62EF1875ABE400D8FA13 /* ofxsPropertyValidation.cpp in Sources */ = {isa = PBXBuildFile; fileRef = D74E62B01875AB0800D8FA13 /* ofxsPropertyValidation.cpp */; };
		D769DE141879A07800AED3D6 /* CoreFoundation.framework in Frameworks */ = {isa = PBXBuildFile; fileRef = D74E62491875A7A400D8FA13 /* CoreFoundation.framework */; };
		D769DE291879A11600AED3D6 /* exrWriter.cpp in Sources */ = {isa = PBXBuildFile; fileRef = D769DE271879A11600AED3D6 /* exrWriter.cpp */; };
		D769DE2A1879A11600AED3D6 /* exrWriter.h in Headers */ = {isa = PBXBuildFile; fileRef = D769DE281879A11600AED3D6 /* exrWriter.h */; };
		D769DE2B1879A12C00AED3D6 /* GenericWriter.cpp in Sources */ = {isa = PBXBuildFile; fileRef = D74E62BE1875AB2000D8FA13 /* GenericWriter.cpp */; };
		D769DE2C1879A12C00AED3D6 /* Lut.cpp in Sources */ = {isa = PBXBuildFile; fileRef = D74E62C01875AB2000D8FA13 /* Lut.cpp */; };
		D769DE2D1879A12C00AED3D6 /* ofxsCore.cpp in Sources */ = {isa = PBXBuildFile; fileRef = D74E62A81875AB0800D8FA13 /* ofxsCore.cpp */; };
		D769DE2F1879A12C00AED3D6 /* ofxsImageEffect.cpp in Sources */ = {isa = PBXBuildFile; fileRef = D74E62AA1875AB0800D8FA13 /* ofxsImageEffect.cpp */; };
		D769DE301879A12C00AED3D6 /* ofxsInteract.cpp in Sources */ = {isa = PBXBuildFile; fileRef = D74E62AB1875AB0800D8FA13 /* ofxsInteract.cpp */; };
		D769DE311879A12C00AED3D6 /* ofxsLog.cpp in Sources */ = {isa = PBXBuildFile; fileRef = D74E62AC1875AB0800D8FA13 /* ofxsLog.cpp */; };
		D769DE321879A12C00AED3D6 /* ofxsMultiThread.cpp in Sources */ = {isa = PBXBuildFile; fileRef = D74E62AD1875AB0800D8FA13 /* ofxsMultiThread.cpp */; };
		D769DE331879A12C00AED3D6 /* ofxsParams.cpp in Sources */ = {isa = PBXBuildFile; fileRef = D74E62AE1875AB0800D8FA13 /* ofxsParams.cpp */; };
		D769DE341879A12C00AED3D6 /* ofxsProperty.cpp in Sources */ = {isa = PBXBuildFile; fileRef = D74E62AF1875AB0800D8FA13 /* ofxsProperty.cpp */; };
		D769DE351879A12C00AED3D6 /* ofxsPropertyValidation.cpp in Sources */ = {isa = PBXBuildFile; fileRef = D74E62B01875AB0800D8FA13 /* ofxsPropertyValidation.cpp */; };
		D769DE371879A13900AED3D6 /* GenericWriter.h in Headers */ = {isa = PBXBuildFile; fileRef = D74E62BF1875AB2000D8FA13 /* GenericWriter.h */; };
		D769DE381879A13900AED3D6 /* Lut.h in Headers */ = {isa = PBXBuildFile; fileRef = D74E62C11875AB2000D8FA13 /* Lut.h */; };
		D769DE391879A13900AED3D6 /* ofxsCore.h in Headers */ = {isa = PBXBuildFile; fileRef = D74E62941875AAE100D8FA13 /* ofxsCore.h */; };
		D769DE3A1879A13900AED3D6 /* ofxsHWNDInteract.h in Headers */ = {isa = PBXBuildFile; fileRef = D74E62951875AAE100D8FA13 /* ofxsHWNDInteract.h */; };
		D769DE3B1879A13900AED3D6 /* ofxsImageEffect.h in Headers */ = {isa = PBXBuildFile; fileRef = D74E62961875AAE100D8FA13 /* ofxsImageEffect.h */; };
		D769DE3C1879A13900AED3D6 /* ofxsInteract.h in Headers */ = {isa = PBXBuildFile; fileRef = D74E62971875AAE100D8FA13 /* ofxsInteract.h */; };
		D769DE3D1879A13900AED3D6 /* ofxsLog.h in Headers */ = {isa = PBXBuildFile; fileRef = D74E62981875AAE100D8FA13 /* ofxsLog.h */; };
		D769DE3E1879A13900AED3D6 /* ofxsMemory.h in Headers */ = {isa = PBXBuildFile; fileRef = D74E62991875AAE100D8FA13 /* ofxsMemory.h */; };
		D769DE3F1879A13900AED3D6 /* ofxsMessage.h in Headers */ = {isa = PBXBuildFile; fileRef = D74E629A1875AAE100D8FA13 /* ofxsMessage.h */; };
		D769DE401879A13900AED3D6 /* ofxsMultiThread.h in Headers */ = {isa = PBXBuildFile; fileRef = D74E629B1875AAE100D8FA13 /* ofxsMultiThread.h */; };
		D769DE411879A13900AED3D6 /* ofxsParam.h in Headers */ = {isa = PBXBuildFile; fileRef = D74E629C1875AAE100D8FA13 /* ofxsParam.h */; };
		D769DE421879A13900AED3D6 /* IOExtensions.h in Headers */ = {isa = PBXBuildFile; fileRef = D74E62711875AAB500D8FA13 /* IOExtensions.h */; };
/* End PBXBuildFile section */

/* Begin PBXContainerItemProxy section */
		D709B976187890F900D5A0B4 /* PBXContainerItemProxy */ = {
			isa = PBXContainerItemProxy;
			containerPortal = D74E623C1875A79700D8FA13 /* Project object */;
			proxyType = 1;
			remoteGlobalIDString = D709B95218787D6700D5A0B4;
			remoteInfo = exrReader;
		};
		D7330E0518867C2E004A6199 /* PBXContainerItemProxy */ = {
			isa = PBXContainerItemProxy;
			containerPortal = D74E623C1875A79700D8FA13 /* Project object */;
			proxyType = 1;
			remoteGlobalIDString = D7330DD018867B35004A6199;
			remoteInfo = oiioReader;
		};
		D74E62631875A91100D8FA13 /* PBXContainerItemProxy */ = {
			isa = PBXContainerItemProxy;
			containerPortal = D74E623C1875A79700D8FA13 /* Project object */;
			proxyType = 1;
			remoteGlobalIDString = D74E62451875A7A400D8FA13;
			remoteInfo = ffmpegReader;
		};
		D74E62E31875ABD400D8FA13 /* PBXContainerItemProxy */ = {
			isa = PBXContainerItemProxy;
			containerPortal = D74E623C1875A79700D8FA13 /* Project object */;
			proxyType = 1;
			remoteGlobalIDString = D74E62CB1875AB4600D8FA13;
			remoteInfo = ffmpegWriter;
		};
		D769DE251879A08300AED3D6 /* PBXContainerItemProxy */ = {
			isa = PBXContainerItemProxy;
			containerPortal = D74E623C1875A79700D8FA13 /* Project object */;
			proxyType = 1;
			remoteGlobalIDString = D769DE121879A07800AED3D6;
			remoteInfo = exrWriter;
		};
/* End PBXContainerItemProxy section */

/* Begin PBXFileReference section */
		D709B95318787D6700D5A0B4 /* exrReader.ofx.bundle */ = {isa = PBXFileReference; explicitFileType = wrapper.cfbundle; includeInIndex = 0; path = exrReader.ofx.bundle; sourceTree = BUILT_PRODUCTS_DIR; };
		D709B96518787DBE00D5A0B4 /* exrReader.cpp */ = {isa = PBXFileReference; fileEncoding = 4; lastKnownFileType = sourcecode.cpp.cpp; path = exrReader.cpp; sourceTree = "<group>"; };
		D709B96618787DBE00D5A0B4 /* exrReader.h */ = {isa = PBXFileReference; fileEncoding = 4; lastKnownFileType = sourcecode.c.h; path = exrReader.h; sourceTree = "<group>"; };
		D709B96918787DF900D5A0B4 /* Info.plist */ = {isa = PBXFileReference; fileEncoding = 4; lastKnownFileType = text.plist.xml; path = Info.plist; sourceTree = "<group>"; };
		D7330DD118867B35004A6199 /* oiioReader.ofx.bundle */ = {isa = PBXFileReference; explicitFileType = wrapper.cfbundle; includeInIndex = 0; path = oiioReader.ofx.bundle; sourceTree = BUILT_PRODUCTS_DIR; };
		D7330DE318867BCD004A6199 /* oiioReader.cpp */ = {isa = PBXFileReference; fileEncoding = 4; lastKnownFileType = sourcecode.cpp.cpp; path = oiioReader.cpp; sourceTree = "<group>"; };
		D7330DE418867BCD004A6199 /* oiioReader.h */ = {isa = PBXFileReference; fileEncoding = 4; lastKnownFileType = sourcecode.c.h; path = oiioReader.h; sourceTree = "<group>"; };
		D74E62461875A7A400D8FA13 /* ffmpegReader.ofx.bundle */ = {isa = PBXFileReference; explicitFileType = wrapper.cfbundle; includeInIndex = 0; path = ffmpegReader.ofx.bundle; sourceTree = BUILT_PRODUCTS_DIR; };
		D74E62491875A7A400D8FA13 /* CoreFoundation.framework */ = {isa = PBXFileReference; lastKnownFileType = wrapper.framework; name = CoreFoundation.framework; path = System/Library/Frameworks/CoreFoundation.framework; sourceTree = SDKROOT; };
		D74E62651875A9C800D8FA13 /* FfmpegHandler.cpp */ = {isa = PBXFileReference; fileEncoding = 4; lastKnownFileType = sourcecode.cpp.cpp; path = FfmpegHandler.cpp; sourceTree = "<group>"; };
		D74E62661875A9C800D8FA13 /* FfmpegHandler.h */ = {isa = PBXFileReference; fileEncoding = 4; lastKnownFileType = sourcecode.c.h; path = FfmpegHandler.h; sourceTree = "<group>"; };
		D74E62671875A9C800D8FA13 /* ffmpegReader.cpp */ = {isa = PBXFileReference; fileEncoding = 4; lastKnownFileType = sourcecode.cpp.cpp; path = ffmpegReader.cpp; sourceTree = "<group>"; };
		D74E62681875A9C800D8FA13 /* ffmpegReader.h */ = {isa = PBXFileReference; fileEncoding = 4; lastKnownFileType = sourcecode.c.h; path = ffmpegReader.h; sourceTree = "<group>"; };
		D74E62691875A9C800D8FA13 /* Info.plist */ = {isa = PBXFileReference; fileEncoding = 4; lastKnownFileType = text.plist.xml; path = Info.plist; sourceTree = "<group>"; };
		D74E626A1875A9C800D8FA13 /* Makefile */ = {isa = PBXFileReference; fileEncoding = 4; lastKnownFileType = sourcecode.make; path = Makefile; sourceTree = "<group>"; };
		D74E62711875AAB500D8FA13 /* IOExtensions.h */ = {isa = PBXFileReference; fileEncoding = 4; lastKnownFileType = sourcecode.c.h; path = IOExtensions.h; sourceTree = "<group>"; };
		D74E62721875AAB500D8FA13 /* ofxCore.h */ = {isa = PBXFileReference; fileEncoding = 4; lastKnownFileType = sourcecode.c.h; name = ofxCore.h; path = ../openfx/include/ofxCore.h; sourceTree = "<group>"; };
		D74E62731875AAB500D8FA13 /* ofxDialog.h */ = {isa = PBXFileReference; fileEncoding = 4; lastKnownFileType = sourcecode.c.h; name = ofxDialog.h; path = ../openfx/include/ofxDialog.h; sourceTree = "<group>"; };
		D74E62741875AAB500D8FA13 /* ofxImageEffect.h */ = {isa = PBXFileReference; fileEncoding = 4; lastKnownFileType = sourcecode.c.h; name = ofxImageEffect.h; path = ../openfx/include/ofxImageEffect.h; sourceTree = "<group>"; };
		D74E62751875AAB500D8FA13 /* ofxInteract.h */ = {isa = PBXFileReference; fileEncoding = 4; lastKnownFileType = sourcecode.c.h; name = ofxInteract.h; path = ../openfx/include/ofxInteract.h; sourceTree = "<group>"; };
		D74E62761875AAB500D8FA13 /* ofxKeySyms.h */ = {isa = PBXFileReference; fileEncoding = 4; lastKnownFileType = sourcecode.c.h; name = ofxKeySyms.h; path = ../openfx/include/ofxKeySyms.h; sourceTree = "<group>"; };
		D74E62771875AAB500D8FA13 /* ofxMemory.h */ = {isa = PBXFileReference; fileEncoding = 4; lastKnownFileType = sourcecode.c.h; name = ofxMemory.h; path = ../openfx/include/ofxMemory.h; sourceTree = "<group>"; };
		D74E62781875AAB500D8FA13 /* ofxMessage.h */ = {isa = PBXFileReference; fileEncoding = 4; lastKnownFileType = sourcecode.c.h; name = ofxMessage.h; path = ../openfx/include/ofxMessage.h; sourceTree = "<group>"; };
		D74E62791875AAB500D8FA13 /* ofxMultiThread.h */ = {isa = PBXFileReference; fileEncoding = 4; lastKnownFileType = sourcecode.c.h; name = ofxMultiThread.h; path = ../openfx/include/ofxMultiThread.h; sourceTree = "<group>"; };
		D74E627A1875AAB500D8FA13 /* ofxOpenGLRender.h */ = {isa = PBXFileReference; fileEncoding = 4; lastKnownFileType = sourcecode.c.h; name = ofxOpenGLRender.h; path = ../openfx/include/ofxOpenGLRender.h; sourceTree = "<group>"; };
		D74E627B1875AAB500D8FA13 /* ofxParam.h */ = {isa = PBXFileReference; fileEncoding = 4; lastKnownFileType = sourcecode.c.h; name = ofxParam.h; path = ../openfx/include/ofxParam.h; sourceTree = "<group>"; };
		D74E627C1875AAB500D8FA13 /* ofxParametricParam.h */ = {isa = PBXFileReference; fileEncoding = 4; lastKnownFileType = sourcecode.c.h; name = ofxParametricParam.h; path = ../openfx/include/ofxParametricParam.h; sourceTree = "<group>"; };
		D74E627D1875AAB500D8FA13 /* ofxPixels.h */ = {isa = PBXFileReference; fileEncoding = 4; lastKnownFileType = sourcecode.c.h; name = ofxPixels.h; path = ../openfx/include/ofxPixels.h; sourceTree = "<group>"; };
		D74E627E1875AAB500D8FA13 /* ofxProgress.h */ = {isa = PBXFileReference; fileEncoding = 4; lastKnownFileType = sourcecode.c.h; name = ofxProgress.h; path = ../openfx/include/ofxProgress.h; sourceTree = "<group>"; };
		D74E627F1875AAB500D8FA13 /* ofxProperty.h */ = {isa = PBXFileReference; fileEncoding = 4; lastKnownFileType = sourcecode.c.h; name = ofxProperty.h; path = ../openfx/include/ofxProperty.h; sourceTree = "<group>"; };
		D74E62801875AAB500D8FA13 /* ofxSonyVegas.h */ = {isa = PBXFileReference; fileEncoding = 4; lastKnownFileType = sourcecode.c.h; name = ofxSonyVegas.h; path = ../openfx/include/ofxSonyVegas.h; sourceTree = "<group>"; };
		D74E62811875AAB500D8FA13 /* ofxTimeLine.h */ = {isa = PBXFileReference; fileEncoding = 4; lastKnownFileType = sourcecode.c.h; name = ofxTimeLine.h; path = ../openfx/include/ofxTimeLine.h; sourceTree = "<group>"; };
		D74E62941875AAE100D8FA13 /* ofxsCore.h */ = {isa = PBXFileReference; fileEncoding = 4; lastKnownFileType = sourcecode.c.h; name = ofxsCore.h; path = openfx/Support/include/ofxsCore.h; sourceTree = "<group>"; };
		D74E62951875AAE100D8FA13 /* ofxsHWNDInteract.h */ = {isa = PBXFileReference; fileEncoding = 4; lastKnownFileType = sourcecode.c.h; name = ofxsHWNDInteract.h; path = openfx/Support/include/ofxsHWNDInteract.h; sourceTree = "<group>"; };
		D74E62961875AAE100D8FA13 /* ofxsImageEffect.h */ = {isa = PBXFileReference; fileEncoding = 4; lastKnownFileType = sourcecode.c.h; name = ofxsImageEffect.h; path = openfx/Support/include/ofxsImageEffect.h; sourceTree = "<group>"; };
		D74E62971875AAE100D8FA13 /* ofxsInteract.h */ = {isa = PBXFileReference; fileEncoding = 4; lastKnownFileType = sourcecode.c.h; name = ofxsInteract.h; path = openfx/Support/include/ofxsInteract.h; sourceTree = "<group>"; };
		D74E62981875AAE100D8FA13 /* ofxsLog.h */ = {isa = PBXFileReference; fileEncoding = 4; lastKnownFileType = sourcecode.c.h; name = ofxsLog.h; path = openfx/Support/include/ofxsLog.h; sourceTree = "<group>"; };
		D74E62991875AAE100D8FA13 /* ofxsMemory.h */ = {isa = PBXFileReference; fileEncoding = 4; lastKnownFileType = sourcecode.c.h; name = ofxsMemory.h; path = openfx/Support/include/ofxsMemory.h; sourceTree = "<group>"; };
		D74E629A1875AAE100D8FA13 /* ofxsMessage.h */ = {isa = PBXFileReference; fileEncoding = 4; lastKnownFileType = sourcecode.c.h; name = ofxsMessage.h; path = openfx/Support/include/ofxsMessage.h; sourceTree = "<group>"; };
		D74E629B1875AAE100D8FA13 /* ofxsMultiThread.h */ = {isa = PBXFileReference; fileEncoding = 4; lastKnownFileType = sourcecode.c.h; name = ofxsMultiThread.h; path = openfx/Support/include/ofxsMultiThread.h; sourceTree = "<group>"; };
		D74E629C1875AAE100D8FA13 /* ofxsParam.h */ = {isa = PBXFileReference; fileEncoding = 4; lastKnownFileType = sourcecode.c.h; name = ofxsParam.h; path = openfx/Support/include/ofxsParam.h; sourceTree = "<group>"; };
		D74E62A81875AB0800D8FA13 /* ofxsCore.cpp */ = {isa = PBXFileReference; fileEncoding = 4; lastKnownFileType = sourcecode.cpp.cpp; name = ofxsCore.cpp; path = openfx/Support/Library/ofxsCore.cpp; sourceTree = "<group>"; };
		D74E62A91875AB0800D8FA13 /* ofxsHWNDInteract.cpp */ = {isa = PBXFileReference; fileEncoding = 4; lastKnownFileType = sourcecode.cpp.cpp; name = ofxsHWNDInteract.cpp; path = openfx/Support/Library/ofxsHWNDInteract.cpp; sourceTree = "<group>"; };
		D74E62AA1875AB0800D8FA13 /* ofxsImageEffect.cpp */ = {isa = PBXFileReference; fileEncoding = 4; lastKnownFileType = sourcecode.cpp.cpp; name = ofxsImageEffect.cpp; path = openfx/Support/Library/ofxsImageEffect.cpp; sourceTree = "<group>"; };
		D74E62AB1875AB0800D8FA13 /* ofxsInteract.cpp */ = {isa = PBXFileReference; fileEncoding = 4; lastKnownFileType = sourcecode.cpp.cpp; name = ofxsInteract.cpp; path = openfx/Support/Library/ofxsInteract.cpp; sourceTree = "<group>"; };
		D74E62AC1875AB0800D8FA13 /* ofxsLog.cpp */ = {isa = PBXFileReference; fileEncoding = 4; lastKnownFileType = sourcecode.cpp.cpp; name = ofxsLog.cpp; path = openfx/Support/Library/ofxsLog.cpp; sourceTree = "<group>"; };
		D74E62AD1875AB0800D8FA13 /* ofxsMultiThread.cpp */ = {isa = PBXFileReference; fileEncoding = 4; lastKnownFileType = sourcecode.cpp.cpp; name = ofxsMultiThread.cpp; path = openfx/Support/Library/ofxsMultiThread.cpp; sourceTree = "<group>"; };
		D74E62AE1875AB0800D8FA13 /* ofxsParams.cpp */ = {isa = PBXFileReference; fileEncoding = 4; lastKnownFileType = sourcecode.cpp.cpp; name = ofxsParams.cpp; path = openfx/Support/Library/ofxsParams.cpp; sourceTree = "<group>"; };
		D74E62AF1875AB0800D8FA13 /* ofxsProperty.cpp */ = {isa = PBXFileReference; fileEncoding = 4; lastKnownFileType = sourcecode.cpp.cpp; name = ofxsProperty.cpp; path = openfx/Support/Library/ofxsProperty.cpp; sourceTree = "<group>"; };
		D74E62B01875AB0800D8FA13 /* ofxsPropertyValidation.cpp */ = {isa = PBXFileReference; fileEncoding = 4; lastKnownFileType = sourcecode.cpp.cpp; name = ofxsPropertyValidation.cpp; path = openfx/Support/Library/ofxsPropertyValidation.cpp; sourceTree = "<group>"; };
		D74E62B11875AB0800D8FA13 /* ofxsSupportPrivate.h */ = {isa = PBXFileReference; fileEncoding = 4; lastKnownFileType = sourcecode.c.h; name = ofxsSupportPrivate.h; path = openfx/Support/Library/ofxsSupportPrivate.h; sourceTree = "<group>"; };
		D74E62BC1875AB2000D8FA13 /* GenericReader.cpp */ = {isa = PBXFileReference; fileEncoding = 4; lastKnownFileType = sourcecode.cpp.cpp; path = GenericReader.cpp; sourceTree = "<group>"; };
		D74E62BD1875AB2000D8FA13 /* GenericReader.h */ = {isa = PBXFileReference; fileEncoding = 4; lastKnownFileType = sourcecode.c.h; path = GenericReader.h; sourceTree = "<group>"; };
		D74E62BE1875AB2000D8FA13 /* GenericWriter.cpp */ = {isa = PBXFileReference; fileEncoding = 4; lastKnownFileType = sourcecode.cpp.cpp; path = GenericWriter.cpp; sourceTree = "<group>"; };
		D74E62BF1875AB2000D8FA13 /* GenericWriter.h */ = {isa = PBXFileReference; fileEncoding = 4; lastKnownFileType = sourcecode.c.h; path = GenericWriter.h; sourceTree = "<group>"; };
		D74E62C01875AB2000D8FA13 /* Lut.cpp */ = {isa = PBXFileReference; fileEncoding = 4; lastKnownFileType = sourcecode.cpp.cpp; path = Lut.cpp; sourceTree = "<group>"; };
		D74E62C11875AB2000D8FA13 /* Lut.h */ = {isa = PBXFileReference; fileEncoding = 4; lastKnownFileType = sourcecode.c.h; path = Lut.h; sourceTree = "<group>"; };
		D74E62CC1875AB4600D8FA13 /* ffmpegWriter.ofx.bundle */ = {isa = PBXFileReference; explicitFileType = wrapper.cfbundle; includeInIndex = 0; path = ffmpegWriter.ofx.bundle; sourceTree = BUILT_PRODUCTS_DIR; };
		D74E62DE1875ABCB00D8FA13 /* ffmpegWriter.cpp */ = {isa = PBXFileReference; fileEncoding = 4; lastKnownFileType = sourcecode.cpp.cpp; path = ffmpegWriter.cpp; sourceTree = "<group>"; };
		D74E62DF1875ABCB00D8FA13 /* ffmpegWriter.h */ = {isa = PBXFileReference; fileEncoding = 4; lastKnownFileType = sourcecode.c.h; path = ffmpegWriter.h; sourceTree = "<group>"; };
		D74E62E01875ABCB00D8FA13 /* Info.plist */ = {isa = PBXFileReference; fileEncoding = 4; lastKnownFileType = text.plist.xml; path = Info.plist; sourceTree = "<group>"; };
		D769DE131879A07800AED3D6 /* exrWriter.ofx.bundle */ = {isa = PBXFileReference; explicitFileType = wrapper.cfbundle; includeInIndex = 0; path = exrWriter.ofx.bundle; sourceTree = BUILT_PRODUCTS_DIR; };
		D769DE271879A11600AED3D6 /* exrWriter.cpp */ = {isa = PBXFileReference; fileEncoding = 4; lastKnownFileType = sourcecode.cpp.cpp; path = exrWriter.cpp; sourceTree = "<group>"; };
		D769DE281879A11600AED3D6 /* exrWriter.h */ = {isa = PBXFileReference; fileEncoding = 4; lastKnownFileType = sourcecode.c.h; path = exrWriter.h; sourceTree = "<group>"; };
		D769DE431879A17100AED3D6 /* Info.plist */ = {isa = PBXFileReference; fileEncoding = 4; lastKnownFileType = text.plist.xml; path = Info.plist; sourceTree = "<group>"; };
/* End PBXFileReference section */

/* Begin PBXFrameworksBuildPhase section */
		D709B95018787D6700D5A0B4 /* Frameworks */ = {
			isa = PBXFrameworksBuildPhase;
			buildActionMask = 2147483647;
			files = (
				D709B95418787D6700D5A0B4 /* CoreFoundation.framework in Frameworks */,
			);
			runOnlyForDeploymentPostprocessing = 0;
		};
		D7330DCE18867B35004A6199 /* Frameworks */ = {
			isa = PBXFrameworksBuildPhase;
			buildActionMask = 2147483647;
			files = (
				D7330DD218867B35004A6199 /* CoreFoundation.framework in Frameworks */,
			);
			runOnlyForDeploymentPostprocessing = 0;
		};
		D74E62431875A7A400D8FA13 /* Frameworks */ = {
			isa = PBXFrameworksBuildPhase;
			buildActionMask = 2147483647;
			files = (
				D74E624A1875A7A400D8FA13 /* CoreFoundation.framework in Frameworks */,
			);
			runOnlyForDeploymentPostprocessing = 0;
		};
		D74E62C91875AB4600D8FA13 /* Frameworks */ = {
			isa = PBXFrameworksBuildPhase;
			buildActionMask = 2147483647;
			files = (
				D74E62CD1875AB4600D8FA13 /* CoreFoundation.framework in Frameworks */,
			);
			runOnlyForDeploymentPostprocessing = 0;
		};
		D769DE101879A07800AED3D6 /* Frameworks */ = {
			isa = PBXFrameworksBuildPhase;
			buildActionMask = 2147483647;
			files = (
				D769DE141879A07800AED3D6 /* CoreFoundation.framework in Frameworks */,
			);
			runOnlyForDeploymentPostprocessing = 0;
		};
/* End PBXFrameworksBuildPhase section */

/* Begin PBXGroup section */
		D709B95518787D6700D5A0B4 /* exrReader */ = {
			isa = PBXGroup;
			children = (
				D709B96918787DF900D5A0B4 /* Info.plist */,
				D709B96518787DBE00D5A0B4 /* exrReader.cpp */,
				D709B96618787DBE00D5A0B4 /* exrReader.h */,
			);
			path = exrReader;
			sourceTree = "<group>";
		};
		D7330DD318867B35004A6199 /* oiioReader */ = {
			isa = PBXGroup;
			children = (
				D7330DE318867BCD004A6199 /* oiioReader.cpp */,
				D7330DE418867BCD004A6199 /* oiioReader.h */,
			);
			path = oiioReader;
			sourceTree = "<group>";
		};
		D74E623B1875A79700D8FA13 = {
			isa = PBXGroup;
			children = (
				D74E62BC1875AB2000D8FA13 /* GenericReader.cpp */,
				D74E62BD1875AB2000D8FA13 /* GenericReader.h */,
				D74E62BE1875AB2000D8FA13 /* GenericWriter.cpp */,
				D74E62BF1875AB2000D8FA13 /* GenericWriter.h */,
				D74E62C01875AB2000D8FA13 /* Lut.cpp */,
				D74E62C11875AB2000D8FA13 /* Lut.h */,
				D74E62931875AABD00D8FA13 /* OpenFX */,
				D74E624B1875A7A400D8FA13 /* ffmpegReader */,
				D74E62CE1875AB4600D8FA13 /* ffmpegWriter */,
				D709B95518787D6700D5A0B4 /* exrReader */,
				D769DE151879A07800AED3D6 /* exrWriter */,
				D7330DD318867B35004A6199 /* oiioReader */,
				D74E62481875A7A400D8FA13 /* Frameworks */,
				D74E62471875A7A400D8FA13 /* Products */,
			);
			sourceTree = "<group>";
		};
		D74E62471875A7A400D8FA13 /* Products */ = {
			isa = PBXGroup;
			children = (
				D74E62461875A7A400D8FA13 /* ffmpegReader.ofx.bundle */,
				D74E62CC1875AB4600D8FA13 /* ffmpegWriter.ofx.bundle */,
				D709B95318787D6700D5A0B4 /* exrReader.ofx.bundle */,
				D769DE131879A07800AED3D6 /* exrWriter.ofx.bundle */,
				D7330DD118867B35004A6199 /* oiioReader.ofx.bundle */,
			);
			name = Products;
			sourceTree = "<group>";
		};
		D74E62481875A7A400D8FA13 /* Frameworks */ = {
			isa = PBXGroup;
			children = (
				D74E62491875A7A400D8FA13 /* CoreFoundation.framework */,
			);
			name = Frameworks;
			sourceTree = "<group>";
		};
		D74E624B1875A7A400D8FA13 /* ffmpegReader */ = {
			isa = PBXGroup;
			children = (
				D74E62651875A9C800D8FA13 /* FfmpegHandler.cpp */,
				D74E62661875A9C800D8FA13 /* FfmpegHandler.h */,
				D74E62671875A9C800D8FA13 /* ffmpegReader.cpp */,
				D74E62681875A9C800D8FA13 /* ffmpegReader.h */,
				D74E62691875A9C800D8FA13 /* Info.plist */,
				D74E626A1875A9C800D8FA13 /* Makefile */,
			);
			path = ffmpegReader;
			sourceTree = "<group>";
		};
		D74E62701875AAB500D8FA13 /* natron */ = {
			isa = PBXGroup;
			children = (
				D74E62711875AAB500D8FA13 /* IOExtensions.h */,
			);
			name = natron;
			path = ../openfx/include/natron;
			sourceTree = "<group>";
		};
		D74E62931875AABD00D8FA13 /* OpenFX */ = {
			isa = PBXGroup;
			children = (
				D74E62A71875AAF500D8FA13 /* Sources */,
				D74E62A61875AAE600D8FA13 /* Headers */,
			);
			name = OpenFX;
			sourceTree = "<group>";
		};
		D74E62A61875AAE600D8FA13 /* Headers */ = {
			isa = PBXGroup;
			children = (
				D74E62941875AAE100D8FA13 /* ofxsCore.h */,
				D74E62951875AAE100D8FA13 /* ofxsHWNDInteract.h */,
				D74E62961875AAE100D8FA13 /* ofxsImageEffect.h */,
				D74E62971875AAE100D8FA13 /* ofxsInteract.h */,
				D74E62981875AAE100D8FA13 /* ofxsLog.h */,
				D74E62991875AAE100D8FA13 /* ofxsMemory.h */,
				D74E629A1875AAE100D8FA13 /* ofxsMessage.h */,
				D74E629B1875AAE100D8FA13 /* ofxsMultiThread.h */,
				D74E629C1875AAE100D8FA13 /* ofxsParam.h */,
				D74E62701875AAB500D8FA13 /* natron */,
				D74E62721875AAB500D8FA13 /* ofxCore.h */,
				D74E62731875AAB500D8FA13 /* ofxDialog.h */,
				D74E62741875AAB500D8FA13 /* ofxImageEffect.h */,
				D74E62751875AAB500D8FA13 /* ofxInteract.h */,
				D74E62761875AAB500D8FA13 /* ofxKeySyms.h */,
				D74E62771875AAB500D8FA13 /* ofxMemory.h */,
				D74E62781875AAB500D8FA13 /* ofxMessage.h */,
				D74E62791875AAB500D8FA13 /* ofxMultiThread.h */,
				D74E627A1875AAB500D8FA13 /* ofxOpenGLRender.h */,
				D74E627B1875AAB500D8FA13 /* ofxParam.h */,
				D74E627C1875AAB500D8FA13 /* ofxParametricParam.h */,
				D74E627D1875AAB500D8FA13 /* ofxPixels.h */,
				D74E627E1875AAB500D8FA13 /* ofxProgress.h */,
				D74E627F1875AAB500D8FA13 /* ofxProperty.h */,
				D74E62801875AAB500D8FA13 /* ofxSonyVegas.h */,
				D74E62811875AAB500D8FA13 /* ofxTimeLine.h */,
			);
			name = Headers;
			sourceTree = "<group>";
		};
		D74E62A71875AAF500D8FA13 /* Sources */ = {
			isa = PBXGroup;
			children = (
				D74E62A81875AB0800D8FA13 /* ofxsCore.cpp */,
				D74E62A91875AB0800D8FA13 /* ofxsHWNDInteract.cpp */,
				D74E62AA1875AB0800D8FA13 /* ofxsImageEffect.cpp */,
				D74E62AB1875AB0800D8FA13 /* ofxsInteract.cpp */,
				D74E62AC1875AB0800D8FA13 /* ofxsLog.cpp */,
				D74E62AD1875AB0800D8FA13 /* ofxsMultiThread.cpp */,
				D74E62AE1875AB0800D8FA13 /* ofxsParams.cpp */,
				D74E62AF1875AB0800D8FA13 /* ofxsProperty.cpp */,
				D74E62B01875AB0800D8FA13 /* ofxsPropertyValidation.cpp */,
				D74E62B11875AB0800D8FA13 /* ofxsSupportPrivate.h */,
			);
			name = Sources;
			sourceTree = "<group>";
		};
		D74E62CE1875AB4600D8FA13 /* ffmpegWriter */ = {
			isa = PBXGroup;
			children = (
				D74E62DE1875ABCB00D8FA13 /* ffmpegWriter.cpp */,
				D74E62DF1875ABCB00D8FA13 /* ffmpegWriter.h */,
				D74E62E01875ABCB00D8FA13 /* Info.plist */,
			);
			path = ffmpegWriter;
			sourceTree = "<group>";
		};
		D769DE151879A07800AED3D6 /* exrWriter */ = {
			isa = PBXGroup;
			children = (
				D769DE431879A17100AED3D6 /* Info.plist */,
				D769DE271879A11600AED3D6 /* exrWriter.cpp */,
				D769DE281879A11600AED3D6 /* exrWriter.h */,
			);
			path = exrWriter;
			sourceTree = "<group>";
		};
/* End PBXGroup section */

/* Begin PBXHeadersBuildPhase section */
		D709B95118787D6700D5A0B4 /* Headers */ = {
			isa = PBXHeadersBuildPhase;
			buildActionMask = 2147483647;
			files = (
				D709B97A1878918400D5A0B4 /* ofxCore.h in Headers */,
				D709B97B1878918400D5A0B4 /* ofxDialog.h in Headers */,
				D709B97C1878918400D5A0B4 /* ofxImageEffect.h in Headers */,
				D709B97D1878918400D5A0B4 /* ofxInteract.h in Headers */,
				D709B97E1878918400D5A0B4 /* ofxKeySyms.h in Headers */,
				D709B97F1878918400D5A0B4 /* ofxMemory.h in Headers */,
				D709B9801878918400D5A0B4 /* ofxMessage.h in Headers */,
				D709B9811878918400D5A0B4 /* ofxMultiThread.h in Headers */,
				D709B9821878918400D5A0B4 /* ofxOpenGLRender.h in Headers */,
				D709B9831878918400D5A0B4 /* ofxParam.h in Headers */,
				D709B9841878918400D5A0B4 /* ofxParametricParam.h in Headers */,
				D709B9851878918400D5A0B4 /* ofxPixels.h in Headers */,
				D709B9861878918400D5A0B4 /* ofxProgress.h in Headers */,
				D709B9871878918400D5A0B4 /* ofxProperty.h in Headers */,
				D709B9881878918400D5A0B4 /* ofxSonyVegas.h in Headers */,
				D709B9891878918400D5A0B4 /* ofxTimeLine.h in Headers */,
				D709B9791878917700D5A0B4 /* GenericReader.h in Headers */,
				D709B9781878917300D5A0B4 /* Lut.h in Headers */,
				D709B96818787DBE00D5A0B4 /* exrReader.h in Headers */,
			);
			runOnlyForDeploymentPostprocessing = 0;
		};
		D7330DCF18867B35004A6199 /* Headers */ = {
			isa = PBXHeadersBuildPhase;
			buildActionMask = 2147483647;
			files = (
				D7330DF318867C1E004A6199 /* GenericReader.h in Headers */,
				D7330DF418867C1E004A6199 /* Lut.h in Headers */,
				D7330DF518867C1E004A6199 /* ofxCore.h in Headers */,
				D7330DF618867C1E004A6199 /* ofxDialog.h in Headers */,
				D7330DF718867C1E004A6199 /* ofxImageEffect.h in Headers */,
				D7330DF818867C1E004A6199 /* ofxInteract.h in Headers */,
				D7330DF918867C1E004A6199 /* ofxKeySyms.h in Headers */,
				D7330DFA18867C1E004A6199 /* ofxMemory.h in Headers */,
				D7330DFB18867C1E004A6199 /* ofxMessage.h in Headers */,
				D7330DFC18867C1E004A6199 /* ofxMultiThread.h in Headers */,
				D7330DFD18867C1E004A6199 /* ofxOpenGLRender.h in Headers */,
				D7330DFE18867C1E004A6199 /* ofxParam.h in Headers */,
				D7330DFF18867C1E004A6199 /* ofxParametricParam.h in Headers */,
				D7330E0018867C1E004A6199 /* ofxPixels.h in Headers */,
				D7330E0118867C1E004A6199 /* ofxProgress.h in Headers */,
				D7330E0218867C1E004A6199 /* ofxProperty.h in Headers */,
				D7330E0318867C1E004A6199 /* ofxSonyVegas.h in Headers */,
				D7330E0418867C1E004A6199 /* ofxTimeLine.h in Headers */,
				D7330DE618867BCD004A6199 /* oiioReader.h in Headers */,
			);
			runOnlyForDeploymentPostprocessing = 0;
		};
		D74E62441875A7A400D8FA13 /* Headers */ = {
			isa = PBXHeadersBuildPhase;
			buildActionMask = 2147483647;
			files = (
				D74E62861875AAB500D8FA13 /* ofxInteract.h in Headers */,
				D74E62A11875AAE100D8FA13 /* ofxsLog.h in Headers */,
				D74E62A21875AAE100D8FA13 /* ofxsMemory.h in Headers */,
				D74E626E1875A9C800D8FA13 /* ffmpegReader.h in Headers */,
				D74E62851875AAB500D8FA13 /* ofxImageEffect.h in Headers */,
				D74E628A1875AAB500D8FA13 /* ofxMultiThread.h in Headers */,
				D74E62A51875AAE100D8FA13 /* ofxsParam.h in Headers */,
				D74E62841875AAB500D8FA13 /* ofxDialog.h in Headers */,
				D74E62C51875AB2000D8FA13 /* GenericWriter.h in Headers */,
				D74E628F1875AAB500D8FA13 /* ofxProgress.h in Headers */,
				D74E62C31875AB2000D8FA13 /* GenericReader.h in Headers */,
				D74E62901875AAB500D8FA13 /* ofxProperty.h in Headers */,
				D74E629F1875AAE100D8FA13 /* ofxsImageEffect.h in Headers */,
				D74E62921875AAB500D8FA13 /* ofxTimeLine.h in Headers */,
				D74E62871875AAB500D8FA13 /* ofxKeySyms.h in Headers */,
				D74E628D1875AAB500D8FA13 /* ofxParametricParam.h in Headers */,
				D74E62C71875AB2000D8FA13 /* Lut.h in Headers */,
				D74E628C1875AAB500D8FA13 /* ofxParam.h in Headers */,
				D74E62911875AAB500D8FA13 /* ofxSonyVegas.h in Headers */,
				D74E62831875AAB500D8FA13 /* ofxCore.h in Headers */,
				D74E629D1875AAE100D8FA13 /* ofxsCore.h in Headers */,
				D74E62881875AAB500D8FA13 /* ofxMemory.h in Headers */,
				D74E62821875AAB500D8FA13 /* IOExtensions.h in Headers */,
				D74E628E1875AAB500D8FA13 /* ofxPixels.h in Headers */,
				D74E62A41875AAE100D8FA13 /* ofxsMultiThread.h in Headers */,
				D74E628B1875AAB500D8FA13 /* ofxOpenGLRender.h in Headers */,
				D74E62891875AAB500D8FA13 /* ofxMessage.h in Headers */,
				D74E62A01875AAE100D8FA13 /* ofxsInteract.h in Headers */,
				D74E629E1875AAE100D8FA13 /* ofxsHWNDInteract.h in Headers */,
				D74E62A31875AAE100D8FA13 /* ofxsMessage.h in Headers */,
				D74E62BB1875AB0800D8FA13 /* ofxsSupportPrivate.h in Headers */,
				D74E626C1875A9C800D8FA13 /* FfmpegHandler.h in Headers */,
			);
			runOnlyForDeploymentPostprocessing = 0;
		};
		D74E62CA1875AB4600D8FA13 /* Headers */ = {
			isa = PBXHeadersBuildPhase;
			buildActionMask = 2147483647;
			files = (
				D74E62E21875ABCB00D8FA13 /* ffmpegWriter.h in Headers */,
			);
			runOnlyForDeploymentPostprocessing = 0;
		};
		D769DE111879A07800AED3D6 /* Headers */ = {
			isa = PBXHeadersBuildPhase;
			buildActionMask = 2147483647;
			files = (
				D769DE371879A13900AED3D6 /* GenericWriter.h in Headers */,
				D769DE381879A13900AED3D6 /* Lut.h in Headers */,
				D769DE391879A13900AED3D6 /* ofxsCore.h in Headers */,
				D769DE3A1879A13900AED3D6 /* ofxsHWNDInteract.h in Headers */,
				D769DE3B1879A13900AED3D6 /* ofxsImageEffect.h in Headers */,
				D769DE3C1879A13900AED3D6 /* ofxsInteract.h in Headers */,
				D769DE3D1879A13900AED3D6 /* ofxsLog.h in Headers */,
				D769DE3E1879A13900AED3D6 /* ofxsMemory.h in Headers */,
				D769DE3F1879A13900AED3D6 /* ofxsMessage.h in Headers */,
				D769DE401879A13900AED3D6 /* ofxsMultiThread.h in Headers */,
				D769DE411879A13900AED3D6 /* ofxsParam.h in Headers */,
				D769DE421879A13900AED3D6 /* IOExtensions.h in Headers */,
				D769DE2A1879A11600AED3D6 /* exrWriter.h in Headers */,
			);
			runOnlyForDeploymentPostprocessing = 0;
		};
/* End PBXHeadersBuildPhase section */

/* Begin PBXNativeTarget section */
		D709B95218787D6700D5A0B4 /* exrReader */ = {
			isa = PBXNativeTarget;
			buildConfigurationList = D709B96418787D6700D5A0B4 /* Build configuration list for PBXNativeTarget "exrReader" */;
			buildPhases = (
				D709B94F18787D6700D5A0B4 /* Sources */,
				D709B95018787D6700D5A0B4 /* Frameworks */,
				D709B95118787D6700D5A0B4 /* Headers */,
			);
			buildRules = (
			);
			dependencies = (
			);
			name = exrReader;
			productName = exrReader;
			productReference = D709B95318787D6700D5A0B4 /* exrReader.ofx.bundle */;
			productType = "com.apple.product-type.bundle";
		};
		D7330DD018867B35004A6199 /* oiioReader */ = {
			isa = PBXNativeTarget;
			buildConfigurationList = D7330DE218867B35004A6199 /* Build configuration list for PBXNativeTarget "oiioReader" */;
			buildPhases = (
				D7330DCD18867B35004A6199 /* Sources */,
				D7330DCE18867B35004A6199 /* Frameworks */,
				D7330DCF18867B35004A6199 /* Headers */,
			);
			buildRules = (
			);
			dependencies = (
			);
			name = oiioReader;
			productName = oiioReader;
			productReference = D7330DD118867B35004A6199 /* oiioReader.ofx.bundle */;
			productType = "com.apple.product-type.bundle";
		};
		D74E62451875A7A400D8FA13 /* ffmpegReader */ = {
			isa = PBXNativeTarget;
			buildConfigurationList = D74E62581875A7A400D8FA13 /* Build configuration list for PBXNativeTarget "ffmpegReader" */;
			buildPhases = (
				D74E62421875A7A400D8FA13 /* Sources */,
				D74E62431875A7A400D8FA13 /* Frameworks */,
				D74E62441875A7A400D8FA13 /* Headers */,
			);
			buildRules = (
			);
			dependencies = (
			);
			name = ffmpegReader;
			productName = ffmpegReader;
			productReference = D74E62461875A7A400D8FA13 /* ffmpegReader.ofx.bundle */;
			productType = "com.apple.product-type.bundle";
		};
		D74E62CB1875AB4600D8FA13 /* ffmpegWriter */ = {
			isa = PBXNativeTarget;
			buildConfigurationList = D74E62DB1875AB4600D8FA13 /* Build configuration list for PBXNativeTarget "ffmpegWriter" */;
			buildPhases = (
				D74E62C81875AB4600D8FA13 /* Sources */,
				D74E62C91875AB4600D8FA13 /* Frameworks */,
				D74E62CA1875AB4600D8FA13 /* Headers */,
			);
			buildRules = (
			);
			dependencies = (
			);
			name = ffmpegWriter;
			productName = ffmpegWriter;
			productReference = D74E62CC1875AB4600D8FA13 /* ffmpegWriter.ofx.bundle */;
			productType = "com.apple.product-type.bundle";
		};
		D769DE121879A07800AED3D6 /* exrWriter */ = {
			isa = PBXNativeTarget;
			buildConfigurationList = D769DE241879A07800AED3D6 /* Build configuration list for PBXNativeTarget "exrWriter" */;
			buildPhases = (
				D769DE0F1879A07800AED3D6 /* Sources */,
				D769DE101879A07800AED3D6 /* Frameworks */,
				D769DE111879A07800AED3D6 /* Headers */,
			);
			buildRules = (
			);
			dependencies = (
			);
			name = exrWriter;
			productName = exrWriter;
			productReference = D769DE131879A07800AED3D6 /* exrWriter.ofx.bundle */;
			productType = "com.apple.product-type.bundle";
		};
/* End PBXNativeTarget section */

/* Begin PBXProject section */
		D74E623C1875A79700D8FA13 /* Project object */ = {
			isa = PBXProject;
			attributes = {
				LastUpgradeCheck = 0500;
			};
			buildConfigurationList = D74E623F1875A79700D8FA13 /* Build configuration list for PBXProject "Io" */;
			compatibilityVersion = "Xcode 3.2";
			developmentRegion = English;
			hasScannedForEncodings = 0;
			knownRegions = (
				en,
			);
			mainGroup = D74E623B1875A79700D8FA13;
			productRefGroup = D74E62471875A7A400D8FA13 /* Products */;
			projectDirPath = "";
			projectRoot = "";
			targets = (
				D74E625F1875A90800D8FA13 /* all */,
				D74E62451875A7A400D8FA13 /* ffmpegReader */,
				D74E62CB1875AB4600D8FA13 /* ffmpegWriter */,
				D709B95218787D6700D5A0B4 /* exrReader */,
				D769DE121879A07800AED3D6 /* exrWriter */,
				D7330DD018867B35004A6199 /* oiioReader */,
			);
		};
/* End PBXProject section */

/* Begin PBXSourcesBuildPhase section */
		D709B94F18787D6700D5A0B4 /* Sources */ = {
			isa = PBXSourcesBuildPhase;
			buildActionMask = 2147483647;
			files = (
				D709B96A18787E4C00D5A0B4 /* GenericReader.cpp in Sources */,
				D709B96B18787E4C00D5A0B4 /* Lut.cpp in Sources */,
				D709B96C18787E4C00D5A0B4 /* ofxsCore.cpp in Sources */,
				D709B96E18787E4C00D5A0B4 /* ofxsImageEffect.cpp in Sources */,
				D709B96F18787E4C00D5A0B4 /* ofxsInteract.cpp in Sources */,
				D709B97018787E4C00D5A0B4 /* ofxsLog.cpp in Sources */,
				D709B97118787E4C00D5A0B4 /* ofxsMultiThread.cpp in Sources */,
				D709B97218787E4C00D5A0B4 /* ofxsParams.cpp in Sources */,
				D709B97318787E4C00D5A0B4 /* ofxsProperty.cpp in Sources */,
				D709B97418787E4C00D5A0B4 /* ofxsPropertyValidation.cpp in Sources */,
				D709B96718787DBE00D5A0B4 /* exrReader.cpp in Sources */,
			);
			runOnlyForDeploymentPostprocessing = 0;
		};
		D7330DCD18867B35004A6199 /* Sources */ = {
			isa = PBXSourcesBuildPhase;
			buildActionMask = 2147483647;
			files = (
				D7330DE718867C06004A6199 /* GenericReader.cpp in Sources */,
				D7330DE818867C06004A6199 /* Lut.cpp in Sources */,
				D7330DE918867C06004A6199 /* ofxsCore.cpp in Sources */,
				D7330DEA18867C06004A6199 /* ofxsHWNDInteract.cpp in Sources */,
				D7330DEB18867C06004A6199 /* ofxsImageEffect.cpp in Sources */,
				D7330DEC18867C06004A6199 /* ofxsInteract.cpp in Sources */,
				D7330DED18867C06004A6199 /* ofxsLog.cpp in Sources */,
				D7330DEE18867C06004A6199 /* ofxsMultiThread.cpp in Sources */,
				D7330DEF18867C06004A6199 /* ofxsParams.cpp in Sources */,
				D7330DF018867C06004A6199 /* ofxsProperty.cpp in Sources */,
				D7330DF118867C06004A6199 /* ofxsPropertyValidation.cpp in Sources */,
				D7330DF218867C06004A6199 /* ofxsSupportPrivate.h in Sources */,
				D7330DE518867BCD004A6199 /* oiioReader.cpp in Sources */,
			);
			runOnlyForDeploymentPostprocessing = 0;
		};
		D74E62421875A7A400D8FA13 /* Sources */ = {
			isa = PBXSourcesBuildPhase;
			buildActionMask = 2147483647;
			files = (
				D74E62B41875AB0800D8FA13 /* ofxsImageEffect.cpp in Sources */,
				D74E62B81875AB0800D8FA13 /* ofxsParams.cpp in Sources */,
				D74E62B91875AB0800D8FA13 /* ofxsProperty.cpp in Sources */,
				D74E62B51875AB0800D8FA13 /* ofxsInteract.cpp in Sources */,
				D74E62C61875AB2000D8FA13 /* Lut.cpp in Sources */,
				D74E62C21875AB2000D8FA13 /* GenericReader.cpp in Sources */,
				D74E626B1875A9C800D8FA13 /* FfmpegHandler.cpp in Sources */,
				D74E62B21875AB0800D8FA13 /* ofxsCore.cpp in Sources */,
				D74E62B71875AB0800D8FA13 /* ofxsMultiThread.cpp in Sources */,
				D74E62B61875AB0800D8FA13 /* ofxsLog.cpp in Sources */,
				D74E626D1875A9C800D8FA13 /* ffmpegReader.cpp in Sources */,
				D74E62BA1875AB0800D8FA13 /* ofxsPropertyValidation.cpp in Sources */,
			);
			runOnlyForDeploymentPostprocessing = 0;
		};
		D74E62C81875AB4600D8FA13 /* Sources */ = {
			isa = PBXSourcesBuildPhase;
			buildActionMask = 2147483647;
			files = (
				D74E62E51875ABE400D8FA13 /* GenericWriter.cpp in Sources */,
				D74E62E61875ABE400D8FA13 /* Lut.cpp in Sources */,
				D74E62E71875ABE400D8FA13 /* ofxsCore.cpp in Sources */,
				D74E62E91875ABE400D8FA13 /* ofxsImageEffect.cpp in Sources */,
				D74E62EA1875ABE400D8FA13 /* ofxsInteract.cpp in Sources */,
				D74E62EB1875ABE400D8FA13 /* ofxsLog.cpp in Sources */,
				D74E62EC1875ABE400D8FA13 /* ofxsMultiThread.cpp in Sources */,
				D74E62ED1875ABE400D8FA13 /* ofxsParams.cpp in Sources */,
				D74E62EE1875ABE400D8FA13 /* ofxsProperty.cpp in Sources */,
				D74E62EF1875ABE400D8FA13 /* ofxsPropertyValidation.cpp in Sources */,
				D74E62E11875ABCB00D8FA13 /* ffmpegWriter.cpp in Sources */,
			);
			runOnlyForDeploymentPostprocessing = 0;
		};
		D769DE0F1879A07800AED3D6 /* Sources */ = {
			isa = PBXSourcesBuildPhase;
			buildActionMask = 2147483647;
			files = (
				D769DE2B1879A12C00AED3D6 /* GenericWriter.cpp in Sources */,
				D769DE2C1879A12C00AED3D6 /* Lut.cpp in Sources */,
				D769DE2D1879A12C00AED3D6 /* ofxsCore.cpp in Sources */,
				D769DE2F1879A12C00AED3D6 /* ofxsImageEffect.cpp in Sources */,
				D769DE301879A12C00AED3D6 /* ofxsInteract.cpp in Sources */,
				D769DE311879A12C00AED3D6 /* ofxsLog.cpp in Sources */,
				D769DE321879A12C00AED3D6 /* ofxsMultiThread.cpp in Sources */,
				D769DE331879A12C00AED3D6 /* ofxsParams.cpp in Sources */,
				D769DE341879A12C00AED3D6 /* ofxsProperty.cpp in Sources */,
				D769DE351879A12C00AED3D6 /* ofxsPropertyValidation.cpp in Sources */,
				D769DE291879A11600AED3D6 /* exrWriter.cpp in Sources */,
			);
			runOnlyForDeploymentPostprocessing = 0;
		};
/* End PBXSourcesBuildPhase section */

/* Begin PBXTargetDependency section */
		D709B977187890F900D5A0B4 /* PBXTargetDependency */ = {
			isa = PBXTargetDependency;
			target = D709B95218787D6700D5A0B4 /* exrReader */;
			targetProxy = D709B976187890F900D5A0B4 /* PBXContainerItemProxy */;
		};
		D7330E0618867C2E004A6199 /* PBXTargetDependency */ = {
			isa = PBXTargetDependency;
			target = D7330DD018867B35004A6199 /* oiioReader */;
			targetProxy = D7330E0518867C2E004A6199 /* PBXContainerItemProxy */;
		};
		D74E62641875A91100D8FA13 /* PBXTargetDependency */ = {
			isa = PBXTargetDependency;
			target = D74E62451875A7A400D8FA13 /* ffmpegReader */;
			targetProxy = D74E62631875A91100D8FA13 /* PBXContainerItemProxy */;
		};
		D74E62E41875ABD400D8FA13 /* PBXTargetDependency */ = {
			isa = PBXTargetDependency;
			target = D74E62CB1875AB4600D8FA13 /* ffmpegWriter */;
			targetProxy = D74E62E31875ABD400D8FA13 /* PBXContainerItemProxy */;
		};
		D769DE261879A08300AED3D6 /* PBXTargetDependency */ = {
			isa = PBXTargetDependency;
			target = D769DE121879A07800AED3D6 /* exrWriter */;
			targetProxy = D769DE251879A08300AED3D6 /* PBXContainerItemProxy */;
		};
/* End PBXTargetDependency section */

/* Begin XCBuildConfiguration section */
		D709B96218787D6700D5A0B4 /* Debug */ = {
			isa = XCBuildConfiguration;
			buildSettings = {
				EXR_PATH = /opt/local;
				HEADER_SEARCH_PATHS = (
					"$(inherited)",
					"$(EXR_PATH)/include/OpenEXR",
				);
				INFOPLIST_FILE = exrReader/Info.plist;
				LIBRARY_SEARCH_PATHS = "$(EXR_PATH)/lib";
				OTHER_LDFLAGS = (
					"$(inherited)",
					"-L$(EXR_PATH)/lib",
					"-lIlmThread",
					"-lImath",
					"-lHalf",
					"-lIex",
					"-lIlmImf",
				);
				PRODUCT_NAME = "$(TARGET_NAME).ofx";
			};
			name = Debug;
		};
		D709B96318787D6700D5A0B4 /* Release */ = {
			isa = XCBuildConfiguration;
			buildSettings = {
				EXR_PATH = /opt/local;
				HEADER_SEARCH_PATHS = (
					"$(inherited)",
					"$(EXR_PATH)/include/OpenEXR",
				);
				INFOPLIST_FILE = exrReader/Info.plist;
				LIBRARY_SEARCH_PATHS = "$(EXR_PATH)/lib";
				OTHER_LDFLAGS = (
					"$(inherited)",
					"-L$(EXR_PATH)/lib",
					"-lIlmThread",
					"-lImath",
					"-lHalf",
					"-lIex",
					"-lIlmImf",
				);
				PRODUCT_NAME = "$(TARGET_NAME).ofx";
			};
			name = Release;
		};
		D7330DE018867B35004A6199 /* Debug */ = {
			isa = XCBuildConfiguration;
			buildSettings = {
				ALWAYS_SEARCH_USER_PATHS = NO;
				COMBINE_HIDPI_IMAGES = YES;
				HEADER_SEARCH_PATHS = (
					"$(OFX_PATH)/include",
					"$(OFX_PATH)/Support/include",
					"$(OFX_PATH)/Support/Plugins/include",
					"$(OCCIO_PATH)/include",
					"$(OIIO_PATH)/include",
				);
				INFOPLIST_FILE = oiioReader/Info.plist;
				LIBRARY_SEARCH_PATHS = "$(OIIO_PATH)/lib";
				MACOSX_DEPLOYMENT_TARGET = 10.8;
				OIIO_PATH = /opt/local;
				OTHER_LDFLAGS = (
					"-L$(OIIO_PATH)/lib",
					"-lOpenImageIO",
				);
				PRODUCT_NAME = "$(TARGET_NAME).ofx";
				SDKROOT = macosx;
			};
			name = Debug;
		};
		D7330DE118867B35004A6199 /* Release */ = {
			isa = XCBuildConfiguration;
			buildSettings = {
				ALWAYS_SEARCH_USER_PATHS = NO;
				COMBINE_HIDPI_IMAGES = YES;
				COPY_PHASE_STRIP = YES;
				HEADER_SEARCH_PATHS = (
					"$(OFX_PATH)/include",
					"$(OFX_PATH)/Support/include",
					"$(OFX_PATH)/Support/Plugins/include",
					"$(OCCIO_PATH)/include",
					"$(OIIO_PATH)/include",
				);
				INFOPLIST_FILE = oiioReader/Info.plist;
				LIBRARY_SEARCH_PATHS = "$(OIIO_PATH)/lib";
				MACOSX_DEPLOYMENT_TARGET = 10.8;
				OIIO_PATH = /opt/local;
				OTHER_LDFLAGS = (
					"-L$(OIIO_PATH)/lib",
					"-lOpenImageIO",
				);
				PRODUCT_NAME = "$(TARGET_NAME).ofx";
				SDKROOT = macosx;
			};
			name = Release;
		};
		D74E62401875A79700D8FA13 /* Debug */ = {
			isa = XCBuildConfiguration;
			buildSettings = {
				COPY_PHASE_STRIP = NO;
				EXPORTED_SYMBOLS_FILE = "$(OFX_PATH)/Support/include/osxSymbols";
				GCC_PREPROCESSOR_DEFINITIONS = (
					OFX_EXTENSIONS_NATRON,
					OFX_EXTENSIONS_VEGAS,
					OFX_EXTENSIONS_NUKE,
					"DEBUG=1",
				);
				HEADER_SEARCH_PATHS = (
					"$(OFX_PATH)/include",
					"$(OFX_PATH)/Support/include",
					"$(OFX_PATH)/Support/Plugins/include",
					"$(OCCIO_PATH)/include",
				);
				INSTALL_PATH = "$(LOCAL_LIBRARY_DIR)/OFX/Plugins/$(PROJECT_NAME)";
				LD_RUNPATH_SEARCH_PATHS = "@loader_path/../Frameworks @loader_path/../Libraries";
				OCCIO_PATH = /opt/local;
				OFX_PATH = openfx;
				ONLY_ACTIVE_ARCH = YES;
				OTHER_LDFLAGS = "";
			};
			name = Debug;
		};
		D74E62411875A79700D8FA13 /* Release */ = {
			isa = XCBuildConfiguration;
			buildSettings = {
				DEBUG_INFORMATION_FORMAT = "dwarf-with-dsym";
				EXPORTED_SYMBOLS_FILE = "$(OFX_PATH)/Support/include/osxSymbols";
				GCC_PREPROCESSOR_DEFINITIONS = (
					OFX_EXTENSIONS_NATRON,
					OFX_EXTENSIONS_VEGAS,
					OFX_EXTENSIONS_NUKE,
				);
				HEADER_SEARCH_PATHS = (
					"$(OFX_PATH)/include",
					"$(OFX_PATH)/Support/include",
					"$(OFX_PATH)/Support/Plugins/include",
					"$(OCCIO_PATH)/include",
				);
				INSTALL_PATH = "$(LOCAL_LIBRARY_DIR)/OFX/Plugins/$(PROJECT_NAME)";
				LD_RUNPATH_SEARCH_PATHS = "@loader_path/../Frameworks @loader_path/../Libraries";
				OCCIO_PATH = /opt/local;
				OFX_PATH = openfx;
				OTHER_LDFLAGS = "";
			};
			name = Release;
		};
		D74E62591875A7A400D8FA13 /* Debug */ = {
			isa = XCBuildConfiguration;
			buildSettings = {
				FFMPEG_PATH = /opt/local;
				HEADER_SEARCH_PATHS = (
					"$(inherited)",
					"$(FFMPEG_PATH)/include",
				);
				INFOPLIST_FILE = ffmpegReader/Info.plist;
				OTHER_LDFLAGS = (
					"$(inherited)",
					"-L$(FFMPEG_PATH)/lib",
					"-lavcodec",
					"-lavformat",
					"-lavutil",
					"-lswscale",
				);
				PRODUCT_NAME = "$(TARGET_NAME).ofx";
			};
			name = Debug;
		};
		D74E625A1875A7A400D8FA13 /* Release */ = {
			isa = XCBuildConfiguration;
			buildSettings = {
				FFMPEG_PATH = /opt/local;
				HEADER_SEARCH_PATHS = (
					"$(inherited)",
					"$(FFMPEG_PATH)/include",
				);
				INFOPLIST_FILE = ffmpegReader/Info.plist;
				OTHER_LDFLAGS = (
					"$(inherited)",
					"-L$(FFMPEG_PATH)/lib",
					"-lavcodec",
					"-lavformat",
					"-lavutil",
					"-lswscale",
				);
				PRODUCT_NAME = "$(TARGET_NAME).ofx";
			};
			name = Release;
		};
		D74E62611875A90800D8FA13 /* Debug */ = {
			isa = XCBuildConfiguration;
			buildSettings = {
				PRODUCT_NAME = "$(TARGET_NAME)";
			};
			name = Debug;
		};
		D74E62621875A90800D8FA13 /* Release */ = {
			isa = XCBuildConfiguration;
			buildSettings = {
				PRODUCT_NAME = "$(TARGET_NAME)";
			};
			name = Release;
		};
		D74E62DC1875AB4600D8FA13 /* Debug */ = {
			isa = XCBuildConfiguration;
			buildSettings = {
				ALWAYS_SEARCH_USER_PATHS = NO;
				FFMPEG_PATH = /opt/local;
				HEADER_SEARCH_PATHS = (
					"$(inherited)",
					"$(FFMPEG_PATH)/include",
				);
				INFOPLIST_FILE = ffmpegWriter/Info.plist;
				OTHER_LDFLAGS = (
					"$(inherited)",
					"-L$(FFMPEG_PATH)/lib",
					"-lswscale",
					"-lavutil",
					"-lavformat",
					"-lavcodec",
				);
				PRODUCT_NAME = "$(TARGET_NAME).ofx";
			};
			name = Debug;
		};
		D74E62DD1875AB4600D8FA13 /* Release */ = {
			isa = XCBuildConfiguration;
			buildSettings = {
				ALWAYS_SEARCH_USER_PATHS = NO;
				FFMPEG_PATH = /opt/local;
				HEADER_SEARCH_PATHS = (
					"$(inherited)",
					"$(FFMPEG_PATH)/include",
				);
				INFOPLIST_FILE = ffmpegWriter/Info.plist;
				OTHER_LDFLAGS = (
					"$(inherited)",
					"-L$(FFMPEG_PATH)/lib",
					"-lswscale",
					"-lavutil",
					"-lavformat",
					"-lavcodec",
				);
				PRODUCT_NAME = "$(TARGET_NAME).ofx";
			};
			name = Release;
		};
		D769DE221879A07800AED3D6 /* Debug */ = {
			isa = XCBuildConfiguration;
			buildSettings = {
				EXR_PATH = /opt/local;
				HEADER_SEARCH_PATHS = (
					"$(inherited)",
					"$(EXR_PATH)/include/OpenEXR",
				);
				INFOPLIST_FILE = exrWriter/Info.plist;
				LIBRARY_SEARCH_PATHS = (
					"$(inherited)",
					"$(EXR_PATH)/lib",
				);
				OTHER_LDFLAGS = (
					"$(inherited)",
					"-L$(EXR_PATH)/lib",
					"-lIlmImf",
					"-lImath",
					"-lIex",
					"-lHalf",
					"-lIlmThread",
				);
				PRODUCT_NAME = "$(TARGET_NAME).ofx";
			};
			name = Debug;
		};
		D769DE231879A07800AED3D6 /* Release */ = {
			isa = XCBuildConfiguration;
			buildSettings = {
				EXR_PATH = /opt/local;
				HEADER_SEARCH_PATHS = (
					"$(inherited)",
					"$(EXR_PATH)/include/OpenEXR",
				);
				INFOPLIST_FILE = exrWriter/Info.plist;
				LIBRARY_SEARCH_PATHS = (
					"$(inherited)",
					"$(EXR_PATH)/lib",
				);
				OTHER_LDFLAGS = (
					"$(inherited)",
					"-L$(EXR_PATH)/lib",
					"-lIlmImf",
					"-lImath",
					"-lIex",
					"-lHalf",
					"-lIlmThread",
				);
				PRODUCT_NAME = "$(TARGET_NAME).ofx";
			};
			name = Release;
		};
/* End XCBuildConfiguration section */

/* Begin XCConfigurationList section */
		D709B96418787D6700D5A0B4 /* Build configuration list for PBXNativeTarget "exrReader" */ = {
			isa = XCConfigurationList;
			buildConfigurations = (
				D709B96218787D6700D5A0B4 /* Debug */,
				D709B96318787D6700D5A0B4 /* Release */,
			);
			defaultConfigurationIsVisible = 0;
			defaultConfigurationName = Release;
		};
		D7330DE218867B35004A6199 /* Build configuration list for PBXNativeTarget "oiioReader" */ = {
			isa = XCConfigurationList;
			buildConfigurations = (
				D7330DE018867B35004A6199 /* Debug */,
				D7330DE118867B35004A6199 /* Release */,
			);
			defaultConfigurationIsVisible = 0;
		};
		D74E623F1875A79700D8FA13 /* Build configuration list for PBXProject "Io" */ = {
			isa = XCConfigurationList;
			buildConfigurations = (
				D74E62401875A79700D8FA13 /* Debug */,
				D74E62411875A79700D8FA13 /* Release */,
			);
			defaultConfigurationIsVisible = 0;
			defaultConfigurationName = Release;
		};
		D74E62581875A7A400D8FA13 /* Build configuration list for PBXNativeTarget "ffmpegReader" */ = {
			isa = XCConfigurationList;
			buildConfigurations = (
				D74E62591875A7A400D8FA13 /* Debug */,
				D74E625A1875A7A400D8FA13 /* Release */,
			);
			defaultConfigurationIsVisible = 0;
			defaultConfigurationName = Release;
		};
		D74E62601875A90800D8FA13 /* Build configuration list for PBXAggregateTarget "all" */ = {
			isa = XCConfigurationList;
			buildConfigurations = (
				D74E62611875A90800D8FA13 /* Debug */,
				D74E62621875A90800D8FA13 /* Release */,
			);
			defaultConfigurationIsVisible = 0;
			defaultConfigurationName = Release;
		};
		D74E62DB1875AB4600D8FA13 /* Build configuration list for PBXNativeTarget "ffmpegWriter" */ = {
			isa = XCConfigurationList;
			buildConfigurations = (
				D74E62DC1875AB4600D8FA13 /* Debug */,
				D74E62DD1875AB4600D8FA13 /* Release */,
			);
			defaultConfigurationIsVisible = 0;
			defaultConfigurationName = Release;
		};
		D769DE241879A07800AED3D6 /* Build configuration list for PBXNativeTarget "exrWriter" */ = {
			isa = XCConfigurationList;
			buildConfigurations = (
				D769DE221879A07800AED3D6 /* Debug */,
				D769DE231879A07800AED3D6 /* Release */,
			);
			defaultConfigurationIsVisible = 0;
			defaultConfigurationName = Release;
		};
/* End XCConfigurationList section */
	};
	rootObject = D74E623C1875A79700D8FA13 /* Project object */;
}
