// !$*UTF8*$!
{
	archiveVersion = 1;
	classes = {
	};
	objectVersion = 46;
	objects = {

/* Begin PBXAggregateTarget section */
		D74E625F1875A90800D8FA13 /* all */ = {
			isa = PBXAggregateTarget;
			buildConfigurationList = D74E62601875A90800D8FA13 /* Build configuration list for PBXAggregateTarget "all" */;
			buildPhases = (
			);
			dependencies = (
				1E2F4DDC189296E800F4CE25 /* PBXTargetDependency */,
			);
			name = all;
			productName = all;
		};
/* End PBXAggregateTarget section */

/* Begin PBXBuildFile section */
		1E00B38F188EE887003BC7F3 /* GenericReader.cpp in Sources */ = {isa = PBXBuildFile; fileRef = 1E00B387188EE887003BC7F3 /* GenericReader.cpp */; };
		1E00B391188EE887003BC7F3 /* GenericReader.cpp in Sources */ = {isa = PBXBuildFile; fileRef = 1E00B387188EE887003BC7F3 /* GenericReader.cpp */; };
		1E00B393188EE887003BC7F3 /* GenericReader.cpp in Sources */ = {isa = PBXBuildFile; fileRef = 1E00B387188EE887003BC7F3 /* GenericReader.cpp */; };
		1E00B395188EE887003BC7F3 /* GenericReader.h in Headers */ = {isa = PBXBuildFile; fileRef = 1E00B388188EE887003BC7F3 /* GenericReader.h */; };
		1E00B397188EE887003BC7F3 /* GenericReader.h in Headers */ = {isa = PBXBuildFile; fileRef = 1E00B388188EE887003BC7F3 /* GenericReader.h */; };
		1E00B399188EE887003BC7F3 /* GenericReader.h in Headers */ = {isa = PBXBuildFile; fileRef = 1E00B388188EE887003BC7F3 /* GenericReader.h */; };
		1E00B39B188EE887003BC7F3 /* GenericWriter.cpp in Sources */ = {isa = PBXBuildFile; fileRef = 1E00B389188EE887003BC7F3 /* GenericWriter.cpp */; };
		1E00B39D188EE887003BC7F3 /* GenericWriter.cpp in Sources */ = {isa = PBXBuildFile; fileRef = 1E00B389188EE887003BC7F3 /* GenericWriter.cpp */; };
		1E00B39F188EE887003BC7F3 /* GenericWriter.cpp in Sources */ = {isa = PBXBuildFile; fileRef = 1E00B389188EE887003BC7F3 /* GenericWriter.cpp */; };
		1E00B3A1188EE887003BC7F3 /* GenericWriter.h in Headers */ = {isa = PBXBuildFile; fileRef = 1E00B38A188EE887003BC7F3 /* GenericWriter.h */; };
		1E00B3A3188EE887003BC7F3 /* GenericWriter.h in Headers */ = {isa = PBXBuildFile; fileRef = 1E00B38A188EE887003BC7F3 /* GenericWriter.h */; };
		1E00B3A5188EE887003BC7F3 /* GenericWriter.h in Headers */ = {isa = PBXBuildFile; fileRef = 1E00B38A188EE887003BC7F3 /* GenericWriter.h */; };
		1E00B3CA188EE90A003BC7F3 /* PluginRegistration.cpp in Sources */ = {isa = PBXBuildFile; fileRef = 1E00B3C4188EE90A003BC7F3 /* PluginRegistration.cpp */; };
		1E00B3CB188EE90A003BC7F3 /* ReadEXR.cpp in Sources */ = {isa = PBXBuildFile; fileRef = 1E00B3C5188EE90A003BC7F3 /* ReadEXR.cpp */; };
		1E00B3CC188EE90A003BC7F3 /* ReadEXR.h in Headers */ = {isa = PBXBuildFile; fileRef = 1E00B3C6188EE90A003BC7F3 /* ReadEXR.h */; };
		1E00B3CD188EE90A003BC7F3 /* WriteEXR.cpp in Sources */ = {isa = PBXBuildFile; fileRef = 1E00B3C7188EE90A003BC7F3 /* WriteEXR.cpp */; };
		1E00B3CE188EE90A003BC7F3 /* WriteEXR.h in Headers */ = {isa = PBXBuildFile; fileRef = 1E00B3C8188EE90A003BC7F3 /* WriteEXR.h */; };
		1E00B3DA188EE923003BC7F3 /* FFmpegCompat.h in Headers */ = {isa = PBXBuildFile; fileRef = 1E00B3D0188EE923003BC7F3 /* FFmpegCompat.h */; };
		1E00B3DB188EE923003BC7F3 /* FFmpegHandler.cpp in Sources */ = {isa = PBXBuildFile; fileRef = 1E00B3D1188EE923003BC7F3 /* FFmpegHandler.cpp */; };
		1E00B3DC188EE923003BC7F3 /* FFmpegHandler.h in Headers */ = {isa = PBXBuildFile; fileRef = 1E00B3D2188EE923003BC7F3 /* FFmpegHandler.h */; };
		1E00B3DE188EE923003BC7F3 /* PluginRegistration.cpp in Sources */ = {isa = PBXBuildFile; fileRef = 1E00B3D5188EE923003BC7F3 /* PluginRegistration.cpp */; };
		1E00B3DF188EE923003BC7F3 /* ReadFFmpeg.cpp in Sources */ = {isa = PBXBuildFile; fileRef = 1E00B3D6188EE923003BC7F3 /* ReadFFmpeg.cpp */; };
		1E00B3E0188EE923003BC7F3 /* ReadFFmpeg.h in Headers */ = {isa = PBXBuildFile; fileRef = 1E00B3D7188EE923003BC7F3 /* ReadFFmpeg.h */; };
		1E00B3E1188EE923003BC7F3 /* WriteFFmpeg.cpp in Sources */ = {isa = PBXBuildFile; fileRef = 1E00B3D8188EE923003BC7F3 /* WriteFFmpeg.cpp */; };
		1E00B3E2188EE923003BC7F3 /* WriteFFmpeg.h in Headers */ = {isa = PBXBuildFile; fileRef = 1E00B3D9188EE923003BC7F3 /* WriteFFmpeg.h */; };
		1E00B3EC188EEBC5003BC7F3 /* PluginRegistration.cpp in Sources */ = {isa = PBXBuildFile; fileRef = 1E00B3E6188EEBC5003BC7F3 /* PluginRegistration.cpp */; };
		1E00B3ED188EEBC5003BC7F3 /* ReadOIIO.cpp in Sources */ = {isa = PBXBuildFile; fileRef = 1E00B3E7188EEBC5003BC7F3 /* ReadOIIO.cpp */; };
		1E00B3EE188EEBC5003BC7F3 /* ReadOIIO.h in Headers */ = {isa = PBXBuildFile; fileRef = 1E00B3E8188EEBC5003BC7F3 /* ReadOIIO.h */; };
		1E00B3EF188EEBC5003BC7F3 /* WriteOIIO.cpp in Sources */ = {isa = PBXBuildFile; fileRef = 1E00B3E9188EEBC5003BC7F3 /* WriteOIIO.cpp */; };
		1E00B3F0188EEBC5003BC7F3 /* WriteOIIO.h in Headers */ = {isa = PBXBuildFile; fileRef = 1E00B3EA188EEBC5003BC7F3 /* WriteOIIO.h */; };
		1E2F4D99189295F600F4CE25 /* ReadFFmpeg.cpp in Sources */ = {isa = PBXBuildFile; fileRef = 1E00B3D6188EE923003BC7F3 /* ReadFFmpeg.cpp */; };
		1E2F4D9A189295F600F4CE25 /* GenericWriter.cpp in Sources */ = {isa = PBXBuildFile; fileRef = 1E00B389188EE887003BC7F3 /* GenericWriter.cpp */; };
		1E2F4D9B189295F600F4CE25 /* ofxsProperty.cpp in Sources */ = {isa = PBXBuildFile; fileRef = 1E74D82E1891074000E9034B /* ofxsProperty.cpp */; };
		1E2F4D9C189295F600F4CE25 /* FFmpegHandler.cpp in Sources */ = {isa = PBXBuildFile; fileRef = 1E00B3D1188EE923003BC7F3 /* FFmpegHandler.cpp */; };
		1E2F4D9D189295F600F4CE25 /* ofxsCore.cpp in Sources */ = {isa = PBXBuildFile; fileRef = 1E74D8281891074000E9034B /* ofxsCore.cpp */; };
		1E2F4D9E189295F600F4CE25 /* ofxsParams.cpp in Sources */ = {isa = PBXBuildFile; fileRef = 1E74D82D1891074000E9034B /* ofxsParams.cpp */; };
		1E2F4D9F189295F600F4CE25 /* ofxsImageEffect.cpp in Sources */ = {isa = PBXBuildFile; fileRef = 1E74D8291891074000E9034B /* ofxsImageEffect.cpp */; };
		1E2F4DA0189295F600F4CE25 /* GenericOCIO.cpp in Sources */ = {isa = PBXBuildFile; fileRef = 1E74D84F189115BC00E9034B /* GenericOCIO.cpp */; };
		1E2F4DA1189295F600F4CE25 /* ofxsPropertyValidation.cpp in Sources */ = {isa = PBXBuildFile; fileRef = 1E74D82F1891074000E9034B /* ofxsPropertyValidation.cpp */; };
		1E2F4DA5189295F600F4CE25 /* GenericReader.cpp in Sources */ = {isa = PBXBuildFile; fileRef = 1E00B387188EE887003BC7F3 /* GenericReader.cpp */; };
		1E2F4DA6189295F600F4CE25 /* ofxsLog.cpp in Sources */ = {isa = PBXBuildFile; fileRef = 1E74D82B1891074000E9034B /* ofxsLog.cpp */; };
		1E2F4DA7189295F600F4CE25 /* WriteFFmpeg.cpp in Sources */ = {isa = PBXBuildFile; fileRef = 1E00B3D8188EE923003BC7F3 /* WriteFFmpeg.cpp */; };
		1E2F4DA8189295F600F4CE25 /* ofxsInteract.cpp in Sources */ = {isa = PBXBuildFile; fileRef = 1E74D82A1891074000E9034B /* ofxsInteract.cpp */; };
		1E2F4DA9189295F600F4CE25 /* ofxsMultiThread.cpp in Sources */ = {isa = PBXBuildFile; fileRef = 1E74D82C1891074000E9034B /* ofxsMultiThread.cpp */; };
		1E2F4DAB189295F600F4CE25 /* CoreFoundation.framework in Frameworks */ = {isa = PBXBuildFile; fileRef = D74E62491875A7A400D8FA13 /* CoreFoundation.framework */; };
		1E2F4DAD189295F600F4CE25 /* ofxInteract.h in Headers */ = {isa = PBXBuildFile; fileRef = D74E62751875AAB500D8FA13 /* ofxInteract.h */; };
		1E2F4DAE189295F600F4CE25 /* WriteFFmpeg.h in Headers */ = {isa = PBXBuildFile; fileRef = 1E00B3D9188EE923003BC7F3 /* WriteFFmpeg.h */; };
		1E2F4DAF189295F600F4CE25 /* ofxImageEffect.h in Headers */ = {isa = PBXBuildFile; fileRef = D74E62741875AAB500D8FA13 /* ofxImageEffect.h */; };
		1E2F4DB0189295F600F4CE25 /* ofxMultiThread.h in Headers */ = {isa = PBXBuildFile; fileRef = D74E62791875AAB500D8FA13 /* ofxMultiThread.h */; };
		1E2F4DB1189295F600F4CE25 /* ofxDialog.h in Headers */ = {isa = PBXBuildFile; fileRef = D74E62731875AAB500D8FA13 /* ofxDialog.h */; };
		1E2F4DB2189295F600F4CE25 /* GenericWriter.h in Headers */ = {isa = PBXBuildFile; fileRef = 1E00B38A188EE887003BC7F3 /* GenericWriter.h */; };
		1E2F4DB3189295F600F4CE25 /* FFmpegHandler.h in Headers */ = {isa = PBXBuildFile; fileRef = 1E00B3D2188EE923003BC7F3 /* FFmpegHandler.h */; };
		1E2F4DB4189295F600F4CE25 /* ofxProgress.h in Headers */ = {isa = PBXBuildFile; fileRef = D74E627E1875AAB500D8FA13 /* ofxProgress.h */; };
		1E2F4DB5189295F600F4CE25 /* GenericReader.h in Headers */ = {isa = PBXBuildFile; fileRef = 1E00B388188EE887003BC7F3 /* GenericReader.h */; };
		1E2F4DB6189295F600F4CE25 /* ofxsSupportPrivate.h in Headers */ = {isa = PBXBuildFile; fileRef = 1E74D8301891074000E9034B /* ofxsSupportPrivate.h */; };
		1E2F4DB7189295F600F4CE25 /* ofxProperty.h in Headers */ = {isa = PBXBuildFile; fileRef = D74E627F1875AAB500D8FA13 /* ofxProperty.h */; };
		1E2F4DB8189295F600F4CE25 /* ofxTimeLine.h in Headers */ = {isa = PBXBuildFile; fileRef = D74E62811875AAB500D8FA13 /* ofxTimeLine.h */; };
		1E2F4DB9189295F600F4CE25 /* ofxKeySyms.h in Headers */ = {isa = PBXBuildFile; fileRef = D74E62761875AAB500D8FA13 /* ofxKeySyms.h */; };
		1E2F4DBA189295F600F4CE25 /* ofxParametricParam.h in Headers */ = {isa = PBXBuildFile; fileRef = D74E627C1875AAB500D8FA13 /* ofxParametricParam.h */; };
		1E2F4DBC189295F600F4CE25 /* ofxParam.h in Headers */ = {isa = PBXBuildFile; fileRef = D74E627B1875AAB500D8FA13 /* ofxParam.h */; };
		1E2F4DBD189295F600F4CE25 /* ofxSonyVegas.h in Headers */ = {isa = PBXBuildFile; fileRef = D74E62801875AAB500D8FA13 /* ofxSonyVegas.h */; };
		1E2F4DBE189295F600F4CE25 /* ofxCore.h in Headers */ = {isa = PBXBuildFile; fileRef = D74E62721875AAB500D8FA13 /* ofxCore.h */; };
		1E2F4DBF189295F600F4CE25 /* ofxMemory.h in Headers */ = {isa = PBXBuildFile; fileRef = D74E62771875AAB500D8FA13 /* ofxMemory.h */; };
		1E2F4DC0189295F600F4CE25 /* IOExtensions.h in Headers */ = {isa = PBXBuildFile; fileRef = D74E62711875AAB500D8FA13 /* IOExtensions.h */; };
		1E2F4DC1189295F600F4CE25 /* ofxPixels.h in Headers */ = {isa = PBXBuildFile; fileRef = D74E627D1875AAB500D8FA13 /* ofxPixels.h */; };
		1E2F4DC2189295F600F4CE25 /* ofxOpenGLRender.h in Headers */ = {isa = PBXBuildFile; fileRef = D74E627A1875AAB500D8FA13 /* ofxOpenGLRender.h */; };
		1E2F4DC4189295F600F4CE25 /* ofxMessage.h in Headers */ = {isa = PBXBuildFile; fileRef = D74E62781875AAB500D8FA13 /* ofxMessage.h */; };
		1E2F4DC5189295F600F4CE25 /* FFmpegCompat.h in Headers */ = {isa = PBXBuildFile; fileRef = 1E00B3D0188EE923003BC7F3 /* FFmpegCompat.h */; };
		1E2F4DC6189295F600F4CE25 /* ReadFFmpeg.h in Headers */ = {isa = PBXBuildFile; fileRef = 1E00B3D7188EE923003BC7F3 /* ReadFFmpeg.h */; };
		1E2F4DCF1892965900F4CE25 /* SequenceParser.cpp in Sources */ = {isa = PBXBuildFile; fileRef = 1E2F4DCC1892965900F4CE25 /* SequenceParser.cpp */; };
		1E2F4DD01892965900F4CE25 /* SequenceParser.cpp in Sources */ = {isa = PBXBuildFile; fileRef = 1E2F4DCC1892965900F4CE25 /* SequenceParser.cpp */; };
		1E2F4DD11892965900F4CE25 /* SequenceParser.cpp in Sources */ = {isa = PBXBuildFile; fileRef = 1E2F4DCC1892965900F4CE25 /* SequenceParser.cpp */; };
		1E2F4DD21892965900F4CE25 /* SequenceParser.cpp in Sources */ = {isa = PBXBuildFile; fileRef = 1E2F4DCC1892965900F4CE25 /* SequenceParser.cpp */; };
		1E2F4DD31892965900F4CE25 /* SequenceParser.h in Headers */ = {isa = PBXBuildFile; fileRef = 1E2F4DCD1892965900F4CE25 /* SequenceParser.h */; };
		1E2F4DD41892965A00F4CE25 /* SequenceParser.h in Headers */ = {isa = PBXBuildFile; fileRef = 1E2F4DCD1892965900F4CE25 /* SequenceParser.h */; };
		1E2F4DD51892965A00F4CE25 /* SequenceParser.h in Headers */ = {isa = PBXBuildFile; fileRef = 1E2F4DCD1892965900F4CE25 /* SequenceParser.h */; };
		1E2F4DD61892965A00F4CE25 /* SequenceParser.h in Headers */ = {isa = PBXBuildFile; fileRef = 1E2F4DCD1892965900F4CE25 /* SequenceParser.h */; };
		1E2F4DD71892965A00F4CE25 /* tinydir.h in Headers */ = {isa = PBXBuildFile; fileRef = 1E2F4DCE1892965900F4CE25 /* tinydir.h */; };
		1E2F4DD81892965A00F4CE25 /* tinydir.h in Headers */ = {isa = PBXBuildFile; fileRef = 1E2F4DCE1892965900F4CE25 /* tinydir.h */; };
		1E2F4DD91892965A00F4CE25 /* tinydir.h in Headers */ = {isa = PBXBuildFile; fileRef = 1E2F4DCE1892965900F4CE25 /* tinydir.h */; };
		1E2F4DDA1892965A00F4CE25 /* tinydir.h in Headers */ = {isa = PBXBuildFile; fileRef = 1E2F4DCE1892965900F4CE25 /* tinydir.h */; };
		1E2F4DDD1892977800F4CE25 /* PluginRegistrationCombined.cpp in Sources */ = {isa = PBXBuildFile; fileRef = 1E2F4D96189295DA00F4CE25 /* PluginRegistrationCombined.cpp */; };
		1E2F4DDE1892977800F4CE25 /* ReadOIIO.cpp in Sources */ = {isa = PBXBuildFile; fileRef = 1E00B3E7188EEBC5003BC7F3 /* ReadOIIO.cpp */; };
		1E2F4DDF1892977800F4CE25 /* WriteOIIO.cpp in Sources */ = {isa = PBXBuildFile; fileRef = 1E00B3E9188EEBC5003BC7F3 /* WriteOIIO.cpp */; };
		1E2F4DE01892977800F4CE25 /* ReadEXR.cpp in Sources */ = {isa = PBXBuildFile; fileRef = 1E00B3C5188EE90A003BC7F3 /* ReadEXR.cpp */; };
		1E2F4DE11892977800F4CE25 /* WriteEXR.cpp in Sources */ = {isa = PBXBuildFile; fileRef = 1E00B3C7188EE90A003BC7F3 /* WriteEXR.cpp */; };
		1E74D8311891074000E9034B /* ofxsCore.cpp in Sources */ = {isa = PBXBuildFile; fileRef = 1E74D8281891074000E9034B /* ofxsCore.cpp */; };
		1E74D8321891074000E9034B /* ofxsCore.cpp in Sources */ = {isa = PBXBuildFile; fileRef = 1E74D8281891074000E9034B /* ofxsCore.cpp */; };
		1E74D8331891074000E9034B /* ofxsCore.cpp in Sources */ = {isa = PBXBuildFile; fileRef = 1E74D8281891074000E9034B /* ofxsCore.cpp */; };
		1E74D8341891074000E9034B /* ofxsImageEffect.cpp in Sources */ = {isa = PBXBuildFile; fileRef = 1E74D8291891074000E9034B /* ofxsImageEffect.cpp */; };
		1E74D8351891074000E9034B /* ofxsImageEffect.cpp in Sources */ = {isa = PBXBuildFile; fileRef = 1E74D8291891074000E9034B /* ofxsImageEffect.cpp */; };
		1E74D8361891074000E9034B /* ofxsImageEffect.cpp in Sources */ = {isa = PBXBuildFile; fileRef = 1E74D8291891074000E9034B /* ofxsImageEffect.cpp */; };
		1E74D8371891074000E9034B /* ofxsInteract.cpp in Sources */ = {isa = PBXBuildFile; fileRef = 1E74D82A1891074000E9034B /* ofxsInteract.cpp */; };
		1E74D8381891074000E9034B /* ofxsInteract.cpp in Sources */ = {isa = PBXBuildFile; fileRef = 1E74D82A1891074000E9034B /* ofxsInteract.cpp */; };
		1E74D8391891074000E9034B /* ofxsInteract.cpp in Sources */ = {isa = PBXBuildFile; fileRef = 1E74D82A1891074000E9034B /* ofxsInteract.cpp */; };
		1E74D83A1891074000E9034B /* ofxsLog.cpp in Sources */ = {isa = PBXBuildFile; fileRef = 1E74D82B1891074000E9034B /* ofxsLog.cpp */; };
		1E74D83B1891074000E9034B /* ofxsLog.cpp in Sources */ = {isa = PBXBuildFile; fileRef = 1E74D82B1891074000E9034B /* ofxsLog.cpp */; };
		1E74D83C1891074000E9034B /* ofxsLog.cpp in Sources */ = {isa = PBXBuildFile; fileRef = 1E74D82B1891074000E9034B /* ofxsLog.cpp */; };
		1E74D83D1891074000E9034B /* ofxsMultiThread.cpp in Sources */ = {isa = PBXBuildFile; fileRef = 1E74D82C1891074000E9034B /* ofxsMultiThread.cpp */; };
		1E74D83E1891074000E9034B /* ofxsMultiThread.cpp in Sources */ = {isa = PBXBuildFile; fileRef = 1E74D82C1891074000E9034B /* ofxsMultiThread.cpp */; };
		1E74D83F1891074000E9034B /* ofxsMultiThread.cpp in Sources */ = {isa = PBXBuildFile; fileRef = 1E74D82C1891074000E9034B /* ofxsMultiThread.cpp */; };
		1E74D8401891074000E9034B /* ofxsParams.cpp in Sources */ = {isa = PBXBuildFile; fileRef = 1E74D82D1891074000E9034B /* ofxsParams.cpp */; };
		1E74D8411891074000E9034B /* ofxsParams.cpp in Sources */ = {isa = PBXBuildFile; fileRef = 1E74D82D1891074000E9034B /* ofxsParams.cpp */; };
		1E74D8421891074000E9034B /* ofxsParams.cpp in Sources */ = {isa = PBXBuildFile; fileRef = 1E74D82D1891074000E9034B /* ofxsParams.cpp */; };
		1E74D8431891074000E9034B /* ofxsProperty.cpp in Sources */ = {isa = PBXBuildFile; fileRef = 1E74D82E1891074000E9034B /* ofxsProperty.cpp */; };
		1E74D8441891074000E9034B /* ofxsProperty.cpp in Sources */ = {isa = PBXBuildFile; fileRef = 1E74D82E1891074000E9034B /* ofxsProperty.cpp */; };
		1E74D8451891074000E9034B /* ofxsProperty.cpp in Sources */ = {isa = PBXBuildFile; fileRef = 1E74D82E1891074000E9034B /* ofxsProperty.cpp */; };
		1E74D8461891074000E9034B /* ofxsPropertyValidation.cpp in Sources */ = {isa = PBXBuildFile; fileRef = 1E74D82F1891074000E9034B /* ofxsPropertyValidation.cpp */; };
		1E74D8471891074000E9034B /* ofxsPropertyValidation.cpp in Sources */ = {isa = PBXBuildFile; fileRef = 1E74D82F1891074000E9034B /* ofxsPropertyValidation.cpp */; };
		1E74D8481891074000E9034B /* ofxsPropertyValidation.cpp in Sources */ = {isa = PBXBuildFile; fileRef = 1E74D82F1891074000E9034B /* ofxsPropertyValidation.cpp */; };
		1E74D8491891074000E9034B /* ofxsSupportPrivate.h in Headers */ = {isa = PBXBuildFile; fileRef = 1E74D8301891074000E9034B /* ofxsSupportPrivate.h */; };
		1E74D84A1891074000E9034B /* ofxsSupportPrivate.h in Headers */ = {isa = PBXBuildFile; fileRef = 1E74D8301891074000E9034B /* ofxsSupportPrivate.h */; };
		1E74D84B1891074000E9034B /* ofxsSupportPrivate.h in Headers */ = {isa = PBXBuildFile; fileRef = 1E74D8301891074000E9034B /* ofxsSupportPrivate.h */; };
		1E74D850189115BC00E9034B /* GenericOCIO.cpp in Sources */ = {isa = PBXBuildFile; fileRef = 1E74D84F189115BC00E9034B /* GenericOCIO.cpp */; };
		1E74D851189115BC00E9034B /* GenericOCIO.cpp in Sources */ = {isa = PBXBuildFile; fileRef = 1E74D84F189115BC00E9034B /* GenericOCIO.cpp */; };
		1E74D852189115BC00E9034B /* GenericOCIO.cpp in Sources */ = {isa = PBXBuildFile; fileRef = 1E74D84F189115BC00E9034B /* GenericOCIO.cpp */; };
		1E8B5DA618B7A2F300C31FDC /* ofxsProperty.cpp in Sources */ = {isa = PBXBuildFile; fileRef = 1E74D82E1891074000E9034B /* ofxsProperty.cpp */; };
		1E8B5DA718B7A2F300C31FDC /* ReadOIIO.cpp in Sources */ = {isa = PBXBuildFile; fileRef = 1E00B3E7188EEBC5003BC7F3 /* ReadOIIO.cpp */; };
		1E8B5DA818B7A2F300C31FDC /* GenericOCIO.cpp in Sources */ = {isa = PBXBuildFile; fileRef = 1E74D84F189115BC00E9034B /* GenericOCIO.cpp */; };
		1E8B5DA918B7A2F300C31FDC /* PluginRegistration.cpp in Sources */ = {isa = PBXBuildFile; fileRef = 1E00B3E6188EEBC5003BC7F3 /* PluginRegistration.cpp */; };
		1E8B5DAA18B7A2F300C31FDC /* ofxsCore.cpp in Sources */ = {isa = PBXBuildFile; fileRef = 1E74D8281891074000E9034B /* ofxsCore.cpp */; };
		1E8B5DAB18B7A2F300C31FDC /* ofxsParams.cpp in Sources */ = {isa = PBXBuildFile; fileRef = 1E74D82D1891074000E9034B /* ofxsParams.cpp */; };
		1E8B5DAC18B7A2F300C31FDC /* ofxsImageEffect.cpp in Sources */ = {isa = PBXBuildFile; fileRef = 1E74D8291891074000E9034B /* ofxsImageEffect.cpp */; };
		1E8B5DAD18B7A2F300C31FDC /* ofxsPropertyValidation.cpp in Sources */ = {isa = PBXBuildFile; fileRef = 1E74D82F1891074000E9034B /* ofxsPropertyValidation.cpp */; };
		1E8B5DAE18B7A2F300C31FDC /* SequenceParser.cpp in Sources */ = {isa = PBXBuildFile; fileRef = 1E2F4DCC1892965900F4CE25 /* SequenceParser.cpp */; };
		1E8B5DAF18B7A2F300C31FDC /* ofxsLog.cpp in Sources */ = {isa = PBXBuildFile; fileRef = 1E74D82B1891074000E9034B /* ofxsLog.cpp */; };
		1E8B5DB018B7A2F300C31FDC /* GenericWriter.cpp in Sources */ = {isa = PBXBuildFile; fileRef = 1E00B389188EE887003BC7F3 /* GenericWriter.cpp */; };
		1E8B5DB118B7A2F300C31FDC /* ofxsInteract.cpp in Sources */ = {isa = PBXBuildFile; fileRef = 1E74D82A1891074000E9034B /* ofxsInteract.cpp */; };
		1E8B5DB218B7A2F300C31FDC /* WriteOIIO.cpp in Sources */ = {isa = PBXBuildFile; fileRef = 1E00B3E9188EEBC5003BC7F3 /* WriteOIIO.cpp */; };
		1E8B5DB318B7A2F300C31FDC /* GenericReader.cpp in Sources */ = {isa = PBXBuildFile; fileRef = 1E00B387188EE887003BC7F3 /* GenericReader.cpp */; };
		1E8B5DB418B7A2F300C31FDC /* ofxsMultiThread.cpp in Sources */ = {isa = PBXBuildFile; fileRef = 1E74D82C1891074000E9034B /* ofxsMultiThread.cpp */; };
		1E8B5DB618B7A2F300C31FDC /* CoreFoundation.framework in Frameworks */ = {isa = PBXBuildFile; fileRef = D74E62491875A7A400D8FA13 /* CoreFoundation.framework */; };
		1E8B5DB818B7A2F300C31FDC /* ofxCore.h in Headers */ = {isa = PBXBuildFile; fileRef = D74E62721875AAB500D8FA13 /* ofxCore.h */; };
		1E8B5DB918B7A2F300C31FDC /* GenericWriter.h in Headers */ = {isa = PBXBuildFile; fileRef = 1E00B38A188EE887003BC7F3 /* GenericWriter.h */; };
		1E8B5DBA18B7A2F300C31FDC /* tinydir.h in Headers */ = {isa = PBXBuildFile; fileRef = 1E2F4DCE1892965900F4CE25 /* tinydir.h */; };
		1E8B5DBB18B7A2F300C31FDC /* ofxDialog.h in Headers */ = {isa = PBXBuildFile; fileRef = D74E62731875AAB500D8FA13 /* ofxDialog.h */; };
		1E8B5DBC18B7A2F300C31FDC /* ofxImageEffect.h in Headers */ = {isa = PBXBuildFile; fileRef = D74E62741875AAB500D8FA13 /* ofxImageEffect.h */; };
		1E8B5DBD18B7A2F300C31FDC /* ofxInteract.h in Headers */ = {isa = PBXBuildFile; fileRef = D74E62751875AAB500D8FA13 /* ofxInteract.h */; };
		1E8B5DBE18B7A2F300C31FDC /* SequenceParser.h in Headers */ = {isa = PBXBuildFile; fileRef = 1E2F4DCD1892965900F4CE25 /* SequenceParser.h */; };
		1E8B5DBF18B7A2F300C31FDC /* ofxKeySyms.h in Headers */ = {isa = PBXBuildFile; fileRef = D74E62761875AAB500D8FA13 /* ofxKeySyms.h */; };
		1E8B5DC018B7A2F300C31FDC /* ofxMemory.h in Headers */ = {isa = PBXBuildFile; fileRef = D74E62771875AAB500D8FA13 /* ofxMemory.h */; };
		1E8B5DC118B7A2F300C31FDC /* ofxMessage.h in Headers */ = {isa = PBXBuildFile; fileRef = D74E62781875AAB500D8FA13 /* ofxMessage.h */; };
		1E8B5DC218B7A2F300C31FDC /* WriteOIIO.h in Headers */ = {isa = PBXBuildFile; fileRef = 1E00B3EA188EEBC5003BC7F3 /* WriteOIIO.h */; };
		1E8B5DC318B7A2F300C31FDC /* ofxMultiThread.h in Headers */ = {isa = PBXBuildFile; fileRef = D74E62791875AAB500D8FA13 /* ofxMultiThread.h */; };
		1E8B5DC418B7A2F300C31FDC /* ofxOpenGLRender.h in Headers */ = {isa = PBXBuildFile; fileRef = D74E627A1875AAB500D8FA13 /* ofxOpenGLRender.h */; };
		1E8B5DC518B7A2F300C31FDC /* ofxParam.h in Headers */ = {isa = PBXBuildFile; fileRef = D74E627B1875AAB500D8FA13 /* ofxParam.h */; };
		1E8B5DC618B7A2F300C31FDC /* ofxParametricParam.h in Headers */ = {isa = PBXBuildFile; fileRef = D74E627C1875AAB500D8FA13 /* ofxParametricParam.h */; };
		1E8B5DC718B7A2F300C31FDC /* ofxPixels.h in Headers */ = {isa = PBXBuildFile; fileRef = D74E627D1875AAB500D8FA13 /* ofxPixels.h */; };
		1E8B5DC818B7A2F300C31FDC /* ofxsSupportPrivate.h in Headers */ = {isa = PBXBuildFile; fileRef = 1E74D8301891074000E9034B /* ofxsSupportPrivate.h */; };
		1E8B5DC918B7A2F300C31FDC /* ReadOIIO.h in Headers */ = {isa = PBXBuildFile; fileRef = 1E00B3E8188EEBC5003BC7F3 /* ReadOIIO.h */; };
		1E8B5DCA18B7A2F300C31FDC /* ofxProgress.h in Headers */ = {isa = PBXBuildFile; fileRef = D74E627E1875AAB500D8FA13 /* ofxProgress.h */; };
		1E8B5DCB18B7A2F300C31FDC /* ofxProperty.h in Headers */ = {isa = PBXBuildFile; fileRef = D74E627F1875AAB500D8FA13 /* ofxProperty.h */; };
		1E8B5DCC18B7A2F300C31FDC /* ofxSonyVegas.h in Headers */ = {isa = PBXBuildFile; fileRef = D74E62801875AAB500D8FA13 /* ofxSonyVegas.h */; };
		1E8B5DCD18B7A2F300C31FDC /* GenericReader.h in Headers */ = {isa = PBXBuildFile; fileRef = 1E00B388188EE887003BC7F3 /* GenericReader.h */; };
		1E8B5DCE18B7A2F300C31FDC /* ofxTimeLine.h in Headers */ = {isa = PBXBuildFile; fileRef = D74E62811875AAB500D8FA13 /* ofxTimeLine.h */; };
		1E8B5DD418B7A39400C31FDC /* ReadPFM.cpp in Sources */ = {isa = PBXBuildFile; fileRef = 1E8B5DA018B79E8100C31FDC /* ReadPFM.cpp */; };
		1E8B5DD518B7A39400C31FDC /* WritePFM.cpp in Sources */ = {isa = PBXBuildFile; fileRef = 1E8B5DA218B79E8100C31FDC /* WritePFM.cpp */; };
		1ED499A018A00B66008A2D91 /* ofxsProperty.cpp in Sources */ = {isa = PBXBuildFile; fileRef = 1E74D82E1891074000E9034B /* ofxsProperty.cpp */; };
		1ED499A218A00B66008A2D91 /* GenericOCIO.cpp in Sources */ = {isa = PBXBuildFile; fileRef = 1E74D84F189115BC00E9034B /* GenericOCIO.cpp */; };
		1ED499A418A00B66008A2D91 /* ofxsCore.cpp in Sources */ = {isa = PBXBuildFile; fileRef = 1E74D8281891074000E9034B /* ofxsCore.cpp */; };
		1ED499A518A00B66008A2D91 /* ofxsParams.cpp in Sources */ = {isa = PBXBuildFile; fileRef = 1E74D82D1891074000E9034B /* ofxsParams.cpp */; };
		1ED499A618A00B66008A2D91 /* ofxsImageEffect.cpp in Sources */ = {isa = PBXBuildFile; fileRef = 1E74D8291891074000E9034B /* ofxsImageEffect.cpp */; };
		1ED499A718A00B66008A2D91 /* ofxsPropertyValidation.cpp in Sources */ = {isa = PBXBuildFile; fileRef = 1E74D82F1891074000E9034B /* ofxsPropertyValidation.cpp */; };
		1ED499A918A00B66008A2D91 /* ofxsLog.cpp in Sources */ = {isa = PBXBuildFile; fileRef = 1E74D82B1891074000E9034B /* ofxsLog.cpp */; };
		1ED499AB18A00B66008A2D91 /* ofxsInteract.cpp in Sources */ = {isa = PBXBuildFile; fileRef = 1E74D82A1891074000E9034B /* ofxsInteract.cpp */; };
		1ED499AE18A00B66008A2D91 /* ofxsMultiThread.cpp in Sources */ = {isa = PBXBuildFile; fileRef = 1E74D82C1891074000E9034B /* ofxsMultiThread.cpp */; };
		1ED499B018A00B66008A2D91 /* CoreFoundation.framework in Frameworks */ = {isa = PBXBuildFile; fileRef = D74E62491875A7A400D8FA13 /* CoreFoundation.framework */; };
		1ED499B218A00B66008A2D91 /* ofxCore.h in Headers */ = {isa = PBXBuildFile; fileRef = D74E62721875AAB500D8FA13 /* ofxCore.h */; };
		1ED499B318A00B66008A2D91 /* GenericWriter.h in Headers */ = {isa = PBXBuildFile; fileRef = 1E00B38A188EE887003BC7F3 /* GenericWriter.h */; };
		1ED499B418A00B66008A2D91 /* tinydir.h in Headers */ = {isa = PBXBuildFile; fileRef = 1E2F4DCE1892965900F4CE25 /* tinydir.h */; };
		1ED499B518A00B66008A2D91 /* ofxDialog.h in Headers */ = {isa = PBXBuildFile; fileRef = D74E62731875AAB500D8FA13 /* ofxDialog.h */; };
		1ED499B618A00B66008A2D91 /* ofxImageEffect.h in Headers */ = {isa = PBXBuildFile; fileRef = D74E62741875AAB500D8FA13 /* ofxImageEffect.h */; };
		1ED499B718A00B66008A2D91 /* ofxInteract.h in Headers */ = {isa = PBXBuildFile; fileRef = D74E62751875AAB500D8FA13 /* ofxInteract.h */; };
		1ED499B818A00B66008A2D91 /* SequenceParser.h in Headers */ = {isa = PBXBuildFile; fileRef = 1E2F4DCD1892965900F4CE25 /* SequenceParser.h */; };
		1ED499B918A00B66008A2D91 /* ofxKeySyms.h in Headers */ = {isa = PBXBuildFile; fileRef = D74E62761875AAB500D8FA13 /* ofxKeySyms.h */; };
		1ED499BA18A00B66008A2D91 /* ofxMemory.h in Headers */ = {isa = PBXBuildFile; fileRef = D74E62771875AAB500D8FA13 /* ofxMemory.h */; };
		1ED499BB18A00B66008A2D91 /* ofxMessage.h in Headers */ = {isa = PBXBuildFile; fileRef = D74E62781875AAB500D8FA13 /* ofxMessage.h */; };
		1ED499BC18A00B66008A2D91 /* WriteOIIO.h in Headers */ = {isa = PBXBuildFile; fileRef = 1E00B3EA188EEBC5003BC7F3 /* WriteOIIO.h */; };
		1ED499BD18A00B66008A2D91 /* ofxMultiThread.h in Headers */ = {isa = PBXBuildFile; fileRef = D74E62791875AAB500D8FA13 /* ofxMultiThread.h */; };
		1ED499BE18A00B66008A2D91 /* ofxOpenGLRender.h in Headers */ = {isa = PBXBuildFile; fileRef = D74E627A1875AAB500D8FA13 /* ofxOpenGLRender.h */; };
		1ED499BF18A00B66008A2D91 /* ofxParam.h in Headers */ = {isa = PBXBuildFile; fileRef = D74E627B1875AAB500D8FA13 /* ofxParam.h */; };
		1ED499C018A00B66008A2D91 /* ofxParametricParam.h in Headers */ = {isa = PBXBuildFile; fileRef = D74E627C1875AAB500D8FA13 /* ofxParametricParam.h */; };
		1ED499C118A00B66008A2D91 /* ofxPixels.h in Headers */ = {isa = PBXBuildFile; fileRef = D74E627D1875AAB500D8FA13 /* ofxPixels.h */; };
		1ED499C218A00B66008A2D91 /* ofxsSupportPrivate.h in Headers */ = {isa = PBXBuildFile; fileRef = 1E74D8301891074000E9034B /* ofxsSupportPrivate.h */; };
		1ED499C318A00B66008A2D91 /* ReadOIIO.h in Headers */ = {isa = PBXBuildFile; fileRef = 1E00B3E8188EEBC5003BC7F3 /* ReadOIIO.h */; };
		1ED499C418A00B66008A2D91 /* ofxProgress.h in Headers */ = {isa = PBXBuildFile; fileRef = D74E627E1875AAB500D8FA13 /* ofxProgress.h */; };
		1ED499C518A00B66008A2D91 /* ofxProperty.h in Headers */ = {isa = PBXBuildFile; fileRef = D74E627F1875AAB500D8FA13 /* ofxProperty.h */; };
		1ED499C618A00B66008A2D91 /* ofxSonyVegas.h in Headers */ = {isa = PBXBuildFile; fileRef = D74E62801875AAB500D8FA13 /* ofxSonyVegas.h */; };
		1ED499C718A00B66008A2D91 /* GenericReader.h in Headers */ = {isa = PBXBuildFile; fileRef = 1E00B388188EE887003BC7F3 /* GenericReader.h */; };
		1ED499C818A00B66008A2D91 /* ofxTimeLine.h in Headers */ = {isa = PBXBuildFile; fileRef = D74E62811875AAB500D8FA13 /* ofxTimeLine.h */; };
		1ED499D018A00BD6008A2D91 /* OCIOColorSpace.cpp in Sources */ = {isa = PBXBuildFile; fileRef = 1ED499CE18A00BD6008A2D91 /* OCIOColorSpace.cpp */; };
		1ED499D118A00BD6008A2D91 /* PluginRegistration.cpp in Sources */ = {isa = PBXBuildFile; fileRef = 1ED499CF18A00BD6008A2D91 /* PluginRegistration.cpp */; };
		1ED499D618A03BCF008A2D91 /* OCIOColorSpace.cpp in Sources */ = {isa = PBXBuildFile; fileRef = 1ED499CE18A00BD6008A2D91 /* OCIOColorSpace.cpp */; };
		D709B95418787D6700D5A0B4 /* CoreFoundation.framework in Frameworks */ = {isa = PBXBuildFile; fileRef = D74E62491875A7A400D8FA13 /* CoreFoundation.framework */; };
		D709B97A1878918400D5A0B4 /* ofxCore.h in Headers */ = {isa = PBXBuildFile; fileRef = D74E62721875AAB500D8FA13 /* ofxCore.h */; };
		D709B97B1878918400D5A0B4 /* ofxDialog.h in Headers */ = {isa = PBXBuildFile; fileRef = D74E62731875AAB500D8FA13 /* ofxDialog.h */; };
		D709B97C1878918400D5A0B4 /* ofxImageEffect.h in Headers */ = {isa = PBXBuildFile; fileRef = D74E62741875AAB500D8FA13 /* ofxImageEffect.h */; };
		D709B97D1878918400D5A0B4 /* ofxInteract.h in Headers */ = {isa = PBXBuildFile; fileRef = D74E62751875AAB500D8FA13 /* ofxInteract.h */; };
		D709B97E1878918400D5A0B4 /* ofxKeySyms.h in Headers */ = {isa = PBXBuildFile; fileRef = D74E62761875AAB500D8FA13 /* ofxKeySyms.h */; };
		D709B97F1878918400D5A0B4 /* ofxMemory.h in Headers */ = {isa = PBXBuildFile; fileRef = D74E62771875AAB500D8FA13 /* ofxMemory.h */; };
		D709B9801878918400D5A0B4 /* ofxMessage.h in Headers */ = {isa = PBXBuildFile; fileRef = D74E62781875AAB500D8FA13 /* ofxMessage.h */; };
		D709B9811878918400D5A0B4 /* ofxMultiThread.h in Headers */ = {isa = PBXBuildFile; fileRef = D74E62791875AAB500D8FA13 /* ofxMultiThread.h */; };
		D709B9821878918400D5A0B4 /* ofxOpenGLRender.h in Headers */ = {isa = PBXBuildFile; fileRef = D74E627A1875AAB500D8FA13 /* ofxOpenGLRender.h */; };
		D709B9831878918400D5A0B4 /* ofxParam.h in Headers */ = {isa = PBXBuildFile; fileRef = D74E627B1875AAB500D8FA13 /* ofxParam.h */; };
		D709B9841878918400D5A0B4 /* ofxParametricParam.h in Headers */ = {isa = PBXBuildFile; fileRef = D74E627C1875AAB500D8FA13 /* ofxParametricParam.h */; };
		D709B9851878918400D5A0B4 /* ofxPixels.h in Headers */ = {isa = PBXBuildFile; fileRef = D74E627D1875AAB500D8FA13 /* ofxPixels.h */; };
		D709B9861878918400D5A0B4 /* ofxProgress.h in Headers */ = {isa = PBXBuildFile; fileRef = D74E627E1875AAB500D8FA13 /* ofxProgress.h */; };
		D709B9871878918400D5A0B4 /* ofxProperty.h in Headers */ = {isa = PBXBuildFile; fileRef = D74E627F1875AAB500D8FA13 /* ofxProperty.h */; };
		D709B9881878918400D5A0B4 /* ofxSonyVegas.h in Headers */ = {isa = PBXBuildFile; fileRef = D74E62801875AAB500D8FA13 /* ofxSonyVegas.h */; };
		D709B9891878918400D5A0B4 /* ofxTimeLine.h in Headers */ = {isa = PBXBuildFile; fileRef = D74E62811875AAB500D8FA13 /* ofxTimeLine.h */; };
		D7330DD218867B35004A6199 /* CoreFoundation.framework in Frameworks */ = {isa = PBXBuildFile; fileRef = D74E62491875A7A400D8FA13 /* CoreFoundation.framework */; };
		D7330DF518867C1E004A6199 /* ofxCore.h in Headers */ = {isa = PBXBuildFile; fileRef = D74E62721875AAB500D8FA13 /* ofxCore.h */; };
		D7330DF618867C1E004A6199 /* ofxDialog.h in Headers */ = {isa = PBXBuildFile; fileRef = D74E62731875AAB500D8FA13 /* ofxDialog.h */; };
		D7330DF718867C1E004A6199 /* ofxImageEffect.h in Headers */ = {isa = PBXBuildFile; fileRef = D74E62741875AAB500D8FA13 /* ofxImageEffect.h */; };
		D7330DF818867C1E004A6199 /* ofxInteract.h in Headers */ = {isa = PBXBuildFile; fileRef = D74E62751875AAB500D8FA13 /* ofxInteract.h */; };
		D7330DF918867C1E004A6199 /* ofxKeySyms.h in Headers */ = {isa = PBXBuildFile; fileRef = D74E62761875AAB500D8FA13 /* ofxKeySyms.h */; };
		D7330DFA18867C1E004A6199 /* ofxMemory.h in Headers */ = {isa = PBXBuildFile; fileRef = D74E62771875AAB500D8FA13 /* ofxMemory.h */; };
		D7330DFB18867C1E004A6199 /* ofxMessage.h in Headers */ = {isa = PBXBuildFile; fileRef = D74E62781875AAB500D8FA13 /* ofxMessage.h */; };
		D7330DFC18867C1E004A6199 /* ofxMultiThread.h in Headers */ = {isa = PBXBuildFile; fileRef = D74E62791875AAB500D8FA13 /* ofxMultiThread.h */; };
		D7330DFD18867C1E004A6199 /* ofxOpenGLRender.h in Headers */ = {isa = PBXBuildFile; fileRef = D74E627A1875AAB500D8FA13 /* ofxOpenGLRender.h */; };
		D7330DFE18867C1E004A6199 /* ofxParam.h in Headers */ = {isa = PBXBuildFile; fileRef = D74E627B1875AAB500D8FA13 /* ofxParam.h */; };
		D7330DFF18867C1E004A6199 /* ofxParametricParam.h in Headers */ = {isa = PBXBuildFile; fileRef = D74E627C1875AAB500D8FA13 /* ofxParametricParam.h */; };
		D7330E0018867C1E004A6199 /* ofxPixels.h in Headers */ = {isa = PBXBuildFile; fileRef = D74E627D1875AAB500D8FA13 /* ofxPixels.h */; };
		D7330E0118867C1E004A6199 /* ofxProgress.h in Headers */ = {isa = PBXBuildFile; fileRef = D74E627E1875AAB500D8FA13 /* ofxProgress.h */; };
		D7330E0218867C1E004A6199 /* ofxProperty.h in Headers */ = {isa = PBXBuildFile; fileRef = D74E627F1875AAB500D8FA13 /* ofxProperty.h */; };
		D7330E0318867C1E004A6199 /* ofxSonyVegas.h in Headers */ = {isa = PBXBuildFile; fileRef = D74E62801875AAB500D8FA13 /* ofxSonyVegas.h */; };
		D7330E0418867C1E004A6199 /* ofxTimeLine.h in Headers */ = {isa = PBXBuildFile; fileRef = D74E62811875AAB500D8FA13 /* ofxTimeLine.h */; };
		D74E624A1875A7A400D8FA13 /* CoreFoundation.framework in Frameworks */ = {isa = PBXBuildFile; fileRef = D74E62491875A7A400D8FA13 /* CoreFoundation.framework */; };
		D74E62821875AAB500D8FA13 /* IOExtensions.h in Headers */ = {isa = PBXBuildFile; fileRef = D74E62711875AAB500D8FA13 /* IOExtensions.h */; };
		D74E62831875AAB500D8FA13 /* ofxCore.h in Headers */ = {isa = PBXBuildFile; fileRef = D74E62721875AAB500D8FA13 /* ofxCore.h */; };
		D74E62841875AAB500D8FA13 /* ofxDialog.h in Headers */ = {isa = PBXBuildFile; fileRef = D74E62731875AAB500D8FA13 /* ofxDialog.h */; };
		D74E62851875AAB500D8FA13 /* ofxImageEffect.h in Headers */ = {isa = PBXBuildFile; fileRef = D74E62741875AAB500D8FA13 /* ofxImageEffect.h */; };
		D74E62861875AAB500D8FA13 /* ofxInteract.h in Headers */ = {isa = PBXBuildFile; fileRef = D74E62751875AAB500D8FA13 /* ofxInteract.h */; };
		D74E62871875AAB500D8FA13 /* ofxKeySyms.h in Headers */ = {isa = PBXBuildFile; fileRef = D74E62761875AAB500D8FA13 /* ofxKeySyms.h */; };
		D74E62881875AAB500D8FA13 /* ofxMemory.h in Headers */ = {isa = PBXBuildFile; fileRef = D74E62771875AAB500D8FA13 /* ofxMemory.h */; };
		D74E62891875AAB500D8FA13 /* ofxMessage.h in Headers */ = {isa = PBXBuildFile; fileRef = D74E62781875AAB500D8FA13 /* ofxMessage.h */; };
		D74E628A1875AAB500D8FA13 /* ofxMultiThread.h in Headers */ = {isa = PBXBuildFile; fileRef = D74E62791875AAB500D8FA13 /* ofxMultiThread.h */; };
		D74E628B1875AAB500D8FA13 /* ofxOpenGLRender.h in Headers */ = {isa = PBXBuildFile; fileRef = D74E627A1875AAB500D8FA13 /* ofxOpenGLRender.h */; };
		D74E628C1875AAB500D8FA13 /* ofxParam.h in Headers */ = {isa = PBXBuildFile; fileRef = D74E627B1875AAB500D8FA13 /* ofxParam.h */; };
		D74E628D1875AAB500D8FA13 /* ofxParametricParam.h in Headers */ = {isa = PBXBuildFile; fileRef = D74E627C1875AAB500D8FA13 /* ofxParametricParam.h */; };
		D74E628E1875AAB500D8FA13 /* ofxPixels.h in Headers */ = {isa = PBXBuildFile; fileRef = D74E627D1875AAB500D8FA13 /* ofxPixels.h */; };
		D74E628F1875AAB500D8FA13 /* ofxProgress.h in Headers */ = {isa = PBXBuildFile; fileRef = D74E627E1875AAB500D8FA13 /* ofxProgress.h */; };
		D74E62901875AAB500D8FA13 /* ofxProperty.h in Headers */ = {isa = PBXBuildFile; fileRef = D74E627F1875AAB500D8FA13 /* ofxProperty.h */; };
		D74E62911875AAB500D8FA13 /* ofxSonyVegas.h in Headers */ = {isa = PBXBuildFile; fileRef = D74E62801875AAB500D8FA13 /* ofxSonyVegas.h */; };
		D74E62921875AAB500D8FA13 /* ofxTimeLine.h in Headers */ = {isa = PBXBuildFile; fileRef = D74E62811875AAB500D8FA13 /* ofxTimeLine.h */; };
/* End PBXBuildFile section */

/* Begin PBXContainerItemProxy section */
		1E2F4DDB189296E800F4CE25 /* PBXContainerItemProxy */ = {
			isa = PBXContainerItemProxy;
			containerPortal = D74E623C1875A79700D8FA13 /* Project object */;
			proxyType = 1;
			remoteGlobalIDString = 1E2F4D97189295F600F4CE25;
			remoteInfo = IO;
		};
/* End PBXContainerItemProxy section */

/* Begin PBXFileReference section */
		1E00B387188EE887003BC7F3 /* GenericReader.cpp */ = {isa = PBXFileReference; fileEncoding = 4; lastKnownFileType = sourcecode.cpp.cpp; path = GenericReader.cpp; sourceTree = "<group>"; };
		1E00B388188EE887003BC7F3 /* GenericReader.h */ = {isa = PBXFileReference; fileEncoding = 4; lastKnownFileType = sourcecode.c.h; path = GenericReader.h; sourceTree = "<group>"; };
		1E00B389188EE887003BC7F3 /* GenericWriter.cpp */ = {isa = PBXFileReference; fileEncoding = 4; lastKnownFileType = sourcecode.cpp.cpp; path = GenericWriter.cpp; sourceTree = "<group>"; };
		1E00B38A188EE887003BC7F3 /* GenericWriter.h */ = {isa = PBXFileReference; fileEncoding = 4; lastKnownFileType = sourcecode.c.h; path = GenericWriter.h; sourceTree = "<group>"; };
		1E00B3C2188EE90A003BC7F3 /* Info.plist */ = {isa = PBXFileReference; fileEncoding = 4; lastKnownFileType = text.plist.xml; path = Info.plist; sourceTree = "<group>"; };
		1E00B3C3188EE90A003BC7F3 /* Makefile */ = {isa = PBXFileReference; fileEncoding = 4; lastKnownFileType = sourcecode.make; path = Makefile; sourceTree = "<group>"; };
		1E00B3C4188EE90A003BC7F3 /* PluginRegistration.cpp */ = {isa = PBXFileReference; fileEncoding = 4; lastKnownFileType = sourcecode.cpp.cpp; path = PluginRegistration.cpp; sourceTree = "<group>"; };
		1E00B3C5188EE90A003BC7F3 /* ReadEXR.cpp */ = {isa = PBXFileReference; fileEncoding = 4; lastKnownFileType = sourcecode.cpp.cpp; path = ReadEXR.cpp; sourceTree = "<group>"; };
		1E00B3C6188EE90A003BC7F3 /* ReadEXR.h */ = {isa = PBXFileReference; fileEncoding = 4; lastKnownFileType = sourcecode.c.h; path = ReadEXR.h; sourceTree = "<group>"; };
		1E00B3C7188EE90A003BC7F3 /* WriteEXR.cpp */ = {isa = PBXFileReference; fileEncoding = 4; lastKnownFileType = sourcecode.cpp.cpp; path = WriteEXR.cpp; sourceTree = "<group>"; };
		1E00B3C8188EE90A003BC7F3 /* WriteEXR.h */ = {isa = PBXFileReference; fileEncoding = 4; lastKnownFileType = sourcecode.c.h; path = WriteEXR.h; sourceTree = "<group>"; };
		1E00B3CF188EE923003BC7F3 /* FFmpeg.vcxproj */ = {isa = PBXFileReference; fileEncoding = 4; lastKnownFileType = text.xml; path = FFmpeg.vcxproj; sourceTree = "<group>"; };
		1E00B3D0188EE923003BC7F3 /* FFmpegCompat.h */ = {isa = PBXFileReference; fileEncoding = 4; lastKnownFileType = sourcecode.c.h; path = FFmpegCompat.h; sourceTree = "<group>"; };
		1E00B3D1188EE923003BC7F3 /* FFmpegHandler.cpp */ = {isa = PBXFileReference; fileEncoding = 4; lastKnownFileType = sourcecode.cpp.cpp; path = FFmpegHandler.cpp; sourceTree = "<group>"; };
		1E00B3D2188EE923003BC7F3 /* FFmpegHandler.h */ = {isa = PBXFileReference; fileEncoding = 4; lastKnownFileType = sourcecode.c.h; path = FFmpegHandler.h; sourceTree = "<group>"; };
		1E00B3D3188EE923003BC7F3 /* Info.plist */ = {isa = PBXFileReference; fileEncoding = 4; lastKnownFileType = text.plist.xml; path = Info.plist; sourceTree = "<group>"; };
		1E00B3D4188EE923003BC7F3 /* Makefile */ = {isa = PBXFileReference; fileEncoding = 4; lastKnownFileType = sourcecode.make; path = Makefile; sourceTree = "<group>"; };
		1E00B3D5188EE923003BC7F3 /* PluginRegistration.cpp */ = {isa = PBXFileReference; fileEncoding = 4; lastKnownFileType = sourcecode.cpp.cpp; path = PluginRegistration.cpp; sourceTree = "<group>"; };
		1E00B3D6188EE923003BC7F3 /* ReadFFmpeg.cpp */ = {isa = PBXFileReference; fileEncoding = 4; lastKnownFileType = sourcecode.cpp.cpp; path = ReadFFmpeg.cpp; sourceTree = "<group>"; };
		1E00B3D7188EE923003BC7F3 /* ReadFFmpeg.h */ = {isa = PBXFileReference; fileEncoding = 4; lastKnownFileType = sourcecode.c.h; path = ReadFFmpeg.h; sourceTree = "<group>"; };
		1E00B3D8188EE923003BC7F3 /* WriteFFmpeg.cpp */ = {isa = PBXFileReference; fileEncoding = 4; lastKnownFileType = sourcecode.cpp.cpp; path = WriteFFmpeg.cpp; sourceTree = "<group>"; };
		1E00B3D9188EE923003BC7F3 /* WriteFFmpeg.h */ = {isa = PBXFileReference; fileEncoding = 4; lastKnownFileType = sourcecode.c.h; path = WriteFFmpeg.h; sourceTree = "<group>"; };
		1E00B3E4188EEBC5003BC7F3 /* Info.plist */ = {isa = PBXFileReference; fileEncoding = 4; lastKnownFileType = text.plist.xml; path = Info.plist; sourceTree = "<group>"; };
		1E00B3E5188EEBC5003BC7F3 /* Makefile */ = {isa = PBXFileReference; fileEncoding = 4; lastKnownFileType = sourcecode.make; path = Makefile; sourceTree = "<group>"; };
		1E00B3E6188EEBC5003BC7F3 /* PluginRegistration.cpp */ = {isa = PBXFileReference; fileEncoding = 4; lastKnownFileType = sourcecode.cpp.cpp; path = PluginRegistration.cpp; sourceTree = "<group>"; };
		1E00B3E7188EEBC5003BC7F3 /* ReadOIIO.cpp */ = {isa = PBXFileReference; fileEncoding = 4; lastKnownFileType = sourcecode.cpp.cpp; path = ReadOIIO.cpp; sourceTree = "<group>"; };
		1E00B3E8188EEBC5003BC7F3 /* ReadOIIO.h */ = {isa = PBXFileReference; fileEncoding = 4; lastKnownFileType = sourcecode.c.h; path = ReadOIIO.h; sourceTree = "<group>"; };
		1E00B3E9188EEBC5003BC7F3 /* WriteOIIO.cpp */ = {isa = PBXFileReference; fileEncoding = 4; lastKnownFileType = sourcecode.cpp.cpp; path = WriteOIIO.cpp; sourceTree = "<group>"; };
		1E00B3EA188EEBC5003BC7F3 /* WriteOIIO.h */ = {isa = PBXFileReference; fileEncoding = 4; lastKnownFileType = sourcecode.c.h; path = WriteOIIO.h; sourceTree = "<group>"; };
		1E2F4D94189295DA00F4CE25 /* Info.plist */ = {isa = PBXFileReference; lastKnownFileType = text.plist.xml; path = Info.plist; sourceTree = "<group>"; };
		1E2F4D95189295DA00F4CE25 /* Makefile */ = {isa = PBXFileReference; lastKnownFileType = sourcecode.make; path = Makefile; sourceTree = "<group>"; };
		1E2F4D96189295DA00F4CE25 /* PluginRegistrationCombined.cpp */ = {isa = PBXFileReference; lastKnownFileType = sourcecode.cpp.cpp; path = PluginRegistrationCombined.cpp; sourceTree = "<group>"; };
		1E2F4DCA189295F600F4CE25 /* IO.ofx.bundle */ = {isa = PBXFileReference; explicitFileType = wrapper.cfbundle; includeInIndex = 0; path = IO.ofx.bundle; sourceTree = BUILT_PRODUCTS_DIR; };
		1E2F4DCC1892965900F4CE25 /* SequenceParser.cpp */ = {isa = PBXFileReference; fileEncoding = 4; lastKnownFileType = sourcecode.cpp.cpp; path = SequenceParser.cpp; sourceTree = "<group>"; };
		1E2F4DCD1892965900F4CE25 /* SequenceParser.h */ = {isa = PBXFileReference; fileEncoding = 4; lastKnownFileType = sourcecode.c.h; path = SequenceParser.h; sourceTree = "<group>"; };
		1E2F4DCE1892965900F4CE25 /* tinydir.h */ = {isa = PBXFileReference; fileEncoding = 4; lastKnownFileType = sourcecode.c.h; name = tinydir.h; path = tinydir/tinydir.h; sourceTree = "<group>"; };
		1E74D8171891070300E9034B /* linuxSymbols */ = {isa = PBXFileReference; lastKnownFileType = text; path = linuxSymbols; sourceTree = "<group>"; };
		1E74D8181891070300E9034B /* ofxsCore.h */ = {isa = PBXFileReference; lastKnownFileType = sourcecode.c.h; path = ofxsCore.h; sourceTree = "<group>"; };
		1E74D8191891070300E9034B /* ofxsHWNDInteract.h */ = {isa = PBXFileReference; lastKnownFileType = sourcecode.c.h; path = ofxsHWNDInteract.h; sourceTree = "<group>"; };
		1E74D81A1891070300E9034B /* ofxsImageEffect.h */ = {isa = PBXFileReference; lastKnownFileType = sourcecode.c.h; path = ofxsImageEffect.h; sourceTree = "<group>"; };
		1E74D81B1891070300E9034B /* ofxsInteract.h */ = {isa = PBXFileReference; lastKnownFileType = sourcecode.c.h; path = ofxsInteract.h; sourceTree = "<group>"; };
		1E74D81C1891070300E9034B /* ofxsLog.h */ = {isa = PBXFileReference; lastKnownFileType = sourcecode.c.h; path = ofxsLog.h; sourceTree = "<group>"; };
		1E74D81D1891070300E9034B /* ofxsMemory.h */ = {isa = PBXFileReference; lastKnownFileType = sourcecode.c.h; path = ofxsMemory.h; sourceTree = "<group>"; };
		1E74D81E1891070300E9034B /* ofxsMessage.h */ = {isa = PBXFileReference; lastKnownFileType = sourcecode.c.h; path = ofxsMessage.h; sourceTree = "<group>"; };
		1E74D81F1891070300E9034B /* ofxsMultiThread.h */ = {isa = PBXFileReference; lastKnownFileType = sourcecode.c.h; path = ofxsMultiThread.h; sourceTree = "<group>"; };
		1E74D8201891070300E9034B /* ofxsParam.h */ = {isa = PBXFileReference; lastKnownFileType = sourcecode.c.h; path = ofxsParam.h; sourceTree = "<group>"; };
		1E74D8211891070300E9034B /* osxDeploy.sh */ = {isa = PBXFileReference; lastKnownFileType = text.script.sh; path = osxDeploy.sh; sourceTree = "<group>"; };
		1E74D8221891070300E9034B /* osxSymbols */ = {isa = PBXFileReference; lastKnownFileType = text; path = osxSymbols; sourceTree = "<group>"; };
		1E74D8231891072600E9034B /* Makefile */ = {isa = PBXFileReference; lastKnownFileType = sourcecode.make; path = Makefile; sourceTree = "<group>"; };
		1E74D8241891072600E9034B /* ofxsHWNDInteract.cpp */ = {isa = PBXFileReference; lastKnownFileType = sourcecode.cpp.cpp; path = ofxsHWNDInteract.cpp; sourceTree = "<group>"; };
		1E74D8251891072600E9034B /* ofxSupport.dsp */ = {isa = PBXFileReference; lastKnownFileType = text; path = ofxSupport.dsp; sourceTree = "<group>"; };
		1E74D8261891072600E9034B /* ofxsupport.dsw */ = {isa = PBXFileReference; lastKnownFileType = text; path = ofxsupport.dsw; sourceTree = "<group>"; };
		1E74D8271891072600E9034B /* ofxsupport.vcproj */ = {isa = PBXFileReference; lastKnownFileType = text.xml; path = ofxsupport.vcproj; sourceTree = "<group>"; };
		1E74D8281891074000E9034B /* ofxsCore.cpp */ = {isa = PBXFileReference; fileEncoding = 4; lastKnownFileType = sourcecode.cpp.cpp; path = ofxsCore.cpp; sourceTree = "<group>"; };
		1E74D8291891074000E9034B /* ofxsImageEffect.cpp */ = {isa = PBXFileReference; fileEncoding = 4; lastKnownFileType = sourcecode.cpp.cpp; path = ofxsImageEffect.cpp; sourceTree = "<group>"; };
		1E74D82A1891074000E9034B /* ofxsInteract.cpp */ = {isa = PBXFileReference; fileEncoding = 4; lastKnownFileType = sourcecode.cpp.cpp; path = ofxsInteract.cpp; sourceTree = "<group>"; };
		1E74D82B1891074000E9034B /* ofxsLog.cpp */ = {isa = PBXFileReference; fileEncoding = 4; lastKnownFileType = sourcecode.cpp.cpp; path = ofxsLog.cpp; sourceTree = "<group>"; };
		1E74D82C1891074000E9034B /* ofxsMultiThread.cpp */ = {isa = PBXFileReference; fileEncoding = 4; lastKnownFileType = sourcecode.cpp.cpp; path = ofxsMultiThread.cpp; sourceTree = "<group>"; };
		1E74D82D1891074000E9034B /* ofxsParams.cpp */ = {isa = PBXFileReference; fileEncoding = 4; lastKnownFileType = sourcecode.cpp.cpp; path = ofxsParams.cpp; sourceTree = "<group>"; };
		1E74D82E1891074000E9034B /* ofxsProperty.cpp */ = {isa = PBXFileReference; fileEncoding = 4; lastKnownFileType = sourcecode.cpp.cpp; path = ofxsProperty.cpp; sourceTree = "<group>"; };
		1E74D82F1891074000E9034B /* ofxsPropertyValidation.cpp */ = {isa = PBXFileReference; fileEncoding = 4; lastKnownFileType = sourcecode.cpp.cpp; path = ofxsPropertyValidation.cpp; sourceTree = "<group>"; };
		1E74D8301891074000E9034B /* ofxsSupportPrivate.h */ = {isa = PBXFileReference; fileEncoding = 4; lastKnownFileType = sourcecode.c.h; path = ofxsSupportPrivate.h; sourceTree = "<group>"; };
		1E74D84E1891137B00E9034B /* GenericOCIO.h */ = {isa = PBXFileReference; lastKnownFileType = sourcecode.c.h; path = GenericOCIO.h; sourceTree = "<group>"; };
		1E74D84F189115BC00E9034B /* GenericOCIO.cpp */ = {isa = PBXFileReference; fileEncoding = 4; lastKnownFileType = sourcecode.cpp.cpp; path = GenericOCIO.cpp; sourceTree = "<group>"; };
		1E8B5D9D18B79E8100C31FDC /* Info.plist */ = {isa = PBXFileReference; lastKnownFileType = text.plist.xml; path = Info.plist; sourceTree = "<group>"; };
		1E8B5D9E18B79E8100C31FDC /* Makefile */ = {isa = PBXFileReference; lastKnownFileType = sourcecode.make; path = Makefile; sourceTree = "<group>"; };
		1E8B5D9F18B79E8100C31FDC /* PluginRegistration.cpp */ = {isa = PBXFileReference; lastKnownFileType = sourcecode.cpp.cpp; path = PluginRegistration.cpp; sourceTree = "<group>"; };
		1E8B5DA018B79E8100C31FDC /* ReadPFM.cpp */ = {isa = PBXFileReference; lastKnownFileType = sourcecode.cpp.cpp; path = ReadPFM.cpp; sourceTree = "<group>"; };
		1E8B5DA118B79E8100C31FDC /* ReadPFM.h */ = {isa = PBXFileReference; lastKnownFileType = sourcecode.c.h; path = ReadPFM.h; sourceTree = "<group>"; };
		1E8B5DA218B79E8100C31FDC /* WritePFM.cpp */ = {isa = PBXFileReference; lastKnownFileType = sourcecode.cpp.cpp; path = WritePFM.cpp; sourceTree = "<group>"; };
		1E8B5DA318B79E8100C31FDC /* WritePFM.h */ = {isa = PBXFileReference; lastKnownFileType = sourcecode.c.h; path = WritePFM.h; sourceTree = "<group>"; };
		1E8B5DD218B7A2F300C31FDC /* PFM.ofx.bundle */ = {isa = PBXFileReference; explicitFileType = wrapper.cfbundle; includeInIndex = 0; path = PFM.ofx.bundle; sourceTree = BUILT_PRODUCTS_DIR; };
		1EA1571C18A642C30054B814 /* IOUtility.h */ = {isa = PBXFileReference; lastKnownFileType = sourcecode.c.h; path = IOUtility.h; sourceTree = "<group>"; };
		1ED499CC18A00B66008A2D91 /* OCIO.ofx.bundle */ = {isa = PBXFileReference; explicitFileType = wrapper.cfbundle; includeInIndex = 0; path = OCIO.ofx.bundle; sourceTree = BUILT_PRODUCTS_DIR; };
		1ED499CE18A00BD6008A2D91 /* OCIOColorSpace.cpp */ = {isa = PBXFileReference; fileEncoding = 4; lastKnownFileType = sourcecode.cpp.cpp; path = OCIOColorSpace.cpp; sourceTree = "<group>"; };
		1ED499CF18A00BD6008A2D91 /* PluginRegistration.cpp */ = {isa = PBXFileReference; fileEncoding = 4; lastKnownFileType = sourcecode.cpp.cpp; path = PluginRegistration.cpp; sourceTree = "<group>"; };
		1ED499D218A00BE1008A2D91 /* Info.plist */ = {isa = PBXFileReference; lastKnownFileType = text.plist.xml; path = Info.plist; sourceTree = "<group>"; };
		1ED499D318A00BE1008A2D91 /* Makefile */ = {isa = PBXFileReference; lastKnownFileType = sourcecode.make; path = Makefile; sourceTree = "<group>"; };
		1ED499D418A00BE1008A2D91 /* OCIOColorSpace.h */ = {isa = PBXFileReference; lastKnownFileType = sourcecode.c.h; path = OCIOColorSpace.h; sourceTree = "<group>"; };
		1ED499D518A03AD9008A2D91 /* ofxsCopier.h */ = {isa = PBXFileReference; lastKnownFileType = sourcecode.c.h; path = ofxsCopier.h; sourceTree = "<group>"; };
		D709B95318787D6700D5A0B4 /* EXR.ofx.bundle */ = {isa = PBXFileReference; explicitFileType = wrapper.cfbundle; includeInIndex = 0; path = EXR.ofx.bundle; sourceTree = BUILT_PRODUCTS_DIR; };
		D7330DD118867B35004A6199 /* OIIO.ofx.bundle */ = {isa = PBXFileReference; explicitFileType = wrapper.cfbundle; includeInIndex = 0; path = OIIO.ofx.bundle; sourceTree = BUILT_PRODUCTS_DIR; };
		D74E62461875A7A400D8FA13 /* FFmpeg.ofx.bundle */ = {isa = PBXFileReference; explicitFileType = wrapper.cfbundle; includeInIndex = 0; path = FFmpeg.ofx.bundle; sourceTree = BUILT_PRODUCTS_DIR; };
		D74E62491875A7A400D8FA13 /* CoreFoundation.framework */ = {isa = PBXFileReference; lastKnownFileType = wrapper.framework; name = CoreFoundation.framework; path = System/Library/Frameworks/CoreFoundation.framework; sourceTree = SDKROOT; };
		D74E62711875AAB500D8FA13 /* IOExtensions.h */ = {isa = PBXFileReference; fileEncoding = 4; lastKnownFileType = sourcecode.c.h; path = IOExtensions.h; sourceTree = "<group>"; };
		D74E62721875AAB500D8FA13 /* ofxCore.h */ = {isa = PBXFileReference; fileEncoding = 4; lastKnownFileType = sourcecode.c.h; name = ofxCore.h; path = ../openfx/include/ofxCore.h; sourceTree = "<group>"; };
		D74E62731875AAB500D8FA13 /* ofxDialog.h */ = {isa = PBXFileReference; fileEncoding = 4; lastKnownFileType = sourcecode.c.h; name = ofxDialog.h; path = ../openfx/include/ofxDialog.h; sourceTree = "<group>"; };
		D74E62741875AAB500D8FA13 /* ofxImageEffect.h */ = {isa = PBXFileReference; fileEncoding = 4; lastKnownFileType = sourcecode.c.h; name = ofxImageEffect.h; path = ../openfx/include/ofxImageEffect.h; sourceTree = "<group>"; };
		D74E62751875AAB500D8FA13 /* ofxInteract.h */ = {isa = PBXFileReference; fileEncoding = 4; lastKnownFileType = sourcecode.c.h; name = ofxInteract.h; path = ../openfx/include/ofxInteract.h; sourceTree = "<group>"; };
		D74E62761875AAB500D8FA13 /* ofxKeySyms.h */ = {isa = PBXFileReference; fileEncoding = 4; lastKnownFileType = sourcecode.c.h; name = ofxKeySyms.h; path = ../openfx/include/ofxKeySyms.h; sourceTree = "<group>"; };
		D74E62771875AAB500D8FA13 /* ofxMemory.h */ = {isa = PBXFileReference; fileEncoding = 4; lastKnownFileType = sourcecode.c.h; name = ofxMemory.h; path = ../openfx/include/ofxMemory.h; sourceTree = "<group>"; };
		D74E62781875AAB500D8FA13 /* ofxMessage.h */ = {isa = PBXFileReference; fileEncoding = 4; lastKnownFileType = sourcecode.c.h; name = ofxMessage.h; path = ../openfx/include/ofxMessage.h; sourceTree = "<group>"; };
		D74E62791875AAB500D8FA13 /* ofxMultiThread.h */ = {isa = PBXFileReference; fileEncoding = 4; lastKnownFileType = sourcecode.c.h; name = ofxMultiThread.h; path = ../openfx/include/ofxMultiThread.h; sourceTree = "<group>"; };
		D74E627A1875AAB500D8FA13 /* ofxOpenGLRender.h */ = {isa = PBXFileReference; fileEncoding = 4; lastKnownFileType = sourcecode.c.h; name = ofxOpenGLRender.h; path = ../openfx/include/ofxOpenGLRender.h; sourceTree = "<group>"; };
		D74E627B1875AAB500D8FA13 /* ofxParam.h */ = {isa = PBXFileReference; fileEncoding = 4; lastKnownFileType = sourcecode.c.h; name = ofxParam.h; path = ../openfx/include/ofxParam.h; sourceTree = "<group>"; };
		D74E627C1875AAB500D8FA13 /* ofxParametricParam.h */ = {isa = PBXFileReference; fileEncoding = 4; lastKnownFileType = sourcecode.c.h; name = ofxParametricParam.h; path = ../openfx/include/ofxParametricParam.h; sourceTree = "<group>"; };
		D74E627D1875AAB500D8FA13 /* ofxPixels.h */ = {isa = PBXFileReference; fileEncoding = 4; lastKnownFileType = sourcecode.c.h; name = ofxPixels.h; path = ../openfx/include/ofxPixels.h; sourceTree = "<group>"; };
		D74E627E1875AAB500D8FA13 /* ofxProgress.h */ = {isa = PBXFileReference; fileEncoding = 4; lastKnownFileType = sourcecode.c.h; name = ofxProgress.h; path = ../openfx/include/ofxProgress.h; sourceTree = "<group>"; };
		D74E627F1875AAB500D8FA13 /* ofxProperty.h */ = {isa = PBXFileReference; fileEncoding = 4; lastKnownFileType = sourcecode.c.h; name = ofxProperty.h; path = ../openfx/include/ofxProperty.h; sourceTree = "<group>"; };
		D74E62801875AAB500D8FA13 /* ofxSonyVegas.h */ = {isa = PBXFileReference; fileEncoding = 4; lastKnownFileType = sourcecode.c.h; name = ofxSonyVegas.h; path = ../openfx/include/ofxSonyVegas.h; sourceTree = "<group>"; };
		D74E62811875AAB500D8FA13 /* ofxTimeLine.h */ = {isa = PBXFileReference; fileEncoding = 4; lastKnownFileType = sourcecode.c.h; name = ofxTimeLine.h; path = ../openfx/include/ofxTimeLine.h; sourceTree = "<group>"; };
/* End PBXFileReference section */

/* Begin PBXFrameworksBuildPhase section */
		1E2F4DAA189295F600F4CE25 /* Frameworks */ = {
			isa = PBXFrameworksBuildPhase;
			buildActionMask = 2147483647;
			files = (
				1E2F4DAB189295F600F4CE25 /* CoreFoundation.framework in Frameworks */,
			);
			runOnlyForDeploymentPostprocessing = 0;
		};
		1E8B5DB518B7A2F300C31FDC /* Frameworks */ = {
			isa = PBXFrameworksBuildPhase;
			buildActionMask = 2147483647;
			files = (
				1E8B5DB618B7A2F300C31FDC /* CoreFoundation.framework in Frameworks */,
			);
			runOnlyForDeploymentPostprocessing = 0;
		};
		1ED499AF18A00B66008A2D91 /* Frameworks */ = {
			isa = PBXFrameworksBuildPhase;
			buildActionMask = 2147483647;
			files = (
				1ED499B018A00B66008A2D91 /* CoreFoundation.framework in Frameworks */,
			);
			runOnlyForDeploymentPostprocessing = 0;
		};
		D709B95018787D6700D5A0B4 /* Frameworks */ = {
			isa = PBXFrameworksBuildPhase;
			buildActionMask = 2147483647;
			files = (
				D709B95418787D6700D5A0B4 /* CoreFoundation.framework in Frameworks */,
			);
			runOnlyForDeploymentPostprocessing = 0;
		};
		D7330DCE18867B35004A6199 /* Frameworks */ = {
			isa = PBXFrameworksBuildPhase;
			buildActionMask = 2147483647;
			files = (
				D7330DD218867B35004A6199 /* CoreFoundation.framework in Frameworks */,
			);
			runOnlyForDeploymentPostprocessing = 0;
		};
		D74E62431875A7A400D8FA13 /* Frameworks */ = {
			isa = PBXFrameworksBuildPhase;
			buildActionMask = 2147483647;
			files = (
				D74E624A1875A7A400D8FA13 /* CoreFoundation.framework in Frameworks */,
			);
			runOnlyForDeploymentPostprocessing = 0;
		};
/* End PBXFrameworksBuildPhase section */

/* Begin PBXGroup section */
		1E00B386188EE860003BC7F3 /* IOSupport */ = {
			isa = PBXGroup;
			children = (
				1E2F4DCC1892965900F4CE25 /* SequenceParser.cpp */,
				1E2F4DCD1892965900F4CE25 /* SequenceParser.h */,
				1E2F4DCE1892965900F4CE25 /* tinydir.h */,
				1E00B387188EE887003BC7F3 /* GenericReader.cpp */,
				1E00B388188EE887003BC7F3 /* GenericReader.h */,
				1E00B389188EE887003BC7F3 /* GenericWriter.cpp */,
				1E00B38A188EE887003BC7F3 /* GenericWriter.h */,
				1E74D84E1891137B00E9034B /* GenericOCIO.h */,
				1E74D84F189115BC00E9034B /* GenericOCIO.cpp */,
				1ED499D518A03AD9008A2D91 /* ofxsCopier.h */,
				1EA1571C18A642C30054B814 /* IOUtility.h */,
			);
			path = IOSupport;
			sourceTree = "<group>";
		};
		1E00B3C0188EE8A1003BC7F3 /* FFmpeg */ = {
			isa = PBXGroup;
			children = (
				1E00B3CF188EE923003BC7F3 /* FFmpeg.vcxproj */,
				1E00B3D0188EE923003BC7F3 /* FFmpegCompat.h */,
				1E00B3D1188EE923003BC7F3 /* FFmpegHandler.cpp */,
				1E00B3D2188EE923003BC7F3 /* FFmpegHandler.h */,
				1E00B3D3188EE923003BC7F3 /* Info.plist */,
				1E00B3D4188EE923003BC7F3 /* Makefile */,
				1E00B3D5188EE923003BC7F3 /* PluginRegistration.cpp */,
				1E00B3D6188EE923003BC7F3 /* ReadFFmpeg.cpp */,
				1E00B3D7188EE923003BC7F3 /* ReadFFmpeg.h */,
				1E00B3D8188EE923003BC7F3 /* WriteFFmpeg.cpp */,
				1E00B3D9188EE923003BC7F3 /* WriteFFmpeg.h */,
			);
			path = FFmpeg;
			sourceTree = "<group>";
		};
		1E00B3C1188EE8AE003BC7F3 /* EXR */ = {
			isa = PBXGroup;
			children = (
				1E00B3C2188EE90A003BC7F3 /* Info.plist */,
				1E00B3C3188EE90A003BC7F3 /* Makefile */,
				1E00B3C4188EE90A003BC7F3 /* PluginRegistration.cpp */,
				1E00B3C5188EE90A003BC7F3 /* ReadEXR.cpp */,
				1E00B3C6188EE90A003BC7F3 /* ReadEXR.h */,
				1E00B3C7188EE90A003BC7F3 /* WriteEXR.cpp */,
				1E00B3C8188EE90A003BC7F3 /* WriteEXR.h */,
			);
			path = EXR;
			sourceTree = "<group>";
		};
		1E00B3E3188EEB98003BC7F3 /* OIIO */ = {
			isa = PBXGroup;
			children = (
				1E00B3E4188EEBC5003BC7F3 /* Info.plist */,
				1E00B3E5188EEBC5003BC7F3 /* Makefile */,
				1E00B3E6188EEBC5003BC7F3 /* PluginRegistration.cpp */,
				1E00B3E7188EEBC5003BC7F3 /* ReadOIIO.cpp */,
				1E00B3E8188EEBC5003BC7F3 /* ReadOIIO.h */,
				1E00B3E9188EEBC5003BC7F3 /* WriteOIIO.cpp */,
				1E00B3EA188EEBC5003BC7F3 /* WriteOIIO.h */,
			);
			path = OIIO;
			sourceTree = "<group>";
		};
		1E2F4D93189295B000F4CE25 /* IO */ = {
			isa = PBXGroup;
			children = (
				1E2F4D94189295DA00F4CE25 /* Info.plist */,
				1E2F4D95189295DA00F4CE25 /* Makefile */,
				1E2F4D96189295DA00F4CE25 /* PluginRegistrationCombined.cpp */,
			);
			path = IO;
			sourceTree = "<group>";
		};
		1E74D816189106E200E9034B /* Support */ = {
			isa = PBXGroup;
			children = (
				1E74D8171891070300E9034B /* linuxSymbols */,
				1E74D8181891070300E9034B /* ofxsCore.h */,
				1E74D8191891070300E9034B /* ofxsHWNDInteract.h */,
				1E74D81A1891070300E9034B /* ofxsImageEffect.h */,
				1E74D81B1891070300E9034B /* ofxsInteract.h */,
				1E74D81C1891070300E9034B /* ofxsLog.h */,
				1E74D81D1891070300E9034B /* ofxsMemory.h */,
				1E74D81E1891070300E9034B /* ofxsMessage.h */,
				1E74D81F1891070300E9034B /* ofxsMultiThread.h */,
				1E74D8201891070300E9034B /* ofxsParam.h */,
				1E74D8211891070300E9034B /* osxDeploy.sh */,
				1E74D8221891070300E9034B /* osxSymbols */,
			);
			name = Support;
			path = Support/include;
			sourceTree = "<group>";
		};
		1E8B5D9C18B79E5700C31FDC /* PFM */ = {
			isa = PBXGroup;
			children = (
				1E8B5D9D18B79E8100C31FDC /* Info.plist */,
				1E8B5D9E18B79E8100C31FDC /* Makefile */,
				1E8B5D9F18B79E8100C31FDC /* PluginRegistration.cpp */,
				1E8B5DA018B79E8100C31FDC /* ReadPFM.cpp */,
				1E8B5DA118B79E8100C31FDC /* ReadPFM.h */,
				1E8B5DA218B79E8100C31FDC /* WritePFM.cpp */,
				1E8B5DA318B79E8100C31FDC /* WritePFM.h */,
			);
			path = PFM;
			sourceTree = "<group>";
		};
		1ED4999D18A00B49008A2D91 /* OCIO */ = {
			isa = PBXGroup;
			children = (
				1ED499D218A00BE1008A2D91 /* Info.plist */,
				1ED499D318A00BE1008A2D91 /* Makefile */,
				1ED499D418A00BE1008A2D91 /* OCIOColorSpace.h */,
				1ED499CE18A00BD6008A2D91 /* OCIOColorSpace.cpp */,
				1ED499CF18A00BD6008A2D91 /* PluginRegistration.cpp */,
			);
			path = OCIO;
			sourceTree = "<group>";
		};
		D74E623B1875A79700D8FA13 = {
			isa = PBXGroup;
			children = (
				1E8B5D9C18B79E5700C31FDC /* PFM */,
				1ED4999D18A00B49008A2D91 /* OCIO */,
				1E2F4D93189295B000F4CE25 /* IO */,
				1E00B3E3188EEB98003BC7F3 /* OIIO */,
				1E00B3C1188EE8AE003BC7F3 /* EXR */,
				1E00B3C0188EE8A1003BC7F3 /* FFmpeg */,
				1E00B386188EE860003BC7F3 /* IOSupport */,
				D74E62931875AABD00D8FA13 /* OpenFX */,
				D74E62481875A7A400D8FA13 /* Frameworks */,
				D74E62471875A7A400D8FA13 /* Products */,
			);
			sourceTree = "<group>";
		};
		D74E62471875A7A400D8FA13 /* Products */ = {
			isa = PBXGroup;
			children = (
				D74E62461875A7A400D8FA13 /* FFmpeg.ofx.bundle */,
				D709B95318787D6700D5A0B4 /* EXR.ofx.bundle */,
				D7330DD118867B35004A6199 /* OIIO.ofx.bundle */,
				1E2F4DCA189295F600F4CE25 /* IO.ofx.bundle */,
				1ED499CC18A00B66008A2D91 /* OCIO.ofx.bundle */,
				1E8B5DD218B7A2F300C31FDC /* PFM.ofx.bundle */,
			);
			name = Products;
			sourceTree = "<group>";
		};
		D74E62481875A7A400D8FA13 /* Frameworks */ = {
			isa = PBXGroup;
			children = (
				D74E62491875A7A400D8FA13 /* CoreFoundation.framework */,
			);
			name = Frameworks;
			sourceTree = "<group>";
		};
		D74E62701875AAB500D8FA13 /* natron */ = {
			isa = PBXGroup;
			children = (
				D74E62711875AAB500D8FA13 /* IOExtensions.h */,
			);
			name = natron;
			path = ../openfx/include/natron;
			sourceTree = "<group>";
		};
		D74E62931875AABD00D8FA13 /* OpenFX */ = {
			isa = PBXGroup;
			children = (
				D74E62A71875AAF500D8FA13 /* Sources */,
				D74E62A61875AAE600D8FA13 /* Headers */,
			);
			name = OpenFX;
			path = openfx;
			sourceTree = "<group>";
		};
		D74E62A61875AAE600D8FA13 /* Headers */ = {
			isa = PBXGroup;
			children = (
				1E74D816189106E200E9034B /* Support */,
				D74E62701875AAB500D8FA13 /* natron */,
				D74E62721875AAB500D8FA13 /* ofxCore.h */,
				D74E62731875AAB500D8FA13 /* ofxDialog.h */,
				D74E62741875AAB500D8FA13 /* ofxImageEffect.h */,
				D74E62751875AAB500D8FA13 /* ofxInteract.h */,
				D74E62761875AAB500D8FA13 /* ofxKeySyms.h */,
				D74E62771875AAB500D8FA13 /* ofxMemory.h */,
				D74E62781875AAB500D8FA13 /* ofxMessage.h */,
				D74E62791875AAB500D8FA13 /* ofxMultiThread.h */,
				D74E627A1875AAB500D8FA13 /* ofxOpenGLRender.h */,
				D74E627B1875AAB500D8FA13 /* ofxParam.h */,
				D74E627C1875AAB500D8FA13 /* ofxParametricParam.h */,
				D74E627D1875AAB500D8FA13 /* ofxPixels.h */,
				D74E627E1875AAB500D8FA13 /* ofxProgress.h */,
				D74E627F1875AAB500D8FA13 /* ofxProperty.h */,
				D74E62801875AAB500D8FA13 /* ofxSonyVegas.h */,
				D74E62811875AAB500D8FA13 /* ofxTimeLine.h */,
			);
			name = Headers;
			sourceTree = "<group>";
		};
		D74E62A71875AAF500D8FA13 /* Sources */ = {
			isa = PBXGroup;
			children = (
				1E74D8281891074000E9034B /* ofxsCore.cpp */,
				1E74D8291891074000E9034B /* ofxsImageEffect.cpp */,
				1E74D82A1891074000E9034B /* ofxsInteract.cpp */,
				1E74D82B1891074000E9034B /* ofxsLog.cpp */,
				1E74D82C1891074000E9034B /* ofxsMultiThread.cpp */,
				1E74D82D1891074000E9034B /* ofxsParams.cpp */,
				1E74D82E1891074000E9034B /* ofxsProperty.cpp */,
				1E74D82F1891074000E9034B /* ofxsPropertyValidation.cpp */,
				1E74D8301891074000E9034B /* ofxsSupportPrivate.h */,
				1E74D8231891072600E9034B /* Makefile */,
				1E74D8241891072600E9034B /* ofxsHWNDInteract.cpp */,
				1E74D8251891072600E9034B /* ofxSupport.dsp */,
				1E74D8261891072600E9034B /* ofxsupport.dsw */,
				1E74D8271891072600E9034B /* ofxsupport.vcproj */,
			);
			name = Sources;
			path = Support/Library;
			sourceTree = "<group>";
		};
/* End PBXGroup section */

/* Begin PBXHeadersBuildPhase section */
		1E2F4DAC189295F600F4CE25 /* Headers */ = {
			isa = PBXHeadersBuildPhase;
			buildActionMask = 2147483647;
			files = (
				1E2F4DAD189295F600F4CE25 /* ofxInteract.h in Headers */,
				1E2F4DAE189295F600F4CE25 /* WriteFFmpeg.h in Headers */,
				1E2F4DAF189295F600F4CE25 /* ofxImageEffect.h in Headers */,
				1E2F4DB0189295F600F4CE25 /* ofxMultiThread.h in Headers */,
				1E2F4DB1189295F600F4CE25 /* ofxDialog.h in Headers */,
				1E2F4DB2189295F600F4CE25 /* GenericWriter.h in Headers */,
				1E2F4DB3189295F600F4CE25 /* FFmpegHandler.h in Headers */,
				1E2F4DB4189295F600F4CE25 /* ofxProgress.h in Headers */,
				1E2F4DDA1892965A00F4CE25 /* tinydir.h in Headers */,
				1E2F4DB5189295F600F4CE25 /* GenericReader.h in Headers */,
				1E2F4DB6189295F600F4CE25 /* ofxsSupportPrivate.h in Headers */,
				1E2F4DB7189295F600F4CE25 /* ofxProperty.h in Headers */,
				1E2F4DB8189295F600F4CE25 /* ofxTimeLine.h in Headers */,
				1E2F4DB9189295F600F4CE25 /* ofxKeySyms.h in Headers */,
				1E2F4DBA189295F600F4CE25 /* ofxParametricParam.h in Headers */,
				1E2F4DBC189295F600F4CE25 /* ofxParam.h in Headers */,
				1E2F4DBD189295F600F4CE25 /* ofxSonyVegas.h in Headers */,
				1E2F4DBE189295F600F4CE25 /* ofxCore.h in Headers */,
				1E2F4DBF189295F600F4CE25 /* ofxMemory.h in Headers */,
				1E2F4DC0189295F600F4CE25 /* IOExtensions.h in Headers */,
				1E2F4DC1189295F600F4CE25 /* ofxPixels.h in Headers */,
				1E2F4DC2189295F600F4CE25 /* ofxOpenGLRender.h in Headers */,
				1E2F4DD61892965A00F4CE25 /* SequenceParser.h in Headers */,
				1E2F4DC4189295F600F4CE25 /* ofxMessage.h in Headers */,
				1E2F4DC5189295F600F4CE25 /* FFmpegCompat.h in Headers */,
				1E2F4DC6189295F600F4CE25 /* ReadFFmpeg.h in Headers */,
			);
			runOnlyForDeploymentPostprocessing = 0;
		};
		1E8B5DB718B7A2F300C31FDC /* Headers */ = {
			isa = PBXHeadersBuildPhase;
			buildActionMask = 2147483647;
			files = (
				1E8B5DB818B7A2F300C31FDC /* ofxCore.h in Headers */,
				1E8B5DB918B7A2F300C31FDC /* GenericWriter.h in Headers */,
				1E8B5DBA18B7A2F300C31FDC /* tinydir.h in Headers */,
				1E8B5DBB18B7A2F300C31FDC /* ofxDialog.h in Headers */,
				1E8B5DBC18B7A2F300C31FDC /* ofxImageEffect.h in Headers */,
				1E8B5DBD18B7A2F300C31FDC /* ofxInteract.h in Headers */,
				1E8B5DBE18B7A2F300C31FDC /* SequenceParser.h in Headers */,
				1E8B5DBF18B7A2F300C31FDC /* ofxKeySyms.h in Headers */,
				1E8B5DC018B7A2F300C31FDC /* ofxMemory.h in Headers */,
				1E8B5DC118B7A2F300C31FDC /* ofxMessage.h in Headers */,
				1E8B5DC218B7A2F300C31FDC /* WriteOIIO.h in Headers */,
				1E8B5DC318B7A2F300C31FDC /* ofxMultiThread.h in Headers */,
				1E8B5DC418B7A2F300C31FDC /* ofxOpenGLRender.h in Headers */,
				1E8B5DC518B7A2F300C31FDC /* ofxParam.h in Headers */,
				1E8B5DC618B7A2F300C31FDC /* ofxParametricParam.h in Headers */,
				1E8B5DC718B7A2F300C31FDC /* ofxPixels.h in Headers */,
				1E8B5DC818B7A2F300C31FDC /* ofxsSupportPrivate.h in Headers */,
				1E8B5DC918B7A2F300C31FDC /* ReadOIIO.h in Headers */,
				1E8B5DCA18B7A2F300C31FDC /* ofxProgress.h in Headers */,
				1E8B5DCB18B7A2F300C31FDC /* ofxProperty.h in Headers */,
				1E8B5DCC18B7A2F300C31FDC /* ofxSonyVegas.h in Headers */,
				1E8B5DCD18B7A2F300C31FDC /* GenericReader.h in Headers */,
				1E8B5DCE18B7A2F300C31FDC /* ofxTimeLine.h in Headers */,
			);
			runOnlyForDeploymentPostprocessing = 0;
		};
		1ED499B118A00B66008A2D91 /* Headers */ = {
			isa = PBXHeadersBuildPhase;
			buildActionMask = 2147483647;
			files = (
				1ED499B218A00B66008A2D91 /* ofxCore.h in Headers */,
				1ED499B318A00B66008A2D91 /* GenericWriter.h in Headers */,
				1ED499B418A00B66008A2D91 /* tinydir.h in Headers */,
				1ED499B518A00B66008A2D91 /* ofxDialog.h in Headers */,
				1ED499B618A00B66008A2D91 /* ofxImageEffect.h in Headers */,
				1ED499B718A00B66008A2D91 /* ofxInteract.h in Headers */,
				1ED499B818A00B66008A2D91 /* SequenceParser.h in Headers */,
				1ED499B918A00B66008A2D91 /* ofxKeySyms.h in Headers */,
				1ED499BA18A00B66008A2D91 /* ofxMemory.h in Headers */,
				1ED499BB18A00B66008A2D91 /* ofxMessage.h in Headers */,
				1ED499BC18A00B66008A2D91 /* WriteOIIO.h in Headers */,
				1ED499BD18A00B66008A2D91 /* ofxMultiThread.h in Headers */,
				1ED499BE18A00B66008A2D91 /* ofxOpenGLRender.h in Headers */,
				1ED499BF18A00B66008A2D91 /* ofxParam.h in Headers */,
				1ED499C018A00B66008A2D91 /* ofxParametricParam.h in Headers */,
				1ED499C118A00B66008A2D91 /* ofxPixels.h in Headers */,
				1ED499C218A00B66008A2D91 /* ofxsSupportPrivate.h in Headers */,
				1ED499C318A00B66008A2D91 /* ReadOIIO.h in Headers */,
				1ED499C418A00B66008A2D91 /* ofxProgress.h in Headers */,
				1ED499C518A00B66008A2D91 /* ofxProperty.h in Headers */,
				1ED499C618A00B66008A2D91 /* ofxSonyVegas.h in Headers */,
				1ED499C718A00B66008A2D91 /* GenericReader.h in Headers */,
				1ED499C818A00B66008A2D91 /* ofxTimeLine.h in Headers */,
			);
			runOnlyForDeploymentPostprocessing = 0;
		};
		D709B95118787D6700D5A0B4 /* Headers */ = {
			isa = PBXHeadersBuildPhase;
			buildActionMask = 2147483647;
			files = (
				D709B97A1878918400D5A0B4 /* ofxCore.h in Headers */,
				1E00B3A3188EE887003BC7F3 /* GenericWriter.h in Headers */,
				1E2F4DD81892965A00F4CE25 /* tinydir.h in Headers */,
				D709B97B1878918400D5A0B4 /* ofxDialog.h in Headers */,
				D709B97C1878918400D5A0B4 /* ofxImageEffect.h in Headers */,
				D709B97D1878918400D5A0B4 /* ofxInteract.h in Headers */,
				1E2F4DD41892965A00F4CE25 /* SequenceParser.h in Headers */,
				D709B97E1878918400D5A0B4 /* ofxKeySyms.h in Headers */,
				D709B97F1878918400D5A0B4 /* ofxMemory.h in Headers */,
				D709B9801878918400D5A0B4 /* ofxMessage.h in Headers */,
				1E00B3CC188EE90A003BC7F3 /* ReadEXR.h in Headers */,
				D709B9811878918400D5A0B4 /* ofxMultiThread.h in Headers */,
				D709B9821878918400D5A0B4 /* ofxOpenGLRender.h in Headers */,
				D709B9831878918400D5A0B4 /* ofxParam.h in Headers */,
				D709B9841878918400D5A0B4 /* ofxParametricParam.h in Headers */,
				D709B9851878918400D5A0B4 /* ofxPixels.h in Headers */,
				1E74D84A1891074000E9034B /* ofxsSupportPrivate.h in Headers */,
				D709B9861878918400D5A0B4 /* ofxProgress.h in Headers */,
				D709B9871878918400D5A0B4 /* ofxProperty.h in Headers */,
				D709B9881878918400D5A0B4 /* ofxSonyVegas.h in Headers */,
				1E00B3CE188EE90A003BC7F3 /* WriteEXR.h in Headers */,
				1E00B397188EE887003BC7F3 /* GenericReader.h in Headers */,
				D709B9891878918400D5A0B4 /* ofxTimeLine.h in Headers */,
			);
			runOnlyForDeploymentPostprocessing = 0;
		};
		D7330DCF18867B35004A6199 /* Headers */ = {
			isa = PBXHeadersBuildPhase;
			buildActionMask = 2147483647;
			files = (
				D7330DF518867C1E004A6199 /* ofxCore.h in Headers */,
				1E00B3A5188EE887003BC7F3 /* GenericWriter.h in Headers */,
				1E2F4DD91892965A00F4CE25 /* tinydir.h in Headers */,
				D7330DF618867C1E004A6199 /* ofxDialog.h in Headers */,
				D7330DF718867C1E004A6199 /* ofxImageEffect.h in Headers */,
				D7330DF818867C1E004A6199 /* ofxInteract.h in Headers */,
				1E2F4DD51892965A00F4CE25 /* SequenceParser.h in Headers */,
				D7330DF918867C1E004A6199 /* ofxKeySyms.h in Headers */,
				D7330DFA18867C1E004A6199 /* ofxMemory.h in Headers */,
				D7330DFB18867C1E004A6199 /* ofxMessage.h in Headers */,
				1E00B3F0188EEBC5003BC7F3 /* WriteOIIO.h in Headers */,
				D7330DFC18867C1E004A6199 /* ofxMultiThread.h in Headers */,
				D7330DFD18867C1E004A6199 /* ofxOpenGLRender.h in Headers */,
				D7330DFE18867C1E004A6199 /* ofxParam.h in Headers */,
				D7330DFF18867C1E004A6199 /* ofxParametricParam.h in Headers */,
				D7330E0018867C1E004A6199 /* ofxPixels.h in Headers */,
				1E74D84B1891074000E9034B /* ofxsSupportPrivate.h in Headers */,
				1E00B3EE188EEBC5003BC7F3 /* ReadOIIO.h in Headers */,
				D7330E0118867C1E004A6199 /* ofxProgress.h in Headers */,
				D7330E0218867C1E004A6199 /* ofxProperty.h in Headers */,
				D7330E0318867C1E004A6199 /* ofxSonyVegas.h in Headers */,
				1E00B399188EE887003BC7F3 /* GenericReader.h in Headers */,
				D7330E0418867C1E004A6199 /* ofxTimeLine.h in Headers */,
			);
			runOnlyForDeploymentPostprocessing = 0;
		};
		D74E62441875A7A400D8FA13 /* Headers */ = {
			isa = PBXHeadersBuildPhase;
			buildActionMask = 2147483647;
			files = (
				D74E62861875AAB500D8FA13 /* ofxInteract.h in Headers */,
				1E00B3E2188EE923003BC7F3 /* WriteFFmpeg.h in Headers */,
				D74E62851875AAB500D8FA13 /* ofxImageEffect.h in Headers */,
				D74E628A1875AAB500D8FA13 /* ofxMultiThread.h in Headers */,
				D74E62841875AAB500D8FA13 /* ofxDialog.h in Headers */,
				1E00B3A1188EE887003BC7F3 /* GenericWriter.h in Headers */,
				1E00B3DC188EE923003BC7F3 /* FFmpegHandler.h in Headers */,
				D74E628F1875AAB500D8FA13 /* ofxProgress.h in Headers */,
				1E2F4DD71892965A00F4CE25 /* tinydir.h in Headers */,
				1E00B395188EE887003BC7F3 /* GenericReader.h in Headers */,
				1E74D8491891074000E9034B /* ofxsSupportPrivate.h in Headers */,
				D74E62901875AAB500D8FA13 /* ofxProperty.h in Headers */,
				D74E62921875AAB500D8FA13 /* ofxTimeLine.h in Headers */,
				D74E62871875AAB500D8FA13 /* ofxKeySyms.h in Headers */,
				D74E628D1875AAB500D8FA13 /* ofxParametricParam.h in Headers */,
				D74E628C1875AAB500D8FA13 /* ofxParam.h in Headers */,
				D74E62911875AAB500D8FA13 /* ofxSonyVegas.h in Headers */,
				D74E62831875AAB500D8FA13 /* ofxCore.h in Headers */,
				D74E62881875AAB500D8FA13 /* ofxMemory.h in Headers */,
				D74E62821875AAB500D8FA13 /* IOExtensions.h in Headers */,
				D74E628E1875AAB500D8FA13 /* ofxPixels.h in Headers */,
				D74E628B1875AAB500D8FA13 /* ofxOpenGLRender.h in Headers */,
				1E2F4DD31892965900F4CE25 /* SequenceParser.h in Headers */,
				D74E62891875AAB500D8FA13 /* ofxMessage.h in Headers */,
				1E00B3DA188EE923003BC7F3 /* FFmpegCompat.h in Headers */,
				1E00B3E0188EE923003BC7F3 /* ReadFFmpeg.h in Headers */,
			);
			runOnlyForDeploymentPostprocessing = 0;
		};
/* End PBXHeadersBuildPhase section */

/* Begin PBXNativeTarget section */
		1E2F4D97189295F600F4CE25 /* IO.ofx */ = {
			isa = PBXNativeTarget;
			buildConfigurationList = 1E2F4DC7189295F600F4CE25 /* Build configuration list for PBXNativeTarget "IO.ofx" */;
			buildPhases = (
				1E2F4D98189295F600F4CE25 /* Sources */,
				1E2F4DAA189295F600F4CE25 /* Frameworks */,
				1E2F4DAC189295F600F4CE25 /* Headers */,
			);
			buildRules = (
			);
			dependencies = (
			);
			name = IO.ofx;
			productName = ffmpegReader;
			productReference = 1E2F4DCA189295F600F4CE25 /* IO.ofx.bundle */;
			productType = "com.apple.product-type.bundle";
		};
		1E8B5DA418B7A2F300C31FDC /* PFM.ofx */ = {
			isa = PBXNativeTarget;
			buildConfigurationList = 1E8B5DCF18B7A2F300C31FDC /* Build configuration list for PBXNativeTarget "PFM.ofx" */;
			buildPhases = (
				1E8B5DA518B7A2F300C31FDC /* Sources */,
				1E8B5DB518B7A2F300C31FDC /* Frameworks */,
				1E8B5DB718B7A2F300C31FDC /* Headers */,
			);
			buildRules = (
			);
			dependencies = (
			);
			name = PFM.ofx;
			productName = oiioReader;
			productReference = 1E8B5DD218B7A2F300C31FDC /* PFM.ofx.bundle */;
			productType = "com.apple.product-type.bundle";
		};
		1ED4999E18A00B66008A2D91 /* OCIO.ofx */ = {
			isa = PBXNativeTarget;
			buildConfigurationList = 1ED499C918A00B66008A2D91 /* Build configuration list for PBXNativeTarget "OCIO.ofx" */;
			buildPhases = (
				1ED4999F18A00B66008A2D91 /* Sources */,
				1ED499AF18A00B66008A2D91 /* Frameworks */,
				1ED499B118A00B66008A2D91 /* Headers */,
			);
			buildRules = (
			);
			dependencies = (
			);
			name = OCIO.ofx;
			productName = oiioReader;
			productReference = 1ED499CC18A00B66008A2D91 /* OCIO.ofx.bundle */;
			productType = "com.apple.product-type.bundle";
		};
		D709B95218787D6700D5A0B4 /* EXR.ofx */ = {
			isa = PBXNativeTarget;
			buildConfigurationList = D709B96418787D6700D5A0B4 /* Build configuration list for PBXNativeTarget "EXR.ofx" */;
			buildPhases = (
				D709B94F18787D6700D5A0B4 /* Sources */,
				D709B95018787D6700D5A0B4 /* Frameworks */,
				D709B95118787D6700D5A0B4 /* Headers */,
			);
			buildRules = (
			);
			dependencies = (
			);
			name = EXR.ofx;
			productName = exrReader;
			productReference = D709B95318787D6700D5A0B4 /* EXR.ofx.bundle */;
			productType = "com.apple.product-type.bundle";
		};
		D7330DD018867B35004A6199 /* OIIO.ofx */ = {
			isa = PBXNativeTarget;
			buildConfigurationList = D7330DE218867B35004A6199 /* Build configuration list for PBXNativeTarget "OIIO.ofx" */;
			buildPhases = (
				D7330DCD18867B35004A6199 /* Sources */,
				D7330DCE18867B35004A6199 /* Frameworks */,
				D7330DCF18867B35004A6199 /* Headers */,
			);
			buildRules = (
			);
			dependencies = (
			);
			name = OIIO.ofx;
			productName = oiioReader;
			productReference = D7330DD118867B35004A6199 /* OIIO.ofx.bundle */;
			productType = "com.apple.product-type.bundle";
		};
		D74E62451875A7A400D8FA13 /* FFmpeg.ofx */ = {
			isa = PBXNativeTarget;
			buildConfigurationList = D74E62581875A7A400D8FA13 /* Build configuration list for PBXNativeTarget "FFmpeg.ofx" */;
			buildPhases = (
				D74E62421875A7A400D8FA13 /* Sources */,
				D74E62431875A7A400D8FA13 /* Frameworks */,
				D74E62441875A7A400D8FA13 /* Headers */,
			);
			buildRules = (
			);
			dependencies = (
			);
			name = FFmpeg.ofx;
			productName = ffmpegReader;
			productReference = D74E62461875A7A400D8FA13 /* FFmpeg.ofx.bundle */;
			productType = "com.apple.product-type.bundle";
		};
/* End PBXNativeTarget section */

/* Begin PBXProject section */
		D74E623C1875A79700D8FA13 /* Project object */ = {
			isa = PBXProject;
			attributes = {
				LastUpgradeCheck = 0500;
			};
			buildConfigurationList = D74E623F1875A79700D8FA13 /* Build configuration list for PBXProject "IO" */;
			compatibilityVersion = "Xcode 3.2";
			developmentRegion = English;
			hasScannedForEncodings = 0;
			knownRegions = (
				en,
			);
			mainGroup = D74E623B1875A79700D8FA13;
			productRefGroup = D74E62471875A7A400D8FA13 /* Products */;
			projectDirPath = "";
			projectRoot = "";
			targets = (
				D74E625F1875A90800D8FA13 /* all */,
				D74E62451875A7A400D8FA13 /* FFmpeg.ofx */,
				D709B95218787D6700D5A0B4 /* EXR.ofx */,
				D7330DD018867B35004A6199 /* OIIO.ofx */,
				1E2F4D97189295F600F4CE25 /* IO.ofx */,
				1ED4999E18A00B66008A2D91 /* OCIO.ofx */,
				1E8B5DA418B7A2F300C31FDC /* PFM.ofx */,
			);
		};
/* End PBXProject section */

/* Begin PBXSourcesBuildPhase section */
		1E2F4D98189295F600F4CE25 /* Sources */ = {
			isa = PBXSourcesBuildPhase;
			buildActionMask = 2147483647;
			files = (
				1E8B5DD418B7A39400C31FDC /* ReadPFM.cpp in Sources */,
				1E8B5DD518B7A39400C31FDC /* WritePFM.cpp in Sources */,
				1ED499D618A03BCF008A2D91 /* OCIOColorSpace.cpp in Sources */,
				1E2F4DDD1892977800F4CE25 /* PluginRegistrationCombined.cpp in Sources */,
				1E2F4DE01892977800F4CE25 /* ReadEXR.cpp in Sources */,
				1E2F4DE11892977800F4CE25 /* WriteEXR.cpp in Sources */,
				1E2F4D99189295F600F4CE25 /* ReadFFmpeg.cpp in Sources */,
				1E2F4D9C189295F600F4CE25 /* FFmpegHandler.cpp in Sources */,
				1E2F4DA7189295F600F4CE25 /* WriteFFmpeg.cpp in Sources */,
				1E2F4DDE1892977800F4CE25 /* ReadOIIO.cpp in Sources */,
				1E2F4DDF1892977800F4CE25 /* WriteOIIO.cpp in Sources */,
				1E2F4DA5189295F600F4CE25 /* GenericReader.cpp in Sources */,
				1E2F4D9A189295F600F4CE25 /* GenericWriter.cpp in Sources */,
				1E2F4DA0189295F600F4CE25 /* GenericOCIO.cpp in Sources */,
				1E2F4DD21892965900F4CE25 /* SequenceParser.cpp in Sources */,
				1E2F4D9B189295F600F4CE25 /* ofxsProperty.cpp in Sources */,
				1E2F4D9D189295F600F4CE25 /* ofxsCore.cpp in Sources */,
				1E2F4D9E189295F600F4CE25 /* ofxsParams.cpp in Sources */,
				1E2F4D9F189295F600F4CE25 /* ofxsImageEffect.cpp in Sources */,
				1E2F4DA1189295F600F4CE25 /* ofxsPropertyValidation.cpp in Sources */,
				1E2F4DA6189295F600F4CE25 /* ofxsLog.cpp in Sources */,
				1E2F4DA8189295F600F4CE25 /* ofxsInteract.cpp in Sources */,
				1E2F4DA9189295F600F4CE25 /* ofxsMultiThread.cpp in Sources */,
			);
			runOnlyForDeploymentPostprocessing = 0;
		};
		1E8B5DA518B7A2F300C31FDC /* Sources */ = {
			isa = PBXSourcesBuildPhase;
			buildActionMask = 2147483647;
			files = (
				1E8B5DA618B7A2F300C31FDC /* ofxsProperty.cpp in Sources */,
				1E8B5DA718B7A2F300C31FDC /* ReadOIIO.cpp in Sources */,
				1E8B5DA818B7A2F300C31FDC /* GenericOCIO.cpp in Sources */,
				1E8B5DA918B7A2F300C31FDC /* PluginRegistration.cpp in Sources */,
				1E8B5DAA18B7A2F300C31FDC /* ofxsCore.cpp in Sources */,
				1E8B5DAB18B7A2F300C31FDC /* ofxsParams.cpp in Sources */,
				1E8B5DAC18B7A2F300C31FDC /* ofxsImageEffect.cpp in Sources */,
				1E8B5DAD18B7A2F300C31FDC /* ofxsPropertyValidation.cpp in Sources */,
				1E8B5DAE18B7A2F300C31FDC /* SequenceParser.cpp in Sources */,
				1E8B5DAF18B7A2F300C31FDC /* ofxsLog.cpp in Sources */,
				1E8B5DB018B7A2F300C31FDC /* GenericWriter.cpp in Sources */,
				1E8B5DB118B7A2F300C31FDC /* ofxsInteract.cpp in Sources */,
				1E8B5DB218B7A2F300C31FDC /* WriteOIIO.cpp in Sources */,
				1E8B5DB318B7A2F300C31FDC /* GenericReader.cpp in Sources */,
				1E8B5DB418B7A2F300C31FDC /* ofxsMultiThread.cpp in Sources */,
			);
			runOnlyForDeploymentPostprocessing = 0;
		};
		1ED4999F18A00B66008A2D91 /* Sources */ = {
			isa = PBXSourcesBuildPhase;
			buildActionMask = 2147483647;
			files = (
				1ED499D018A00BD6008A2D91 /* OCIOColorSpace.cpp in Sources */,
				1ED499D118A00BD6008A2D91 /* PluginRegistration.cpp in Sources */,
				1ED499A218A00B66008A2D91 /* GenericOCIO.cpp in Sources */,
				1ED499A018A00B66008A2D91 /* ofxsProperty.cpp in Sources */,
				1ED499A418A00B66008A2D91 /* ofxsCore.cpp in Sources */,
				1ED499A518A00B66008A2D91 /* ofxsParams.cpp in Sources */,
				1ED499A618A00B66008A2D91 /* ofxsImageEffect.cpp in Sources */,
				1ED499A718A00B66008A2D91 /* ofxsPropertyValidation.cpp in Sources */,
				1ED499A918A00B66008A2D91 /* ofxsLog.cpp in Sources */,
				1ED499AB18A00B66008A2D91 /* ofxsInteract.cpp in Sources */,
				1ED499AE18A00B66008A2D91 /* ofxsMultiThread.cpp in Sources */,
			);
			runOnlyForDeploymentPostprocessing = 0;
		};
		D709B94F18787D6700D5A0B4 /* Sources */ = {
			isa = PBXSourcesBuildPhase;
			buildActionMask = 2147483647;
			files = (
				1E74D83B1891074000E9034B /* ofxsLog.cpp in Sources */,
				1E74D8441891074000E9034B /* ofxsProperty.cpp in Sources */,
				1E74D8351891074000E9034B /* ofxsImageEffect.cpp in Sources */,
				1E74D851189115BC00E9034B /* GenericOCIO.cpp in Sources */,
				1E74D8471891074000E9034B /* ofxsPropertyValidation.cpp in Sources */,
				1E00B3CD188EE90A003BC7F3 /* WriteEXR.cpp in Sources */,
				1E00B3CA188EE90A003BC7F3 /* PluginRegistration.cpp in Sources */,
				1E74D8411891074000E9034B /* ofxsParams.cpp in Sources */,
				1E74D8381891074000E9034B /* ofxsInteract.cpp in Sources */,
				1E2F4DD01892965900F4CE25 /* SequenceParser.cpp in Sources */,
				1E00B39D188EE887003BC7F3 /* GenericWriter.cpp in Sources */,
				1E74D8321891074000E9034B /* ofxsCore.cpp in Sources */,
				1E74D83E1891074000E9034B /* ofxsMultiThread.cpp in Sources */,
				1E00B391188EE887003BC7F3 /* GenericReader.cpp in Sources */,
				1E00B3CB188EE90A003BC7F3 /* ReadEXR.cpp in Sources */,
			);
			runOnlyForDeploymentPostprocessing = 0;
		};
		D7330DCD18867B35004A6199 /* Sources */ = {
			isa = PBXSourcesBuildPhase;
			buildActionMask = 2147483647;
			files = (
				1E74D8451891074000E9034B /* ofxsProperty.cpp in Sources */,
				1E00B3ED188EEBC5003BC7F3 /* ReadOIIO.cpp in Sources */,
				1E74D852189115BC00E9034B /* GenericOCIO.cpp in Sources */,
				1E00B3EC188EEBC5003BC7F3 /* PluginRegistration.cpp in Sources */,
				1E74D8331891074000E9034B /* ofxsCore.cpp in Sources */,
				1E74D8421891074000E9034B /* ofxsParams.cpp in Sources */,
				1E74D8361891074000E9034B /* ofxsImageEffect.cpp in Sources */,
				1E74D8481891074000E9034B /* ofxsPropertyValidation.cpp in Sources */,
				1E2F4DD11892965900F4CE25 /* SequenceParser.cpp in Sources */,
				1E74D83C1891074000E9034B /* ofxsLog.cpp in Sources */,
				1E00B39F188EE887003BC7F3 /* GenericWriter.cpp in Sources */,
				1E74D8391891074000E9034B /* ofxsInteract.cpp in Sources */,
				1E00B3EF188EEBC5003BC7F3 /* WriteOIIO.cpp in Sources */,
				1E00B393188EE887003BC7F3 /* GenericReader.cpp in Sources */,
				1E74D83F1891074000E9034B /* ofxsMultiThread.cpp in Sources */,
			);
			runOnlyForDeploymentPostprocessing = 0;
		};
		D74E62421875A7A400D8FA13 /* Sources */ = {
			isa = PBXSourcesBuildPhase;
			buildActionMask = 2147483647;
			files = (
				1E00B3DF188EE923003BC7F3 /* ReadFFmpeg.cpp in Sources */,
				1E00B39B188EE887003BC7F3 /* GenericWriter.cpp in Sources */,
				1E74D8431891074000E9034B /* ofxsProperty.cpp in Sources */,
				1E00B3DB188EE923003BC7F3 /* FFmpegHandler.cpp in Sources */,
				1E74D8311891074000E9034B /* ofxsCore.cpp in Sources */,
				1E74D8401891074000E9034B /* ofxsParams.cpp in Sources */,
				1E74D8341891074000E9034B /* ofxsImageEffect.cpp in Sources */,
				1E74D850189115BC00E9034B /* GenericOCIO.cpp in Sources */,
				1E74D8461891074000E9034B /* ofxsPropertyValidation.cpp in Sources */,
				1E00B3DE188EE923003BC7F3 /* PluginRegistration.cpp in Sources */,
				1E00B38F188EE887003BC7F3 /* GenericReader.cpp in Sources */,
				1E74D83A1891074000E9034B /* ofxsLog.cpp in Sources */,
				1E00B3E1188EE923003BC7F3 /* WriteFFmpeg.cpp in Sources */,
				1E2F4DCF1892965900F4CE25 /* SequenceParser.cpp in Sources */,
				1E74D8371891074000E9034B /* ofxsInteract.cpp in Sources */,
				1E74D83D1891074000E9034B /* ofxsMultiThread.cpp in Sources */,
			);
			runOnlyForDeploymentPostprocessing = 0;
		};
/* End PBXSourcesBuildPhase section */

/* Begin PBXTargetDependency section */
		1E2F4DDC189296E800F4CE25 /* PBXTargetDependency */ = {
			isa = PBXTargetDependency;
			target = 1E2F4D97189295F600F4CE25 /* IO.ofx */;
			targetProxy = 1E2F4DDB189296E800F4CE25 /* PBXContainerItemProxy */;
		};
/* End PBXTargetDependency section */

/* Begin XCBuildConfiguration section */
		1E2F4DC8189295F600F4CE25 /* Debug */ = {
			isa = XCBuildConfiguration;
			buildSettings = {
				HEADER_SEARCH_PATHS = (
					"$(inherited)",
					"$(EXR_PATH)/include/OpenEXR",
					"$(FFMPEG_PATH)/include",
					"$(OIIO_PATH)/include",
				);
				INFOPLIST_FILE = IO/Info.plist;
				OTHER_LDFLAGS = (
					"$(inherited)",
					"-L$(EXR_PATH)/lib",
					"-lIlmThread",
					"-lImath",
					"-lHalf",
					"-lIex",
					"-lIlmImf",
					"-L$(FFMPEG_PATH)/lib",
					"-lavcodec",
					"-lavformat",
					"-lavutil",
					"-lswscale",
					"-L$(OIIO_PATH)/lib",
					"-lOpenImageIO",
				);
				PRODUCT_NAME = "$(TARGET_NAME)";
			};
			name = Debug;
		};
		1E2F4DC9189295F600F4CE25 /* Release */ = {
			isa = XCBuildConfiguration;
			buildSettings = {
				HEADER_SEARCH_PATHS = (
					"$(inherited)",
					"$(EXR_PATH)/include/OpenEXR",
					"$(FFMPEG_PATH)/include",
					"$(OIIO_PATH)/include",
				);
				INFOPLIST_FILE = IO/Info.plist;
				OTHER_LDFLAGS = (
					"$(inherited)",
					"-L$(EXR_PATH)/lib",
					"-lIlmThread",
					"-lImath",
					"-lHalf",
					"-lIex",
					"-lIlmImf",
					"-L$(FFMPEG_PATH)/lib",
					"-lavcodec",
					"-lavformat",
					"-lavutil",
					"-lswscale",
					"-L$(OIIO_PATH)/lib",
					"-lOpenImageIO",
				);
				PRODUCT_NAME = "$(TARGET_NAME)";
			};
			name = Release;
		};
		1E8B5DD018B7A2F300C31FDC /* Debug */ = {
			isa = XCBuildConfiguration;
			buildSettings = {
				INFOPLIST_FILE = PFM/Info.plist;
				PRODUCT_NAME = PFM.ofx;
			};
			name = Debug;
		};
		1E8B5DD118B7A2F300C31FDC /* Release */ = {
			isa = XCBuildConfiguration;
			buildSettings = {
				INFOPLIST_FILE = PFM/Info.plist;
				PRODUCT_NAME = PFM.ofx;
			};
			name = Release;
		};
		1ED499CA18A00B66008A2D91 /* Debug */ = {
			isa = XCBuildConfiguration;
			buildSettings = {
				INFOPLIST_FILE = OCIO/Info.plist;
				LIBRARY_SEARCH_PATHS = "$(OIIO_PATH)/lib";
				OTHER_LDFLAGS = "$(inherited)";
				PRODUCT_NAME = OCIO.ofx;
			};
			name = Debug;
		};
		1ED499CB18A00B66008A2D91 /* Release */ = {
			isa = XCBuildConfiguration;
			buildSettings = {
				INFOPLIST_FILE = OCIO/Info.plist;
				LIBRARY_SEARCH_PATHS = "$(OIIO_PATH)/lib";
				OTHER_LDFLAGS = "$(inherited)";
				PRODUCT_NAME = OCIO.ofx;
			};
			name = Release;
		};
		D709B96218787D6700D5A0B4 /* Debug */ = {
			isa = XCBuildConfiguration;
			buildSettings = {
				HEADER_SEARCH_PATHS = (
					"$(inherited)",
					"$(EXR_PATH)/include/OpenEXR",
				);
				INFOPLIST_FILE = EXR/Info.plist;
				LIBRARY_SEARCH_PATHS = "$(EXR_PATH)/lib";
				OTHER_LDFLAGS = (
					"$(inherited)",
					"-L$(EXR_PATH)/lib",
					"-lIlmThread",
					"-lImath",
					"-lHalf",
					"-lIex",
					"-lIlmImf",
				);
				PRODUCT_NAME = "$(TARGET_NAME)";
			};
			name = Debug;
		};
		D709B96318787D6700D5A0B4 /* Release */ = {
			isa = XCBuildConfiguration;
			buildSettings = {
				HEADER_SEARCH_PATHS = (
					"$(inherited)",
					"$(EXR_PATH)/include/OpenEXR",
				);
				INFOPLIST_FILE = EXR/Info.plist;
				LIBRARY_SEARCH_PATHS = "$(EXR_PATH)/lib";
				OTHER_LDFLAGS = (
					"$(inherited)",
					"-L$(EXR_PATH)/lib",
					"-lIlmThread",
					"-lImath",
					"-lHalf",
					"-lIex",
					"-lIlmImf",
				);
				PRODUCT_NAME = "$(TARGET_NAME)";
			};
			name = Release;
		};
		D7330DE018867B35004A6199 /* Debug */ = {
			isa = XCBuildConfiguration;
			buildSettings = {
				HEADER_SEARCH_PATHS = (
					"$(inherited)",
					"$(OIIO_PATH)/include",
				);
				INFOPLIST_FILE = OIIO/Info.plist;
				LIBRARY_SEARCH_PATHS = "$(OIIO_PATH)/lib";
				OTHER_LDFLAGS = (
					"$(inherited)",
					"-L$(OIIO_PATH)/lib",
					"-lOpenImageIO",
				);
				PRODUCT_NAME = "$(TARGET_NAME)";
			};
			name = Debug;
		};
		D7330DE118867B35004A6199 /* Release */ = {
			isa = XCBuildConfiguration;
			buildSettings = {
				HEADER_SEARCH_PATHS = (
					"$(inherited)",
					"$(OIIO_PATH)/include",
				);
				INFOPLIST_FILE = OIIO/Info.plist;
				LIBRARY_SEARCH_PATHS = "$(OIIO_PATH)/lib";
				OTHER_LDFLAGS = (
					"$(inherited)",
					"-L$(OIIO_PATH)/lib",
					"-lOpenImageIO",
				);
				PRODUCT_NAME = "$(TARGET_NAME)";
			};
			name = Release;
		};
		D74E62401875A79700D8FA13 /* Debug */ = {
			isa = XCBuildConfiguration;
			buildSettings = {
				COPY_PHASE_STRIP = NO;
				EXPORTED_SYMBOLS_FILE = "$(OFX_PATH)/Support/include/osxSymbols";
				EXR_PATH = /opt/local;
				FFMPEG_PATH = /opt/local;
				GCC_OPTIMIZATION_LEVEL = 0;
				GCC_PREPROCESSOR_DEFINITIONS = (
					OFX_EXTENSIONS_NATRON,
					OFX_EXTENSIONS_NUKE,
					OFX_EXTENSIONS_VEGAS,
					OFX_EXTENSIONS_TUTTLE,
					OFX_IO_USING_OCIO,
					"DEBUG=1",
					OFX_IO_MT_FFMPEG,
				);
				HEADER_SEARCH_PATHS = (
					"$(OFX_PATH)/include",
					"$(OFX_PATH)/Support/include",
					"$(OFX_PATH)/Support/Plugins/include",
					"$(OCIO_PATH)/include",
					IOSupport/SequenceParser,
				);
				INSTALL_PATH = "$(LOCAL_LIBRARY_DIR)/OFX/Plugins/$(PROJECT_NAME)";
				LD_RUNPATH_SEARCH_PATHS = "@loader_path/../Frameworks @loader_path/../Libraries";
				LIBRARY_SEARCH_PATHS = "$(OCIO_PATH)/lib";
				OCIO_PATH = /opt/local;
				OFX_PATH = openfx;
				OIIO_PATH = /opt/local;
				ONLY_ACTIVE_ARCH = YES;
				OTHER_LDFLAGS = (
					"-L$(OCIO_PATH)/lib",
					"-lOpenColorIO",
				);
			};
			name = Debug;
		};
		D74E62411875A79700D8FA13 /* Release */ = {
			isa = XCBuildConfiguration;
			buildSettings = {
				DEBUG_INFORMATION_FORMAT = "dwarf-with-dsym";
				EXPORTED_SYMBOLS_FILE = "$(OFX_PATH)/Support/include/osxSymbols";
				EXR_PATH = /opt/local;
				FFMPEG_PATH = /opt/local;
				GCC_PREPROCESSOR_DEFINITIONS = (
					OFX_EXTENSIONS_NATRON,
					OFX_EXTENSIONS_NUKE,
					OFX_EXTENSIONS_VEGAS,
					OFX_EXTENSIONS_TUTTLE,
					OFX_IO_USING_OCIO,
					OFX_IO_MT_FFMPEG,
				);
				HEADER_SEARCH_PATHS = (
					"$(OFX_PATH)/include",
					"$(OFX_PATH)/Support/include",
					"$(OFX_PATH)/Support/Plugins/include",
					"$(OCIO_PATH)/include",
					IOSupport/SequenceParser,
				);
				INSTALL_PATH = "$(LOCAL_LIBRARY_DIR)/OFX/Plugins/$(PROJECT_NAME)";
				LD_RUNPATH_SEARCH_PATHS = "@loader_path/../Frameworks @loader_path/../Libraries";
				LIBRARY_SEARCH_PATHS = "$(OCIO_PATH)/lib";
				OCIO_PATH = /opt/local;
				OFX_PATH = openfx;
				OIIO_PATH = /opt/local;
				OTHER_LDFLAGS = (
					"-L$(OCIO_PATH)/lib",
					"-lOpenColorIO",
				);
			};
			name = Release;
		};
		D74E62591875A7A400D8FA13 /* Debug */ = {
			isa = XCBuildConfiguration;
			buildSettings = {
				HEADER_SEARCH_PATHS = (
					"$(inherited)",
					"$(FFMPEG_PATH)/include",
				);
				INFOPLIST_FILE = FFmpeg/Info.plist;
				OTHER_LDFLAGS = (
					"$(inherited)",
					"-L$(FFMPEG_PATH)/lib",
					"-lavcodec",
					"-lavformat",
					"-lavutil",
					"-lswscale",
				);
				PRODUCT_NAME = "$(TARGET_NAME)";
			};
			name = Debug;
		};
		D74E625A1875A7A400D8FA13 /* Release */ = {
			isa = XCBuildConfiguration;
			buildSettings = {
				HEADER_SEARCH_PATHS = (
					"$(inherited)",
					"$(FFMPEG_PATH)/include",
				);
				INFOPLIST_FILE = FFmpeg/Info.plist;
				OTHER_LDFLAGS = (
					"$(inherited)",
					"-L$(FFMPEG_PATH)/lib",
					"-lavcodec",
					"-lavformat",
					"-lavutil",
					"-lswscale",
				);
				PRODUCT_NAME = "$(TARGET_NAME)";
			};
			name = Release;
		};
		D74E62611875A90800D8FA13 /* Debug */ = {
			isa = XCBuildConfiguration;
			buildSettings = {
				PRODUCT_NAME = "$(TARGET_NAME)";
			};
			name = Debug;
		};
		D74E62621875A90800D8FA13 /* Release */ = {
			isa = XCBuildConfiguration;
			buildSettings = {
				PRODUCT_NAME = "$(TARGET_NAME)";
			};
			name = Release;
		};
/* End XCBuildConfiguration section */

/* Begin XCConfigurationList section */
		1E2F4DC7189295F600F4CE25 /* Build configuration list for PBXNativeTarget "IO.ofx" */ = {
			isa = XCConfigurationList;
			buildConfigurations = (
				1E2F4DC8189295F600F4CE25 /* Debug */,
				1E2F4DC9189295F600F4CE25 /* Release */,
			);
			defaultConfigurationIsVisible = 0;
			defaultConfigurationName = Release;
		};
		1E8B5DCF18B7A2F300C31FDC /* Build configuration list for PBXNativeTarget "PFM.ofx" */ = {
			isa = XCConfigurationList;
			buildConfigurations = (
				1E8B5DD018B7A2F300C31FDC /* Debug */,
				1E8B5DD118B7A2F300C31FDC /* Release */,
			);
			defaultConfigurationIsVisible = 0;
			defaultConfigurationName = Release;
		};
		1ED499C918A00B66008A2D91 /* Build configuration list for PBXNativeTarget "OCIO.ofx" */ = {
			isa = XCConfigurationList;
			buildConfigurations = (
				1ED499CA18A00B66008A2D91 /* Debug */,
				1ED499CB18A00B66008A2D91 /* Release */,
			);
			defaultConfigurationIsVisible = 0;
			defaultConfigurationName = Release;
		};
		D709B96418787D6700D5A0B4 /* Build configuration list for PBXNativeTarget "EXR.ofx" */ = {
			isa = XCConfigurationList;
			buildConfigurations = (
				D709B96218787D6700D5A0B4 /* Debug */,
				D709B96318787D6700D5A0B4 /* Release */,
			);
			defaultConfigurationIsVisible = 0;
			defaultConfigurationName = Release;
		};
		D7330DE218867B35004A6199 /* Build configuration list for PBXNativeTarget "OIIO.ofx" */ = {
			isa = XCConfigurationList;
			buildConfigurations = (
				D7330DE018867B35004A6199 /* Debug */,
				D7330DE118867B35004A6199 /* Release */,
			);
			defaultConfigurationIsVisible = 0;
			defaultConfigurationName = Release;
		};
		D74E623F1875A79700D8FA13 /* Build configuration list for PBXProject "IO" */ = {
			isa = XCConfigurationList;
			buildConfigurations = (
				D74E62401875A79700D8FA13 /* Debug */,
				D74E62411875A79700D8FA13 /* Release */,
			);
			defaultConfigurationIsVisible = 0;
			defaultConfigurationName = Release;
		};
		D74E62581875A7A400D8FA13 /* Build configuration list for PBXNativeTarget "FFmpeg.ofx" */ = {
			isa = XCConfigurationList;
			buildConfigurations = (
				D74E62591875A7A400D8FA13 /* Debug */,
				D74E625A1875A7A400D8FA13 /* Release */,
			);
			defaultConfigurationIsVisible = 0;
			defaultConfigurationName = Release;
		};
		D74E62601875A90800D8FA13 /* Build configuration list for PBXAggregateTarget "all" */ = {
			isa = XCConfigurationList;
			buildConfigurations = (
				D74E62611875A90800D8FA13 /* Debug */,
				D74E62621875A90800D8FA13 /* Release */,
			);
			defaultConfigurationIsVisible = 0;
			defaultConfigurationName = Release;
		};
/* End XCConfigurationList section */
	};
	rootObject = D74E623C1875A79700D8FA13 /* Project object */;
}
