// !$*UTF8*$!
{
	archiveVersion = 1;
	classes = {
	};
	objectVersion = 46;
	objects = {

/* Begin PBXAggregateTarget section */
		D7BF918518689F7500DF88B0 /* All */ = {
			isa = PBXAggregateTarget;
			buildConfigurationList = D7BF918618689F7500DF88B0 /* Build configuration list for PBXAggregateTarget "All" */;
			buildPhases = (
			);
			dependencies = (
				D71319891872AEA100115B48 /* PBXTargetDependency */,
				D7340C42186976B400BA49BC /* PBXTargetDependency */,
			);
			name = All;
			productName = All;
		};
/* End PBXAggregateTarget section */

/* Begin PBXBuildFile section */
		D70ED2F0186CA33D007F244A /* FfmpegHandler.h in Headers */ = {isa = PBXBuildFile; fileRef = D70ED2EE186CA33D007F244A /* FfmpegHandler.h */; };
		D71319721872ADFA00115B48 /* CoreFoundation.framework in Frameworks */ = {isa = PBXBuildFile; fileRef = D7340C2F1869763900BA49BC /* CoreFoundation.framework */; };
		D71319851872AE2900115B48 /* ffmpegWriter.cpp in Sources */ = {isa = PBXBuildFile; fileRef = D71319841872AE2900115B48 /* ffmpegWriter.cpp */; };
		D71319871872AE7200115B48 /* ffmpegWriter.h in Headers */ = {isa = PBXBuildFile; fileRef = D71319861872AE7200115B48 /* ffmpegWriter.h */; };
		D713198A1872C71900115B48 /* Lut.cpp in Sources */ = {isa = PBXBuildFile; fileRef = D770EB5F1870063D009937BA /* Lut.cpp */; };
		D713198B1872C71E00115B48 /* GenericWriter.cpp in Sources */ = {isa = PBXBuildFile; fileRef = D713196B1872AB4B00115B48 /* GenericWriter.cpp */; };
		D713198C1872C72800115B48 /* Lut.h in Headers */ = {isa = PBXBuildFile; fileRef = D770EB6018700644009937BA /* Lut.h */; };
		D713198D1872C73100115B48 /* GenericWriter.h in Headers */ = {isa = PBXBuildFile; fileRef = D713196C1872AB5C00115B48 /* GenericWriter.h */; };
		D713198E1872ECAF00115B48 /* ofxsCore.cpp in Sources */ = {isa = PBXBuildFile; fileRef = D7340C6018697C6200BA49BC /* ofxsCore.cpp */; };
		D713198F1872ECAF00115B48 /* ofxsHWNDInteract.cpp in Sources */ = {isa = PBXBuildFile; fileRef = D7340C6118697C6200BA49BC /* ofxsHWNDInteract.cpp */; };
		D71319901872ECAF00115B48 /* ofxsImageEffect.cpp in Sources */ = {isa = PBXBuildFile; fileRef = D7340C6218697C6200BA49BC /* ofxsImageEffect.cpp */; };
		D71319911872ECAF00115B48 /* ofxsInteract.cpp in Sources */ = {isa = PBXBuildFile; fileRef = D7340C6318697C6200BA49BC /* ofxsInteract.cpp */; };
		D71319921872ECAF00115B48 /* ofxsLog.cpp in Sources */ = {isa = PBXBuildFile; fileRef = D7340C6418697C6200BA49BC /* ofxsLog.cpp */; };
		D71319931872ECAF00115B48 /* ofxsMultiThread.cpp in Sources */ = {isa = PBXBuildFile; fileRef = D7340C6518697C6200BA49BC /* ofxsMultiThread.cpp */; };
		D71319941872ECAF00115B48 /* ofxsParams.cpp in Sources */ = {isa = PBXBuildFile; fileRef = D7340C6618697C6200BA49BC /* ofxsParams.cpp */; };
		D71319951872ECAF00115B48 /* ofxsProperty.cpp in Sources */ = {isa = PBXBuildFile; fileRef = D7340C6718697C6200BA49BC /* ofxsProperty.cpp */; };
		D71319961872ECAF00115B48 /* ofxsPropertyValidation.cpp in Sources */ = {isa = PBXBuildFile; fileRef = D7340C6818697C6200BA49BC /* ofxsPropertyValidation.cpp */; };
		D7340C301869763900BA49BC /* CoreFoundation.framework in Frameworks */ = {isa = PBXBuildFile; fileRef = D7340C2F1869763900BA49BC /* CoreFoundation.framework */; };
		D7340C441869775100BA49BC /* ffmpegReader.cpp in Sources */ = {isa = PBXBuildFile; fileRef = D7340C431869775100BA49BC /* ffmpegReader.cpp */; };
		D7340C5418697C4300BA49BC /* ofxsCore.h in Headers */ = {isa = PBXBuildFile; fileRef = D7340C4A18697C4300BA49BC /* ofxsCore.h */; };
		D7340C5518697C4300BA49BC /* ofxsHWNDInteract.h in Headers */ = {isa = PBXBuildFile; fileRef = D7340C4B18697C4300BA49BC /* ofxsHWNDInteract.h */; };
		D7340C5618697C4300BA49BC /* ofxsImageEffect.h in Headers */ = {isa = PBXBuildFile; fileRef = D7340C4C18697C4300BA49BC /* ofxsImageEffect.h */; };
		D7340C5718697C4300BA49BC /* ofxsInteract.h in Headers */ = {isa = PBXBuildFile; fileRef = D7340C4D18697C4300BA49BC /* ofxsInteract.h */; };
		D7340C5818697C4300BA49BC /* ofxsLog.h in Headers */ = {isa = PBXBuildFile; fileRef = D7340C4E18697C4300BA49BC /* ofxsLog.h */; };
		D7340C5918697C4300BA49BC /* ofxsMemory.h in Headers */ = {isa = PBXBuildFile; fileRef = D7340C4F18697C4300BA49BC /* ofxsMemory.h */; };
		D7340C5A18697C4300BA49BC /* ofxsMessage.h in Headers */ = {isa = PBXBuildFile; fileRef = D7340C5018697C4300BA49BC /* ofxsMessage.h */; };
		D7340C5B18697C4300BA49BC /* ofxsMultiThread.h in Headers */ = {isa = PBXBuildFile; fileRef = D7340C5118697C4300BA49BC /* ofxsMultiThread.h */; };
		D7340C5C18697C4300BA49BC /* ofxsParam.h in Headers */ = {isa = PBXBuildFile; fileRef = D7340C5218697C4300BA49BC /* ofxsParam.h */; };
		D7340C6E18697C6200BA49BC /* ofxsCore.cpp in Sources */ = {isa = PBXBuildFile; fileRef = D7340C6018697C6200BA49BC /* ofxsCore.cpp */; };
		D7340C6F18697C6200BA49BC /* ofxsHWNDInteract.cpp in Sources */ = {isa = PBXBuildFile; fileRef = D7340C6118697C6200BA49BC /* ofxsHWNDInteract.cpp */; };
		D7340C7018697C6200BA49BC /* ofxsImageEffect.cpp in Sources */ = {isa = PBXBuildFile; fileRef = D7340C6218697C6200BA49BC /* ofxsImageEffect.cpp */; };
		D7340C7118697C6200BA49BC /* ofxsInteract.cpp in Sources */ = {isa = PBXBuildFile; fileRef = D7340C6318697C6200BA49BC /* ofxsInteract.cpp */; };
		D7340C7218697C6200BA49BC /* ofxsLog.cpp in Sources */ = {isa = PBXBuildFile; fileRef = D7340C6418697C6200BA49BC /* ofxsLog.cpp */; };
		D7340C7318697C6200BA49BC /* ofxsMultiThread.cpp in Sources */ = {isa = PBXBuildFile; fileRef = D7340C6518697C6200BA49BC /* ofxsMultiThread.cpp */; };
		D7340C7418697C6200BA49BC /* ofxsParams.cpp in Sources */ = {isa = PBXBuildFile; fileRef = D7340C6618697C6200BA49BC /* ofxsParams.cpp */; };
		D7340C7518697C6200BA49BC /* ofxsProperty.cpp in Sources */ = {isa = PBXBuildFile; fileRef = D7340C6718697C6200BA49BC /* ofxsProperty.cpp */; };
		D7340C7618697C6200BA49BC /* ofxsPropertyValidation.cpp in Sources */ = {isa = PBXBuildFile; fileRef = D7340C6818697C6200BA49BC /* ofxsPropertyValidation.cpp */; };
		D7340C7718697C6200BA49BC /* ofxsSupportPrivate.h in Headers */ = {isa = PBXBuildFile; fileRef = D7340C6918697C6200BA49BC /* ofxsSupportPrivate.h */; };
		D7340C9618697D7D00BA49BC /* camera.h in Headers */ = {isa = PBXBuildFile; fileRef = D7340C8218697D7D00BA49BC /* camera.h */; };
		D7340C9718697D7D00BA49BC /* fnPublicOfxExtensions.h in Headers */ = {isa = PBXBuildFile; fileRef = D7340C8318697D7D00BA49BC /* fnPublicOfxExtensions.h */; };
		D7340C9818697D7D00BA49BC /* ofxCore.h in Headers */ = {isa = PBXBuildFile; fileRef = D7340C8618697D7D00BA49BC /* ofxCore.h */; };
		D7340C9918697D7D00BA49BC /* ofxDialog.h in Headers */ = {isa = PBXBuildFile; fileRef = D7340C8718697D7D00BA49BC /* ofxDialog.h */; };
		D7340C9A18697D7D00BA49BC /* ofxImageEffect.h in Headers */ = {isa = PBXBuildFile; fileRef = D7340C8818697D7D00BA49BC /* ofxImageEffect.h */; };
		D7340C9B18697D7D00BA49BC /* ofxInteract.h in Headers */ = {isa = PBXBuildFile; fileRef = D7340C8918697D7D00BA49BC /* ofxInteract.h */; };
		D7340C9C18697D7D00BA49BC /* ofxKeySyms.h in Headers */ = {isa = PBXBuildFile; fileRef = D7340C8A18697D7D00BA49BC /* ofxKeySyms.h */; };
		D7340C9D18697D7D00BA49BC /* ofxMemory.h in Headers */ = {isa = PBXBuildFile; fileRef = D7340C8B18697D7D00BA49BC /* ofxMemory.h */; };
		D7340C9E18697D7D00BA49BC /* ofxMessage.h in Headers */ = {isa = PBXBuildFile; fileRef = D7340C8C18697D7D00BA49BC /* ofxMessage.h */; };
		D7340C9F18697D7D00BA49BC /* ofxMultiThread.h in Headers */ = {isa = PBXBuildFile; fileRef = D7340C8D18697D7D00BA49BC /* ofxMultiThread.h */; };
		D7340CA018697D7D00BA49BC /* ofxOpenGLRender.h in Headers */ = {isa = PBXBuildFile; fileRef = D7340C8E18697D7D00BA49BC /* ofxOpenGLRender.h */; };
		D7340CA118697D7D00BA49BC /* ofxParam.h in Headers */ = {isa = PBXBuildFile; fileRef = D7340C8F18697D7D00BA49BC /* ofxParam.h */; };
		D7340CA218697D7D00BA49BC /* ofxParametricParam.h in Headers */ = {isa = PBXBuildFile; fileRef = D7340C9018697D7D00BA49BC /* ofxParametricParam.h */; };
		D7340CA318697D7D00BA49BC /* ofxPixels.h in Headers */ = {isa = PBXBuildFile; fileRef = D7340C9118697D7D00BA49BC /* ofxPixels.h */; };
		D7340CA418697D7D00BA49BC /* ofxProgress.h in Headers */ = {isa = PBXBuildFile; fileRef = D7340C9218697D7D00BA49BC /* ofxProgress.h */; };
		D7340CA518697D7D00BA49BC /* ofxProperty.h in Headers */ = {isa = PBXBuildFile; fileRef = D7340C9318697D7D00BA49BC /* ofxProperty.h */; };
		D7340CA618697D7D00BA49BC /* ofxSonyVegas.h in Headers */ = {isa = PBXBuildFile; fileRef = D7340C9418697D7D00BA49BC /* ofxSonyVegas.h */; };
		D7340CA718697D7D00BA49BC /* ofxTimeLine.h in Headers */ = {isa = PBXBuildFile; fileRef = D7340C9518697D7D00BA49BC /* ofxTimeLine.h */; };
		D7340CA918697DBB00BA49BC /* Makefile in Sources */ = {isa = PBXBuildFile; fileRef = D7340CA818697DBB00BA49BC /* Makefile */; };
		D7340CAB18697DDD00BA49BC /* Makefile in Sources */ = {isa = PBXBuildFile; fileRef = D7340CAA18697DDD00BA49BC /* Makefile */; };
		D7340CB01869ADB200BA49BC /* GenericReader.cpp in Sources */ = {isa = PBXBuildFile; fileRef = D7340CAF1869ADB200BA49BC /* GenericReader.cpp */; };
		D770EB6118700668009937BA /* Lut.cpp in Sources */ = {isa = PBXBuildFile; fileRef = D770EB5F1870063D009937BA /* Lut.cpp */; };
		D770EB6218700672009937BA /* Lut.h in Headers */ = {isa = PBXBuildFile; fileRef = D770EB6018700644009937BA /* Lut.h */; };
		D770EB741870A906009937BA /* FfmpegHandler.cpp in Sources */ = {isa = PBXBuildFile; fileRef = D770EB731870A906009937BA /* FfmpegHandler.cpp */; };
		D770EB761870AE2A009937BA /* ffmpegReader.h in Headers */ = {isa = PBXBuildFile; fileRef = D770EB751870AE2A009937BA /* ffmpegReader.h */; };
/* End PBXBuildFile section */

/* Begin PBXContainerItemProxy section */
		D71319881872AEA100115B48 /* PBXContainerItemProxy */ = {
			isa = PBXContainerItemProxy;
			containerPortal = D7BF917518689B0F00DF88B0 /* Project object */;
			proxyType = 1;
			remoteGlobalIDString = D71319701872ADFA00115B48;
			remoteInfo = ffmpegWriter;
		};
		D7340C41186976B400BA49BC /* PBXContainerItemProxy */ = {
			isa = PBXContainerItemProxy;
			containerPortal = D7BF917518689B0F00DF88B0 /* Project object */;
			proxyType = 1;
			remoteGlobalIDString = D7340C2B1869763900BA49BC;
			remoteInfo = ffmpegReader;
		};
/* End PBXContainerItemProxy section */

/* Begin PBXFileReference section */
		D70ED2EE186CA33D007F244A /* FfmpegHandler.h */ = {isa = PBXFileReference; fileEncoding = 4; lastKnownFileType = sourcecode.c.h; path = FfmpegHandler.h; sourceTree = "<group>"; };
		D713196B1872AB4B00115B48 /* GenericWriter.cpp */ = {isa = PBXFileReference; fileEncoding = 4; lastKnownFileType = sourcecode.cpp.cpp; path = GenericWriter.cpp; sourceTree = SOURCE_ROOT; };
		D713196C1872AB5C00115B48 /* GenericWriter.h */ = {isa = PBXFileReference; fileEncoding = 4; lastKnownFileType = sourcecode.c.h; path = GenericWriter.h; sourceTree = "<group>"; };
		D71319711872ADFA00115B48 /* ffmpegWriter.ofx.bundle */ = {isa = PBXFileReference; explicitFileType = wrapper.cfbundle; includeInIndex = 0; path = ffmpegWriter.ofx.bundle; sourceTree = BUILT_PRODUCTS_DIR; };
		D71319841872AE2900115B48 /* ffmpegWriter.cpp */ = {isa = PBXFileReference; fileEncoding = 4; lastKnownFileType = sourcecode.cpp.cpp; name = ffmpegWriter.cpp; path = ffmpegWriter/ffmpegWriter.cpp; sourceTree = SOURCE_ROOT; };
		D71319861872AE7200115B48 /* ffmpegWriter.h */ = {isa = PBXFileReference; fileEncoding = 4; lastKnownFileType = sourcecode.c.h; name = ffmpegWriter.h; path = ffmpegWriter/ffmpegWriter.h; sourceTree = SOURCE_ROOT; };
		D7340C2C1869763900BA49BC /* ffmpegReader.ofx.bundle */ = {isa = PBXFileReference; explicitFileType = wrapper.cfbundle; includeInIndex = 0; path = ffmpegReader.ofx.bundle; sourceTree = BUILT_PRODUCTS_DIR; };
		D7340C2F1869763900BA49BC /* CoreFoundation.framework */ = {isa = PBXFileReference; lastKnownFileType = wrapper.framework; name = CoreFoundation.framework; path = System/Library/Frameworks/CoreFoundation.framework; sourceTree = SDKROOT; };
		D7340C431869775100BA49BC /* ffmpegReader.cpp */ = {isa = PBXFileReference; fileEncoding = 4; lastKnownFileType = sourcecode.cpp.cpp; path = ffmpegReader.cpp; sourceTree = "<group>"; };
		D7340C4A18697C4300BA49BC /* ofxsCore.h */ = {isa = PBXFileReference; fileEncoding = 4; lastKnownFileType = sourcecode.c.h; name = ofxsCore.h; path = openfx/Support/include/ofxsCore.h; sourceTree = "<group>"; };
		D7340C4B18697C4300BA49BC /* ofxsHWNDInteract.h */ = {isa = PBXFileReference; fileEncoding = 4; lastKnownFileType = sourcecode.c.h; name = ofxsHWNDInteract.h; path = openfx/Support/include/ofxsHWNDInteract.h; sourceTree = "<group>"; };
		D7340C4C18697C4300BA49BC /* ofxsImageEffect.h */ = {isa = PBXFileReference; fileEncoding = 4; lastKnownFileType = sourcecode.c.h; name = ofxsImageEffect.h; path = openfx/Support/include/ofxsImageEffect.h; sourceTree = "<group>"; };
		D7340C4D18697C4300BA49BC /* ofxsInteract.h */ = {isa = PBXFileReference; fileEncoding = 4; lastKnownFileType = sourcecode.c.h; name = ofxsInteract.h; path = openfx/Support/include/ofxsInteract.h; sourceTree = "<group>"; };
		D7340C4E18697C4300BA49BC /* ofxsLog.h */ = {isa = PBXFileReference; fileEncoding = 4; lastKnownFileType = sourcecode.c.h; name = ofxsLog.h; path = openfx/Support/include/ofxsLog.h; sourceTree = "<group>"; };
		D7340C4F18697C4300BA49BC /* ofxsMemory.h */ = {isa = PBXFileReference; fileEncoding = 4; lastKnownFileType = sourcecode.c.h; name = ofxsMemory.h; path = openfx/Support/include/ofxsMemory.h; sourceTree = "<group>"; };
		D7340C5018697C4300BA49BC /* ofxsMessage.h */ = {isa = PBXFileReference; fileEncoding = 4; lastKnownFileType = sourcecode.c.h; name = ofxsMessage.h; path = openfx/Support/include/ofxsMessage.h; sourceTree = "<group>"; };
		D7340C5118697C4300BA49BC /* ofxsMultiThread.h */ = {isa = PBXFileReference; fileEncoding = 4; lastKnownFileType = sourcecode.c.h; name = ofxsMultiThread.h; path = openfx/Support/include/ofxsMultiThread.h; sourceTree = "<group>"; };
		D7340C5218697C4300BA49BC /* ofxsParam.h */ = {isa = PBXFileReference; fileEncoding = 4; lastKnownFileType = sourcecode.c.h; name = ofxsParam.h; path = openfx/Support/include/ofxsParam.h; sourceTree = "<group>"; };
		D7340C6018697C6200BA49BC /* ofxsCore.cpp */ = {isa = PBXFileReference; fileEncoding = 4; lastKnownFileType = sourcecode.cpp.cpp; path = ofxsCore.cpp; sourceTree = "<group>"; };
		D7340C6118697C6200BA49BC /* ofxsHWNDInteract.cpp */ = {isa = PBXFileReference; fileEncoding = 4; lastKnownFileType = sourcecode.cpp.cpp; path = ofxsHWNDInteract.cpp; sourceTree = "<group>"; };
		D7340C6218697C6200BA49BC /* ofxsImageEffect.cpp */ = {isa = PBXFileReference; fileEncoding = 4; lastKnownFileType = sourcecode.cpp.cpp; path = ofxsImageEffect.cpp; sourceTree = "<group>"; };
		D7340C6318697C6200BA49BC /* ofxsInteract.cpp */ = {isa = PBXFileReference; fileEncoding = 4; lastKnownFileType = sourcecode.cpp.cpp; path = ofxsInteract.cpp; sourceTree = "<group>"; };
		D7340C6418697C6200BA49BC /* ofxsLog.cpp */ = {isa = PBXFileReference; fileEncoding = 4; lastKnownFileType = sourcecode.cpp.cpp; path = ofxsLog.cpp; sourceTree = "<group>"; };
		D7340C6518697C6200BA49BC /* ofxsMultiThread.cpp */ = {isa = PBXFileReference; fileEncoding = 4; lastKnownFileType = sourcecode.cpp.cpp; path = ofxsMultiThread.cpp; sourceTree = "<group>"; };
		D7340C6618697C6200BA49BC /* ofxsParams.cpp */ = {isa = PBXFileReference; fileEncoding = 4; lastKnownFileType = sourcecode.cpp.cpp; path = ofxsParams.cpp; sourceTree = "<group>"; };
		D7340C6718697C6200BA49BC /* ofxsProperty.cpp */ = {isa = PBXFileReference; fileEncoding = 4; lastKnownFileType = sourcecode.cpp.cpp; path = ofxsProperty.cpp; sourceTree = "<group>"; };
		D7340C6818697C6200BA49BC /* ofxsPropertyValidation.cpp */ = {isa = PBXFileReference; fileEncoding = 4; lastKnownFileType = sourcecode.cpp.cpp; path = ofxsPropertyValidation.cpp; sourceTree = "<group>"; };
		D7340C6918697C6200BA49BC /* ofxsSupportPrivate.h */ = {isa = PBXFileReference; fileEncoding = 4; lastKnownFileType = sourcecode.c.h; path = ofxsSupportPrivate.h; sourceTree = "<group>"; };
		D7340C8218697D7D00BA49BC /* camera.h */ = {isa = PBXFileReference; fileEncoding = 4; lastKnownFileType = sourcecode.c.h; path = camera.h; sourceTree = "<group>"; };
		D7340C8318697D7D00BA49BC /* fnPublicOfxExtensions.h */ = {isa = PBXFileReference; fileEncoding = 4; lastKnownFileType = sourcecode.c.h; path = fnPublicOfxExtensions.h; sourceTree = "<group>"; };
		D7340C8618697D7D00BA49BC /* ofxCore.h */ = {isa = PBXFileReference; fileEncoding = 4; lastKnownFileType = sourcecode.c.h; name = ofxCore.h; path = openfx/include/ofxCore.h; sourceTree = "<group>"; };
		D7340C8718697D7D00BA49BC /* ofxDialog.h */ = {isa = PBXFileReference; fileEncoding = 4; lastKnownFileType = sourcecode.c.h; name = ofxDialog.h; path = openfx/include/ofxDialog.h; sourceTree = "<group>"; };
		D7340C8818697D7D00BA49BC /* ofxImageEffect.h */ = {isa = PBXFileReference; fileEncoding = 4; lastKnownFileType = sourcecode.c.h; name = ofxImageEffect.h; path = openfx/include/ofxImageEffect.h; sourceTree = "<group>"; };
		D7340C8918697D7D00BA49BC /* ofxInteract.h */ = {isa = PBXFileReference; fileEncoding = 4; lastKnownFileType = sourcecode.c.h; name = ofxInteract.h; path = openfx/include/ofxInteract.h; sourceTree = "<group>"; };
		D7340C8A18697D7D00BA49BC /* ofxKeySyms.h */ = {isa = PBXFileReference; fileEncoding = 4; lastKnownFileType = sourcecode.c.h; name = ofxKeySyms.h; path = openfx/include/ofxKeySyms.h; sourceTree = "<group>"; };
		D7340C8B18697D7D00BA49BC /* ofxMemory.h */ = {isa = PBXFileReference; fileEncoding = 4; lastKnownFileType = sourcecode.c.h; name = ofxMemory.h; path = openfx/include/ofxMemory.h; sourceTree = "<group>"; };
		D7340C8C18697D7D00BA49BC /* ofxMessage.h */ = {isa = PBXFileReference; fileEncoding = 4; lastKnownFileType = sourcecode.c.h; name = ofxMessage.h; path = openfx/include/ofxMessage.h; sourceTree = "<group>"; };
		D7340C8D18697D7D00BA49BC /* ofxMultiThread.h */ = {isa = PBXFileReference; fileEncoding = 4; lastKnownFileType = sourcecode.c.h; name = ofxMultiThread.h; path = openfx/include/ofxMultiThread.h; sourceTree = "<group>"; };
		D7340C8E18697D7D00BA49BC /* ofxOpenGLRender.h */ = {isa = PBXFileReference; fileEncoding = 4; lastKnownFileType = sourcecode.c.h; name = ofxOpenGLRender.h; path = openfx/include/ofxOpenGLRender.h; sourceTree = "<group>"; };
		D7340C8F18697D7D00BA49BC /* ofxParam.h */ = {isa = PBXFileReference; fileEncoding = 4; lastKnownFileType = sourcecode.c.h; name = ofxParam.h; path = openfx/include/ofxParam.h; sourceTree = "<group>"; };
		D7340C9018697D7D00BA49BC /* ofxParametricParam.h */ = {isa = PBXFileReference; fileEncoding = 4; lastKnownFileType = sourcecode.c.h; name = ofxParametricParam.h; path = openfx/include/ofxParametricParam.h; sourceTree = "<group>"; };
		D7340C9118697D7D00BA49BC /* ofxPixels.h */ = {isa = PBXFileReference; fileEncoding = 4; lastKnownFileType = sourcecode.c.h; name = ofxPixels.h; path = openfx/include/ofxPixels.h; sourceTree = "<group>"; };
		D7340C9218697D7D00BA49BC /* ofxProgress.h */ = {isa = PBXFileReference; fileEncoding = 4; lastKnownFileType = sourcecode.c.h; name = ofxProgress.h; path = openfx/include/ofxProgress.h; sourceTree = "<group>"; };
		D7340C9318697D7D00BA49BC /* ofxProperty.h */ = {isa = PBXFileReference; fileEncoding = 4; lastKnownFileType = sourcecode.c.h; name = ofxProperty.h; path = openfx/include/ofxProperty.h; sourceTree = "<group>"; };
		D7340C9418697D7D00BA49BC /* ofxSonyVegas.h */ = {isa = PBXFileReference; fileEncoding = 4; lastKnownFileType = sourcecode.c.h; name = ofxSonyVegas.h; path = openfx/include/ofxSonyVegas.h; sourceTree = "<group>"; };
		D7340C9518697D7D00BA49BC /* ofxTimeLine.h */ = {isa = PBXFileReference; fileEncoding = 4; lastKnownFileType = sourcecode.c.h; name = ofxTimeLine.h; path = openfx/include/ofxTimeLine.h; sourceTree = "<group>"; };
		D7340CA818697DBB00BA49BC /* Makefile */ = {isa = PBXFileReference; fileEncoding = 4; lastKnownFileType = sourcecode.make; path = Makefile; sourceTree = "<group>"; };
		D7340CAA18697DDD00BA49BC /* Makefile */ = {isa = PBXFileReference; fileEncoding = 4; lastKnownFileType = sourcecode.make; path = Makefile; sourceTree = SOURCE_ROOT; };
		D7340CAC18697EA700BA49BC /* GenericReader.h */ = {isa = PBXFileReference; fileEncoding = 4; lastKnownFileType = sourcecode.c.h; path = GenericReader.h; sourceTree = "<group>"; };
		D7340CAF1869ADB200BA49BC /* GenericReader.cpp */ = {isa = PBXFileReference; fileEncoding = 4; lastKnownFileType = sourcecode.cpp.cpp; path = GenericReader.cpp; sourceTree = SOURCE_ROOT; };
		D770EB5F1870063D009937BA /* Lut.cpp */ = {isa = PBXFileReference; fileEncoding = 4; lastKnownFileType = sourcecode.cpp.cpp; path = Lut.cpp; sourceTree = SOURCE_ROOT; };
		D770EB6018700644009937BA /* Lut.h */ = {isa = PBXFileReference; fileEncoding = 4; lastKnownFileType = sourcecode.c.h; path = Lut.h; sourceTree = "<group>"; };
		D770EB721870A6C5009937BA /* IOExtensions.h */ = {isa = PBXFileReference; fileEncoding = 4; lastKnownFileType = sourcecode.c.h; path = IOExtensions.h; sourceTree = "<group>"; };
		D770EB731870A906009937BA /* FfmpegHandler.cpp */ = {isa = PBXFileReference; fileEncoding = 4; lastKnownFileType = sourcecode.cpp.cpp; path = FfmpegHandler.cpp; sourceTree = "<group>"; };
		D770EB751870AE2A009937BA /* ffmpegReader.h */ = {isa = PBXFileReference; fileEncoding = 4; lastKnownFileType = sourcecode.c.h; path = ffmpegReader.h; sourceTree = "<group>"; };
/* End PBXFileReference section */

/* Begin PBXFrameworksBuildPhase section */
		D713196E1872ADFA00115B48 /* Frameworks */ = {
			isa = PBXFrameworksBuildPhase;
			buildActionMask = 2147483647;
			files = (
				D71319721872ADFA00115B48 /* CoreFoundation.framework in Frameworks */,
			);
			runOnlyForDeploymentPostprocessing = 0;
		};
		D7340C291869763900BA49BC /* Frameworks */ = {
			isa = PBXFrameworksBuildPhase;
			buildActionMask = 2147483647;
			files = (
				D7340C301869763900BA49BC /* CoreFoundation.framework in Frameworks */,
			);
			runOnlyForDeploymentPostprocessing = 0;
		};
/* End PBXFrameworksBuildPhase section */

/* Begin PBXGroup section */
		D71319831872AE0500115B48 /* ffmpegWriter */ = {
			isa = PBXGroup;
			children = (
				D71319841872AE2900115B48 /* ffmpegWriter.cpp */,
				D71319861872AE7200115B48 /* ffmpegWriter.h */,
			);
			name = ffmpegWriter;
			sourceTree = "<group>";
		};
		D7340C2D1869763900BA49BC /* Products */ = {
			isa = PBXGroup;
			children = (
				D7340C2C1869763900BA49BC /* ffmpegReader.ofx.bundle */,
				D71319711872ADFA00115B48 /* ffmpegWriter.ofx.bundle */,
			);
			name = Products;
			sourceTree = "<group>";
		};
		D7340C2E1869763900BA49BC /* Frameworks */ = {
			isa = PBXGroup;
			children = (
				D7340C2F1869763900BA49BC /* CoreFoundation.framework */,
			);
			name = Frameworks;
			sourceTree = "<group>";
		};
		D7340C311869763900BA49BC /* ffmpegReader */ = {
			isa = PBXGroup;
			children = (
				D7340CA818697DBB00BA49BC /* Makefile */,
				D7340C431869775100BA49BC /* ffmpegReader.cpp */,
				D70ED2EE186CA33D007F244A /* FfmpegHandler.h */,
				D770EB731870A906009937BA /* FfmpegHandler.cpp */,
				D770EB751870AE2A009937BA /* ffmpegReader.h */,
			);
			name = ffmpegReader;
			path = ../../../ffmpegReader;
			sourceTree = "<group>";
		};
		D7340C5D18697C6200BA49BC /* Library */ = {
			isa = PBXGroup;
			children = (
				D7340C6018697C6200BA49BC /* ofxsCore.cpp */,
				D7340C6118697C6200BA49BC /* ofxsHWNDInteract.cpp */,
				D7340C6218697C6200BA49BC /* ofxsImageEffect.cpp */,
				D7340C6318697C6200BA49BC /* ofxsInteract.cpp */,
				D7340C6418697C6200BA49BC /* ofxsLog.cpp */,
				D7340C6518697C6200BA49BC /* ofxsMultiThread.cpp */,
				D7340C6618697C6200BA49BC /* ofxsParams.cpp */,
				D7340C6718697C6200BA49BC /* ofxsProperty.cpp */,
				D7340C6818697C6200BA49BC /* ofxsPropertyValidation.cpp */,
				D7340C6918697C6200BA49BC /* ofxsSupportPrivate.h */,
			);
			name = Library;
			sourceTree = "<group>";
		};
		D7340C7818697C8700BA49BC /* Headers */ = {
			isa = PBXGroup;
			children = (
				D713196C1872AB5C00115B48 /* GenericWriter.h */,
				D7340CAC18697EA700BA49BC /* GenericReader.h */,
				D770EB711870A6C5009937BA /* natron */,
				D770EB6018700644009937BA /* Lut.h */,
				D7340C8118697D7D00BA49BC /* nuke */,
				D7340C8618697D7D00BA49BC /* ofxCore.h */,
				D7340C8718697D7D00BA49BC /* ofxDialog.h */,
				D7340C8818697D7D00BA49BC /* ofxImageEffect.h */,
				D7340C8918697D7D00BA49BC /* ofxInteract.h */,
				D7340C8A18697D7D00BA49BC /* ofxKeySyms.h */,
				D7340C8B18697D7D00BA49BC /* ofxMemory.h */,
				D7340C8C18697D7D00BA49BC /* ofxMessage.h */,
				D7340C8D18697D7D00BA49BC /* ofxMultiThread.h */,
				D7340C8E18697D7D00BA49BC /* ofxOpenGLRender.h */,
				D7340C8F18697D7D00BA49BC /* ofxParam.h */,
				D7340C9018697D7D00BA49BC /* ofxParametricParam.h */,
				D7340C9118697D7D00BA49BC /* ofxPixels.h */,
				D7340C9218697D7D00BA49BC /* ofxProgress.h */,
				D7340C9318697D7D00BA49BC /* ofxProperty.h */,
				D7340C9418697D7D00BA49BC /* ofxSonyVegas.h */,
				D7340C9518697D7D00BA49BC /* ofxTimeLine.h */,
				D7340C4A18697C4300BA49BC /* ofxsCore.h */,
				D7340C4B18697C4300BA49BC /* ofxsHWNDInteract.h */,
				D7340C4C18697C4300BA49BC /* ofxsImageEffect.h */,
				D7340C4D18697C4300BA49BC /* ofxsInteract.h */,
				D7340C4E18697C4300BA49BC /* ofxsLog.h */,
				D7340C4F18697C4300BA49BC /* ofxsMemory.h */,
				D7340C5018697C4300BA49BC /* ofxsMessage.h */,
				D7340C5118697C4300BA49BC /* ofxsMultiThread.h */,
				D7340C5218697C4300BA49BC /* ofxsParam.h */,
			);
			name = Headers;
			sourceTree = "<group>";
		};
		D7340C7B18697D0B00BA49BC /* Sources */ = {
			isa = PBXGroup;
			children = (
				D71319831872AE0500115B48 /* ffmpegWriter */,
				D770EB5F1870063D009937BA /* Lut.cpp */,
				D7340CAA18697DDD00BA49BC /* Makefile */,
				D7340C5D18697C6200BA49BC /* Library */,
				D7340C311869763900BA49BC /* ffmpegReader */,
				D7340CAF1869ADB200BA49BC /* GenericReader.cpp */,
				D713196B1872AB4B00115B48 /* GenericWriter.cpp */,
			);
			name = Sources;
			path = openfx/Support/Library;
			sourceTree = "<group>";
		};
		D7340C8118697D7D00BA49BC /* nuke */ = {
			isa = PBXGroup;
			children = (
				D7340C8218697D7D00BA49BC /* camera.h */,
				D7340C8318697D7D00BA49BC /* fnPublicOfxExtensions.h */,
			);
			name = nuke;
			path = openfx/include/nuke;
			sourceTree = "<group>";
		};
		D770EB711870A6C5009937BA /* natron */ = {
			isa = PBXGroup;
			children = (
				D770EB721870A6C5009937BA /* IOExtensions.h */,
			);
			name = natron;
			path = openfx/include/natron;
			sourceTree = "<group>";
		};
		D7BF917418689B0F00DF88B0 = {
			isa = PBXGroup;
			children = (
				D7340C7B18697D0B00BA49BC /* Sources */,
				D7340C7818697C8700BA49BC /* Headers */,
				D7340C2E1869763900BA49BC /* Frameworks */,
				D7340C2D1869763900BA49BC /* Products */,
			);
			sourceTree = "<group>";
		};
/* End PBXGroup section */

/* Begin PBXHeadersBuildPhase section */
		D713196F1872ADFA00115B48 /* Headers */ = {
			isa = PBXHeadersBuildPhase;
			buildActionMask = 2147483647;
			files = (
				D713198D1872C73100115B48 /* GenericWriter.h in Headers */,
				D713198C1872C72800115B48 /* Lut.h in Headers */,
				D71319871872AE7200115B48 /* ffmpegWriter.h in Headers */,
			);
			runOnlyForDeploymentPostprocessing = 0;
		};
		D7340C2A1869763900BA49BC /* Headers */ = {
			isa = PBXHeadersBuildPhase;
			buildActionMask = 2147483647;
			files = (
				D770EB6218700672009937BA /* Lut.h in Headers */,
				D7340C5A18697C4300BA49BC /* ofxsMessage.h in Headers */,
				D7340C5618697C4300BA49BC /* ofxsImageEffect.h in Headers */,
				D7340C9918697D7D00BA49BC /* ofxDialog.h in Headers */,
				D7340C5B18697C4300BA49BC /* ofxsMultiThread.h in Headers */,
				D7340CA218697D7D00BA49BC /* ofxParametricParam.h in Headers */,
				D7340C9A18697D7D00BA49BC /* ofxImageEffect.h in Headers */,
				D7340C5818697C4300BA49BC /* ofxsLog.h in Headers */,
				D7340C7718697C6200BA49BC /* ofxsSupportPrivate.h in Headers */,
				D7340C9818697D7D00BA49BC /* ofxCore.h in Headers */,
				D7340C5418697C4300BA49BC /* ofxsCore.h in Headers */,
				D770EB761870AE2A009937BA /* ffmpegReader.h in Headers */,
				D7340CA618697D7D00BA49BC /* ofxSonyVegas.h in Headers */,
				D7340C9618697D7D00BA49BC /* camera.h in Headers */,
				D7340CA318697D7D00BA49BC /* ofxPixels.h in Headers */,
				D7340C9B18697D7D00BA49BC /* ofxInteract.h in Headers */,
				D7340C5718697C4300BA49BC /* ofxsInteract.h in Headers */,
				D7340C5518697C4300BA49BC /* ofxsHWNDInteract.h in Headers */,
				D7340C9E18697D7D00BA49BC /* ofxMessage.h in Headers */,
				D70ED2F0186CA33D007F244A /* FfmpegHandler.h in Headers */,
				D7340CA118697D7D00BA49BC /* ofxParam.h in Headers */,
				D7340C9C18697D7D00BA49BC /* ofxKeySyms.h in Headers */,
				D7340C9718697D7D00BA49BC /* fnPublicOfxExtensions.h in Headers */,
				D7340C9D18697D7D00BA49BC /* ofxMemory.h in Headers */,
				D7340C5918697C4300BA49BC /* ofxsMemory.h in Headers */,
				D7340CA018697D7D00BA49BC /* ofxOpenGLRender.h in Headers */,
				D7340CA718697D7D00BA49BC /* ofxTimeLine.h in Headers */,
				D7340C9F18697D7D00BA49BC /* ofxMultiThread.h in Headers */,
				D7340C5C18697C4300BA49BC /* ofxsParam.h in Headers */,
				D7340CA418697D7D00BA49BC /* ofxProgress.h in Headers */,
				D7340CA518697D7D00BA49BC /* ofxProperty.h in Headers */,
			);
			runOnlyForDeploymentPostprocessing = 0;
		};
/* End PBXHeadersBuildPhase section */

/* Begin PBXNativeTarget section */
		D71319701872ADFA00115B48 /* ffmpegWriter */ = {
			isa = PBXNativeTarget;
			buildConfigurationList = D71319801872ADFA00115B48 /* Build configuration list for PBXNativeTarget "ffmpegWriter" */;
			buildPhases = (
				D713196D1872ADFA00115B48 /* Sources */,
				D713196E1872ADFA00115B48 /* Frameworks */,
				D713196F1872ADFA00115B48 /* Headers */,
			);
			buildRules = (
			);
			dependencies = (
			);
			name = ffmpegWriter;
			productName = ffmpegWriter;
			productReference = D71319711872ADFA00115B48 /* ffmpegWriter.ofx.bundle */;
			productType = "com.apple.product-type.bundle";
		};
		D7340C2B1869763900BA49BC /* ffmpegReader */ = {
			isa = PBXNativeTarget;
			buildConfigurationList = D7340C401869763900BA49BC /* Build configuration list for PBXNativeTarget "ffmpegReader" */;
			buildPhases = (
				D7340C281869763900BA49BC /* Sources */,
				D7340C291869763900BA49BC /* Frameworks */,
				D7340C2A1869763900BA49BC /* Headers */,
			);
			buildRules = (
			);
			dependencies = (
			);
			name = ffmpegReader;
			productName = ffmpegReader;
			productReference = D7340C2C1869763900BA49BC /* ffmpegReader.ofx.bundle */;
			productType = "com.apple.product-type.bundle";
		};
/* End PBXNativeTarget section */

/* Begin PBXProject section */
		D7BF917518689B0F00DF88B0 /* Project object */ = {
			isa = PBXProject;
			attributes = {
				LastUpgradeCheck = 0500;
			};
			buildConfigurationList = D7BF917818689B0F00DF88B0 /* Build configuration list for PBXProject "Io" */;
			compatibilityVersion = "Xcode 3.2";
			developmentRegion = English;
			hasScannedForEncodings = 0;
			knownRegions = (
				en,
			);
			mainGroup = D7BF917418689B0F00DF88B0;
			productRefGroup = D7340C2D1869763900BA49BC /* Products */;
			projectDirPath = "";
			projectRoot = "";
			targets = (
				D7BF918518689F7500DF88B0 /* All */,
				D7340C2B1869763900BA49BC /* ffmpegReader */,
				D71319701872ADFA00115B48 /* ffmpegWriter */,
			);
		};
/* End PBXProject section */

/* Begin PBXSourcesBuildPhase section */
		D713196D1872ADFA00115B48 /* Sources */ = {
			isa = PBXSourcesBuildPhase;
			buildActionMask = 2147483647;
			files = (
				D713198E1872ECAF00115B48 /* ofxsCore.cpp in Sources */,
				D713198F1872ECAF00115B48 /* ofxsHWNDInteract.cpp in Sources */,
				D71319901872ECAF00115B48 /* ofxsImageEffect.cpp in Sources */,
				D71319911872ECAF00115B48 /* ofxsInteract.cpp in Sources */,
				D71319921872ECAF00115B48 /* ofxsLog.cpp in Sources */,
				D71319931872ECAF00115B48 /* ofxsMultiThread.cpp in Sources */,
				D71319941872ECAF00115B48 /* ofxsParams.cpp in Sources */,
				D71319951872ECAF00115B48 /* ofxsProperty.cpp in Sources */,
				D71319961872ECAF00115B48 /* ofxsPropertyValidation.cpp in Sources */,
				D713198B1872C71E00115B48 /* GenericWriter.cpp in Sources */,
				D713198A1872C71900115B48 /* Lut.cpp in Sources */,
				D71319851872AE2900115B48 /* ffmpegWriter.cpp in Sources */,
			);
			runOnlyForDeploymentPostprocessing = 0;
		};
		D7340C281869763900BA49BC /* Sources */ = {
			isa = PBXSourcesBuildPhase;
			buildActionMask = 2147483647;
			files = (
				D770EB741870A906009937BA /* FfmpegHandler.cpp in Sources */,
				D770EB6118700668009937BA /* Lut.cpp in Sources */,
				D7340C6F18697C6200BA49BC /* ofxsHWNDInteract.cpp in Sources */,
				D7340C7418697C6200BA49BC /* ofxsParams.cpp in Sources */,
				D7340C6E18697C6200BA49BC /* ofxsCore.cpp in Sources */,
				D7340CA918697DBB00BA49BC /* Makefile in Sources */,
				D7340C7518697C6200BA49BC /* ofxsProperty.cpp in Sources */,
				D7340CB01869ADB200BA49BC /* GenericReader.cpp in Sources */,
				D7340C7118697C6200BA49BC /* ofxsInteract.cpp in Sources */,
				D7340CAB18697DDD00BA49BC /* Makefile in Sources */,
				D7340C7218697C6200BA49BC /* ofxsLog.cpp in Sources */,
				D7340C7018697C6200BA49BC /* ofxsImageEffect.cpp in Sources */,
				D7340C441869775100BA49BC /* ffmpegReader.cpp in Sources */,
				D7340C7618697C6200BA49BC /* ofxsPropertyValidation.cpp in Sources */,
				D7340C7318697C6200BA49BC /* ofxsMultiThread.cpp in Sources */,
			);
			runOnlyForDeploymentPostprocessing = 0;
		};
/* End PBXSourcesBuildPhase section */

/* Begin PBXTargetDependency section */
		D71319891872AEA100115B48 /* PBXTargetDependency */ = {
			isa = PBXTargetDependency;
			target = D71319701872ADFA00115B48 /* ffmpegWriter */;
			targetProxy = D71319881872AEA100115B48 /* PBXContainerItemProxy */;
		};
		D7340C42186976B400BA49BC /* PBXTargetDependency */ = {
			isa = PBXTargetDependency;
			target = D7340C2B1869763900BA49BC /* ffmpegReader */;
			targetProxy = D7340C41186976B400BA49BC /* PBXContainerItemProxy */;
		};
/* End PBXTargetDependency section */

/* Begin XCBuildConfiguration section */
		D71319811872ADFA00115B48 /* Debug */ = {
			isa = XCBuildConfiguration;
			buildSettings = {
				CLANG_CXX_LANGUAGE_STANDARD = "gnu++0x";
				CLANG_CXX_LIBRARY = "libc++";
				CLANG_ENABLE_OBJC_ARC = YES;
				CLANG_WARN_BOOL_CONVERSION = YES;
				CLANG_WARN_CONSTANT_CONVERSION = YES;
				CLANG_WARN_DIRECT_OBJC_ISA_USAGE = YES_ERROR;
				CLANG_WARN_EMPTY_BODY = YES;
				CLANG_WARN_ENUM_CONVERSION = YES;
				CLANG_WARN_INT_CONVERSION = YES;
				CLANG_WARN_OBJC_ROOT_CLASS = YES_ERROR;
				CLANG_WARN__DUPLICATE_METHOD_MATCH = YES;
				COMBINE_HIDPI_IMAGES = YES;
				COPY_PHASE_STRIP = NO;
				FFMPEG_PATH = /opt/local;
				GCC_C_LANGUAGE_STANDARD = gnu99;
				GCC_DYNAMIC_NO_PIC = NO;
				GCC_ENABLE_OBJC_EXCEPTIONS = YES;
				GCC_OPTIMIZATION_LEVEL = 0;
				GCC_PRECOMPILE_PREFIX_HEADER = YES;
				GCC_PREFIX_HEADER = "";
				GCC_PREPROCESSOR_DEFINITIONS = (
					"DEBUG=1",
					"$(inherited)",
				);
				GCC_SYMBOLS_PRIVATE_EXTERN = NO;
				GCC_WARN_64_TO_32_BIT_CONVERSION = YES;
				GCC_WARN_ABOUT_RETURN_TYPE = YES_ERROR;
				GCC_WARN_UNDECLARED_SELECTOR = YES;
				GCC_WARN_UNINITIALIZED_AUTOS = YES;
				GCC_WARN_UNUSED_FUNCTION = YES;
				GCC_WARN_UNUSED_VARIABLE = YES;
				HEADER_SEARCH_PATHS = (
					"$(inherited)",
					/Applications/Xcode.app/Contents/Developer/Toolchains/XcodeDefault.xctoolchain/usr/include,
					"$(OFX_PATH)/include",
					"$(OFX_PATH)/Support/Plugins/include",
					"$(OFX_PATH)/Support/include",
					"$(OFX_PATH)",
					"$(FFMPEG_PATH)/include",
				);
				INFOPLIST_FILE = ffmpegWriter/Info.plist;
				MACOSX_DEPLOYMENT_TARGET = 10.8;
				OTHER_LDFLAGS = (
					"-L$FFMPEG_PATH/lib",
					"-lavcodec",
					"-lavformat",
					"-lswscale",
					"-lavutil",
				);
				PRODUCT_NAME = "$(TARGET_NAME).ofx";
				SDKROOT = macosx;
			};
			name = Debug;
		};
		D71319821872ADFA00115B48 /* Release */ = {
			isa = XCBuildConfiguration;
			buildSettings = {
				CLANG_CXX_LANGUAGE_STANDARD = "gnu++0x";
				CLANG_CXX_LIBRARY = "libc++";
				CLANG_ENABLE_OBJC_ARC = YES;
				CLANG_WARN_BOOL_CONVERSION = YES;
				CLANG_WARN_CONSTANT_CONVERSION = YES;
				CLANG_WARN_DIRECT_OBJC_ISA_USAGE = YES_ERROR;
				CLANG_WARN_EMPTY_BODY = YES;
				CLANG_WARN_ENUM_CONVERSION = YES;
				CLANG_WARN_INT_CONVERSION = YES;
				CLANG_WARN_OBJC_ROOT_CLASS = YES_ERROR;
				CLANG_WARN__DUPLICATE_METHOD_MATCH = YES;
				COMBINE_HIDPI_IMAGES = YES;
				COPY_PHASE_STRIP = YES;
				DEBUG_INFORMATION_FORMAT = "dwarf-with-dsym";
				ENABLE_NS_ASSERTIONS = NO;
				FFMPEG_PATH = /opt/local;
				GCC_C_LANGUAGE_STANDARD = gnu99;
				GCC_ENABLE_OBJC_EXCEPTIONS = YES;
				GCC_PRECOMPILE_PREFIX_HEADER = YES;
				GCC_PREFIX_HEADER = "";
				GCC_WARN_64_TO_32_BIT_CONVERSION = YES;
				GCC_WARN_ABOUT_RETURN_TYPE = YES_ERROR;
				GCC_WARN_UNDECLARED_SELECTOR = YES;
				GCC_WARN_UNINITIALIZED_AUTOS = YES;
				GCC_WARN_UNUSED_FUNCTION = YES;
				GCC_WARN_UNUSED_VARIABLE = YES;
				HEADER_SEARCH_PATHS = (
					"$(inherited)",
					/Applications/Xcode.app/Contents/Developer/Toolchains/XcodeDefault.xctoolchain/usr/include,
					"$(OFX_PATH)/include",
					"$(OFX_PATH)/Support/Plugins/include",
					"$(OFX_PATH)/Support/include",
					"$(OFX_PATH)",
					"$(FFMPEG_PATH)/include",
				);
				INFOPLIST_FILE = ffmpegWriter/Info.plist;
				MACOSX_DEPLOYMENT_TARGET = 10.8;
				OTHER_LDFLAGS = (
					"-L$FFMPEG_PATH/lib",
					"-lavcodec",
					"-lavformat",
					"-lswscale",
					"-lavutil",
				);
				PRODUCT_NAME = "$(TARGET_NAME).ofx";
				SDKROOT = macosx;
			};
			name = Release;
		};
		D7340C3E1869763900BA49BC /* Debug */ = {
			isa = XCBuildConfiguration;
			buildSettings = {
				CLANG_CXX_LANGUAGE_STANDARD = "compiler-default";
				CLANG_CXX_LIBRARY = "compiler-default";
				CLANG_ENABLE_OBJC_ARC = YES;
				CLANG_WARN_BOOL_CONVERSION = YES;
				CLANG_WARN_CONSTANT_CONVERSION = YES;
				CLANG_WARN_DIRECT_OBJC_ISA_USAGE = YES_ERROR;
				CLANG_WARN_EMPTY_BODY = YES;
				CLANG_WARN_ENUM_CONVERSION = YES;
				CLANG_WARN_INT_CONVERSION = YES;
				CLANG_WARN_OBJC_ROOT_CLASS = YES_ERROR;
				CLANG_WARN__DUPLICATE_METHOD_MATCH = YES;
				COMBINE_HIDPI_IMAGES = YES;
				COPY_PHASE_STRIP = NO;
				FFMPEG_PATH = /opt/local;
				GCC_C_LANGUAGE_STANDARD = "compiler-default";
				GCC_DYNAMIC_NO_PIC = NO;
				GCC_ENABLE_OBJC_EXCEPTIONS = YES;
				GCC_OPTIMIZATION_LEVEL = 0;
				GCC_PRECOMPILE_PREFIX_HEADER = NO;
				GCC_PREFIX_HEADER = "";
				GCC_PREPROCESSOR_DEFINITIONS = (
					"DEBUG=1",
					"$(inherited)",
				);
				GCC_SYMBOLS_PRIVATE_EXTERN = NO;
				GCC_WARN_64_TO_32_BIT_CONVERSION = YES;
				GCC_WARN_ABOUT_RETURN_TYPE = YES_ERROR;
				GCC_WARN_UNDECLARED_SELECTOR = YES;
				GCC_WARN_UNINITIALIZED_AUTOS = YES;
				GCC_WARN_UNUSED_FUNCTION = YES;
				GCC_WARN_UNUSED_VARIABLE = YES;
				HEADER_SEARCH_PATHS = (
					"$(inherited)",
					/Applications/Xcode.app/Contents/Developer/Toolchains/XcodeDefault.xctoolchain/usr/include,
					"$(OFX_PATH)/include",
					"$(OFX_PATH)/Support/Plugins/include",
					"$(OFX_PATH)/Support/include",
					"$(OFX_PATH)",
					"$(FFMPEG_PATH)/include",
				);
				INFOPLIST_FILE = ffmpegReader/Info.plist;
				LIBRARY_SEARCH_PATHS = "$(FFMPEG_PATH)/lib";
				MACOSX_DEPLOYMENT_TARGET = 10.8;
				OTHER_LDFLAGS = (
					"-L$FFMPEG_PATH/lib",
					"-lavcodec",
					"-lavformat",
					"-lswscale",
					"-lavutil",
				);
				PRODUCT_NAME = "$(TARGET_NAME).ofx";
				SDKROOT = macosx;
			};
			name = Debug;
		};
		D7340C3F1869763900BA49BC /* Release */ = {
			isa = XCBuildConfiguration;
			buildSettings = {
				CLANG_CXX_LANGUAGE_STANDARD = "compiler-default";
				CLANG_CXX_LIBRARY = "compiler-default";
				CLANG_ENABLE_OBJC_ARC = YES;
				CLANG_WARN_BOOL_CONVERSION = YES;
				CLANG_WARN_CONSTANT_CONVERSION = YES;
				CLANG_WARN_DIRECT_OBJC_ISA_USAGE = YES_ERROR;
				CLANG_WARN_EMPTY_BODY = YES;
				CLANG_WARN_ENUM_CONVERSION = YES;
				CLANG_WARN_INT_CONVERSION = YES;
				CLANG_WARN_OBJC_ROOT_CLASS = YES_ERROR;
				CLANG_WARN__DUPLICATE_METHOD_MATCH = YES;
				COMBINE_HIDPI_IMAGES = YES;
				COPY_PHASE_STRIP = YES;
				DEBUG_INFORMATION_FORMAT = "dwarf-with-dsym";
				ENABLE_NS_ASSERTIONS = NO;
				FFMPEG_PATH = /opt/local;
				GCC_C_LANGUAGE_STANDARD = "compiler-default";
				GCC_ENABLE_OBJC_EXCEPTIONS = YES;
				GCC_PRECOMPILE_PREFIX_HEADER = NO;
				GCC_PREFIX_HEADER = "";
				GCC_WARN_64_TO_32_BIT_CONVERSION = YES;
				GCC_WARN_ABOUT_RETURN_TYPE = YES_ERROR;
				GCC_WARN_UNDECLARED_SELECTOR = YES;
				GCC_WARN_UNINITIALIZED_AUTOS = YES;
				GCC_WARN_UNUSED_FUNCTION = YES;
				GCC_WARN_UNUSED_VARIABLE = YES;
				HEADER_SEARCH_PATHS = (
					"$(inherited)",
					/Applications/Xcode.app/Contents/Developer/Toolchains/XcodeDefault.xctoolchain/usr/include,
					"$(OFX_PATH)/include",
					"$(OFX_PATH)/Support/Plugins/include",
					"$(OFX_PATH)/Support/include",
					"$(OFX_PATH)",
					"$(FFMPEG_PATH)/include",
				);
				INFOPLIST_FILE = ffmpegReader/Info.plist;
				LIBRARY_SEARCH_PATHS = "$(FFMPEG_PATH)/lib";
				MACOSX_DEPLOYMENT_TARGET = 10.8;
				OTHER_LDFLAGS = (
					"-L$FFMPEG_PATH/lib",
					"-lavcodec",
					"-lavformat",
					"-lswscale",
					"-lavutil",
				);
				PRODUCT_NAME = "$(TARGET_NAME).ofx";
				SDKROOT = macosx;
			};
			name = Release;
		};
		D7BF917918689B0F00DF88B0 /* Debug */ = {
			isa = XCBuildConfiguration;
			buildSettings = {
				ALWAYS_SEARCH_USER_PATHS = NO;
				ARCHS = "$(ARCHS_STANDARD_32_64_BIT)";
				DSTROOT = "$(LOCAL_LIBRARY_DIR)/OFX/Plugins/$(PROJECT_NAME)";
				EXPORTED_SYMBOLS_FILE = "$(OFX_PATH)/Support/include/osxSymbols";
				GCC_PREPROCESSOR_DEFINITIONS = (
					OFX_EXTENSIONS_TUTTLE,
					OFX_EXTENSIONS_NUKE,
					OFX_EXTENSIONS_VEGAS,
					OFX_EXTENSIONS_NATRON,
				);
				HEADER_SEARCH_PATHS = (
					"$(inherited)",
					/Applications/Xcode.app/Contents/Developer/Toolchains/XcodeDefault.xctoolchain/usr/include,
					"$(OFX_PATH)/include",
					"$(OFX_PATH)/Support/Plugins/include",
					"$(OFX_PATH)/Support/include",
					"$(OFX_PATH)",
				);
				MACH_O_TYPE = mh_bundle;
				OFX_PATH = openfx;
				ONLY_ACTIVE_ARCH = YES;
			};
			name = Debug;
		};
		D7BF917A18689B0F00DF88B0 /* Release */ = {
			isa = XCBuildConfiguration;
			buildSettings = {
				ALWAYS_SEARCH_USER_PATHS = NO;
				ARCHS = "$(ARCHS_STANDARD_32_64_BIT)";
				DSTROOT = "$(LOCAL_LIBRARY_DIR)/OFX/Plugins/$(PROJECT_NAME)";
				EXPORTED_SYMBOLS_FILE = "$(OFX_PATH)/Support/include/osxSymbols";
				HEADER_SEARCH_PATHS = (
					"$(inherited)",
					/Applications/Xcode.app/Contents/Developer/Toolchains/XcodeDefault.xctoolchain/usr/include,
					"$(OFX_PATH)/include",
					"$(OFX_PATH)/Support/Plugins/include",
					"$(OFX_PATH)/Support/include",
					"$(OFX_PATH)",
				);
				MACH_O_TYPE = mh_bundle;
				OFX_PATH = openfx;
			};
			name = Release;
		};
		D7BF918718689F7500DF88B0 /* Debug */ = {
			isa = XCBuildConfiguration;
			buildSettings = {
				PRODUCT_NAME = "$(TARGET_NAME)";
			};
			name = Debug;
		};
		D7BF918818689F7500DF88B0 /* Release */ = {
			isa = XCBuildConfiguration;
			buildSettings = {
				PRODUCT_NAME = "$(TARGET_NAME)";
			};
			name = Release;
		};
/* End XCBuildConfiguration section */

/* Begin XCConfigurationList section */
		D71319801872ADFA00115B48 /* Build configuration list for PBXNativeTarget "ffmpegWriter" */ = {
			isa = XCConfigurationList;
			buildConfigurations = (
				D71319811872ADFA00115B48 /* Debug */,
				D71319821872ADFA00115B48 /* Release */,
			);
			defaultConfigurationIsVisible = 0;
		};
		D7340C401869763900BA49BC /* Build configuration list for PBXNativeTarget "ffmpegReader" */ = {
			isa = XCConfigurationList;
			buildConfigurations = (
				D7340C3E1869763900BA49BC /* Debug */,
				D7340C3F1869763900BA49BC /* Release */,
			);
			defaultConfigurationIsVisible = 0;
			defaultConfigurationName = Release;
		};
		D7BF917818689B0F00DF88B0 /* Build configuration list for PBXProject "Io" */ = {
			isa = XCConfigurationList;
			buildConfigurations = (
				D7BF917918689B0F00DF88B0 /* Debug */,
				D7BF917A18689B0F00DF88B0 /* Release */,
			);
			defaultConfigurationIsVisible = 0;
			defaultConfigurationName = Release;
		};
		D7BF918618689F7500DF88B0 /* Build configuration list for PBXAggregateTarget "All" */ = {
			isa = XCConfigurationList;
			buildConfigurations = (
				D7BF918718689F7500DF88B0 /* Debug */,
				D7BF918818689F7500DF88B0 /* Release */,
			);
			defaultConfigurationIsVisible = 0;
			defaultConfigurationName = Release;
		};
/* End XCConfigurationList section */
	};
	rootObject = D7BF917518689B0F00DF88B0 /* Project object */;
}
